// !$*UTF8*$!
{
	archiveVersion = 1;
	classes = {
	};
	objectVersion = 46;
	objects = {

/* Begin PBXBuildFile section */
		1D60589B0D05DD56006BFB54 /* main.m in Sources */ = {isa = PBXBuildFile; fileRef = 29B97316FDCFA39411CA2CEA /* main.m */; };
		1D60589F0D05DD5A006BFB54 /* Foundation.framework in Frameworks */ = {isa = PBXBuildFile; fileRef = 1D30AB110D05D00D00671497 /* Foundation.framework */; };
		1DF5F4E00D08C38300B7A737 /* UIKit.framework in Frameworks */ = {isa = PBXBuildFile; fileRef = 1DF5F4DF0D08C38300B7A737 /* UIKit.framework */; };
		288765080DF74369002DB57D /* CoreGraphics.framework in Frameworks */ = {isa = PBXBuildFile; fileRef = 288765070DF74369002DB57D /* CoreGraphics.framework */; };
		48EE8C3F158B719E00C5345E /* CFNetwork.framework in Frameworks */ = {isa = PBXBuildFile; fileRef = 48EE8C3E158B719D00C5345E /* CFNetwork.framework */; };
		48EE8C41158B721200C5345E /* SystemConfiguration.framework in Frameworks */ = {isa = PBXBuildFile; fileRef = 48EE8C40158B721100C5345E /* SystemConfiguration.framework */; };
		48EE8C43158B725000C5345E /* libz.dylib in Frameworks */ = {isa = PBXBuildFile; fileRef = 48EE8C42158B724F00C5345E /* libz.dylib */; };
		48EE8C45158B725B00C5345E /* MobileCoreServices.framework in Frameworks */ = {isa = PBXBuildFile; fileRef = 48EE8C44158B725A00C5345E /* MobileCoreServices.framework */; };
		4D186E6A1393CCA900CDA3DB /* QuartzCore.framework in Frameworks */ = {isa = PBXBuildFile; fileRef = 4D186E691393CCA800CDA3DB /* QuartzCore.framework */; };
		4D1ED38D139CBB7600BB1D47 /* AudioToolbox.framework in Frameworks */ = {isa = PBXBuildFile; fileRef = 4D1ED38C139CBB7600BB1D47 /* AudioToolbox.framework */; };
		4D30E8411396CBAB007E9D0B /* AVFoundation.framework in Frameworks */ = {isa = PBXBuildFile; fileRef = 4D30E8401396CBA9007E9D0B /* AVFoundation.framework */; };
		4D587128138C13A700B0A0BC /* MapKit.framework in Frameworks */ = {isa = PBXBuildFile; fileRef = 4D587127138C13A700B0A0BC /* MapKit.framework */; };
		6FD6DCBF1C5A69F300AC088C /* FestDataManager.m in Sources */ = {isa = PBXBuildFile; fileRef = 88C00E181988047500AF869A /* FestDataManager.m */; };
		6FD6DCC21C5A6B4800AC088C /* AFNetworking.framework in Frameworks */ = {isa = PBXBuildFile; fileRef = 6FD6DCC01C5A6B2C00AC088C /* AFNetworking.framework */; };
		7449289318F8595C00924012 /* Foundation.framework in Frameworks */ = {isa = PBXBuildFile; fileRef = 1D30AB110D05D00D00671497 /* Foundation.framework */; };
		7449289418F8595C00924012 /* UIKit.framework in Frameworks */ = {isa = PBXBuildFile; fileRef = 1DF5F4DF0D08C38300B7A737 /* UIKit.framework */; };
		7449289A18F8595D00924012 /* InfoPlist.strings in Resources */ = {isa = PBXBuildFile; fileRef = 7449289818F8595D00924012 /* InfoPlist.strings */; };
		7449289C18F8595D00924012 /* FestApp_Tests.m in Sources */ = {isa = PBXBuildFile; fileRef = 7449289B18F8595D00924012 /* FestApp_Tests.m */; };
		88A78C8719890CB7005F4D70 /* info in Resources */ = {isa = PBXBuildFile; fileRef = 88A78C8619890CB7005F4D70 /* info */; };
		88A78C8F19891660005F4D70 /* map.jpg in Resources */ = {isa = PBXBuildFile; fileRef = 88A78C8E19891660005F4D70 /* map.jpg */; };
		88B472471AF0D2600059CC8A /* ReactiveCocoa.framework in Frameworks */ = {isa = PBXBuildFile; fileRef = 88B472011AF0CA350059CC8A /* ReactiveCocoa.framework */; };
		88C00DE91988046900AF869A /* festival in Resources */ = {isa = PBXBuildFile; fileRef = 88C00DCE1988046900AF869A /* festival */; };
		88C00DEA1988046900AF869A /* gigs in Resources */ = {isa = PBXBuildFile; fileRef = 88C00DCF1988046900AF869A /* gigs */; };
		88C00DEB1988046900AF869A /* news in Resources */ = {isa = PBXBuildFile; fileRef = 88C00DD01988046900AF869A /* news */; };
		88C00DEC1988046900AF869A /* icon1024.png in Resources */ = {isa = PBXBuildFile; fileRef = 88C00DD21988046900AF869A /* icon1024.png */; };
		88C00DED1988046900AF869A /* icon120.png in Resources */ = {isa = PBXBuildFile; fileRef = 88C00DD31988046900AF869A /* icon120.png */; };
		88C00DEE1988046900AF869A /* icon58.png in Resources */ = {isa = PBXBuildFile; fileRef = 88C00DD41988046900AF869A /* icon58.png */; };
		88C00DEF1988046900AF869A /* icon80.png in Resources */ = {isa = PBXBuildFile; fileRef = 88C00DD51988046900AF869A /* icon80.png */; };
		88C00DF01988046900AF869A /* background@2x.png in Resources */ = {isa = PBXBuildFile; fileRef = 88C00DD71988046900AF869A /* background@2x.png */; };
		88C00DF11988046900AF869A /* daychooser-selected@2x.png in Resources */ = {isa = PBXBuildFile; fileRef = 88C00DD81988046900AF869A /* daychooser-selected@2x.png */; };
		88C00DF21988046900AF869A /* daychooser@2x.png in Resources */ = {isa = PBXBuildFile; fileRef = 88C00DD91988046900AF869A /* daychooser@2x.png */; };
		88C00DF41988046900AF869A /* frontpage-button-info@2x.png in Resources */ = {isa = PBXBuildFile; fileRef = 88C00DDB1988046900AF869A /* frontpage-button-info@2x.png */; };
		88C00DF51988046900AF869A /* frontpage-button-lc@2x.png in Resources */ = {isa = PBXBuildFile; fileRef = 88C00DDC1988046900AF869A /* frontpage-button-lc@2x.png */; };
		88C00DF61988046900AF869A /* frontpage-button-map@2x.png in Resources */ = {isa = PBXBuildFile; fileRef = 88C00DDD1988046900AF869A /* frontpage-button-map@2x.png */; };
		88C00DF71988046900AF869A /* frontpage-label-news@2x.png in Resources */ = {isa = PBXBuildFile; fileRef = 88C00DDE1988046900AF869A /* frontpage-label-news@2x.png */; };
		88C00DF91988046900AF869A /* launch-h548@2x.png in Resources */ = {isa = PBXBuildFile; fileRef = 88C00DE01988046900AF869A /* launch-h548@2x.png */; };
		88C00DFA1988046900AF869A /* navigation-bar@2x.png in Resources */ = {isa = PBXBuildFile; fileRef = 88C00DE11988046900AF869A /* navigation-bar@2x.png */; };
		88C00DFB1988046900AF869A /* schedule-bg@2x.png in Resources */ = {isa = PBXBuildFile; fileRef = 88C00DE21988046900AF869A /* schedule-bg@2x.png */; };
		88C00DFC1988046900AF869A /* schedule-hoursep@2x.png in Resources */ = {isa = PBXBuildFile; fileRef = 88C00DE31988046900AF869A /* schedule-hoursep@2x.png */; };
		88C00DFD1988046900AF869A /* schedule-stages@2x.png in Resources */ = {isa = PBXBuildFile; fileRef = 88C00DE41988046900AF869A /* schedule-stages@2x.png */; };
		88C00DFE1988046900AF869A /* star-selected-yellow@2x.png in Resources */ = {isa = PBXBuildFile; fileRef = 88C00DE51988046900AF869A /* star-selected-yellow@2x.png */; };
		88C00DFF1988046900AF869A /* star-selected@2x.png in Resources */ = {isa = PBXBuildFile; fileRef = 88C00DE61988046900AF869A /* star-selected@2x.png */; };
		88C00E001988046900AF869A /* star@2x.png in Resources */ = {isa = PBXBuildFile; fileRef = 88C00DE71988046900AF869A /* star@2x.png */; };
		88C00E011988046900AF869A /* wikipedia@2x.png in Resources */ = {isa = PBXBuildFile; fileRef = 88C00DE81988046900AF869A /* wikipedia@2x.png */; };
		88C00E541988047600AF869A /* Gig.m in Sources */ = {isa = PBXBuildFile; fileRef = 88C00E031988047500AF869A /* Gig.m */; };
		88C00E571988047600AF869A /* DayChooser.m in Sources */ = {isa = PBXBuildFile; fileRef = 88C00E091988047500AF869A /* DayChooser.m */; };
		88C00E591988047600AF869A /* FestAppDelegate.m in Sources */ = {isa = PBXBuildFile; fileRef = 88C00E0D1988047500AF869A /* FestAppDelegate.m */; };
		88C00E5A1988047600AF869A /* FestArtistCell.m in Sources */ = {isa = PBXBuildFile; fileRef = 88C00E0F1988047500AF869A /* FestArtistCell.m */; };
		88C00E5B1988047600AF869A /* FestArtistCell.xib in Resources */ = {isa = PBXBuildFile; fileRef = 88C00E101988047500AF869A /* FestArtistCell.xib */; };
		88C00E5C1988047600AF869A /* FestArtistsViewController.m in Sources */ = {isa = PBXBuildFile; fileRef = 88C00E121988047500AF869A /* FestArtistsViewController.m */; };
		88C00E5D1988047600AF869A /* FestArtistsViewController.xib in Resources */ = {isa = PBXBuildFile; fileRef = 88C00E131988047500AF869A /* FestArtistsViewController.xib */; };
		88C00E5E1988047600AF869A /* FestArtistViewController.m in Sources */ = {isa = PBXBuildFile; fileRef = 88C00E151988047500AF869A /* FestArtistViewController.m */; };
		88C00E5F1988047600AF869A /* FestArtistViewController.xib in Resources */ = {isa = PBXBuildFile; fileRef = 88C00E161988047500AF869A /* FestArtistViewController.xib */; };
		88C00E611988047600AF869A /* FestFavouritesManager.m in Sources */ = {isa = PBXBuildFile; fileRef = 88C00E1A1988047500AF869A /* FestFavouritesManager.m */; };
		88C00E621988047600AF869A /* FestInfoViewController.m in Sources */ = {isa = PBXBuildFile; fileRef = 88C00E1C1988047500AF869A /* FestInfoViewController.m */; };
		88C00E631988047600AF869A /* FestInfoViewController.xib in Resources */ = {isa = PBXBuildFile; fileRef = 88C00E1D1988047500AF869A /* FestInfoViewController.xib */; };
		88C00E641988047600AF869A /* FestHTTPSessionManager.m in Sources */ = {isa = PBXBuildFile; fileRef = 88C00E1F1988047500AF869A /* FestHTTPSessionManager.m */; };
		88C00E651988047600AF869A /* FestImageManager.m in Sources */ = {isa = PBXBuildFile; fileRef = 88C00E211988047500AF869A /* FestImageManager.m */; };
		88C00E661988047600AF869A /* FestMainViewController.m in Sources */ = {isa = PBXBuildFile; fileRef = 88C00E231988047500AF869A /* FestMainViewController.m */; };
		88C00E671988047600AF869A /* FestMainViewController.xib in Resources */ = {isa = PBXBuildFile; fileRef = 88C00E241988047500AF869A /* FestMainViewController.xib */; };
		88C00E681988047600AF869A /* FestMapViewController.m in Sources */ = {isa = PBXBuildFile; fileRef = 88C00E261988047500AF869A /* FestMapViewController.m */; };
		88C00E691988047600AF869A /* FestMapViewController.xib in Resources */ = {isa = PBXBuildFile; fileRef = 88C00E271988047500AF869A /* FestMapViewController.xib */; };
		88C00E6A1988047600AF869A /* FestNewsItemViewController.m in Sources */ = {isa = PBXBuildFile; fileRef = 88C00E291988047500AF869A /* FestNewsItemViewController.m */; };
		88C00E6B1988047600AF869A /* FestNewsViewController.m in Sources */ = {isa = PBXBuildFile; fileRef = 88C00E2B1988047500AF869A /* FestNewsViewController.m */; };
		88C00E6C1988047600AF869A /* FestNewsViewController.xib in Resources */ = {isa = PBXBuildFile; fileRef = 88C00E2C1988047500AF869A /* FestNewsViewController.xib */; };
		88C00E6D1988047600AF869A /* FestScheduleViewController.m in Sources */ = {isa = PBXBuildFile; fileRef = 88C00E2E1988047500AF869A /* FestScheduleViewController.m */; };
		88C00E6E1988047600AF869A /* FestScheduleViewController.xib in Resources */ = {isa = PBXBuildFile; fileRef = 88C00E2F1988047500AF869A /* FestScheduleViewController.xib */; };
		88C00E6F1988047600AF869A /* FestWebContentViewController.m in Sources */ = {isa = PBXBuildFile; fileRef = 88C00E311988047500AF869A /* FestWebContentViewController.m */; };
		88C00E701988047600AF869A /* FestWebContentViewController.xib in Resources */ = {isa = PBXBuildFile; fileRef = 88C00E321988047500AF869A /* FestWebContentViewController.xib */; };
		88C00E711988047600AF869A /* FestWindow.xib in Resources */ = {isa = PBXBuildFile; fileRef = 88C00E331988047500AF869A /* FestWindow.xib */; };
		88C00E741988047600AF869A /* InfoItem.m in Sources */ = {isa = PBXBuildFile; fileRef = 88C00E391988047500AF869A /* InfoItem.m */; };
		88C00E781988047600AF869A /* NewsItem.m in Sources */ = {isa = PBXBuildFile; fileRef = 88C00E411988047600AF869A /* NewsItem.m */; };
		88C00E7A1988047600AF869A /* NSDate+Additions.m in Sources */ = {isa = PBXBuildFile; fileRef = 88C00E451988047600AF869A /* NSDate+Additions.m */; };
		88C00E7B1988047600AF869A /* NSString+Additions.m in Sources */ = {isa = PBXBuildFile; fileRef = 88C00E471988047600AF869A /* NSString+Additions.m */; };
		88C00E7C1988047600AF869A /* NSString+MD5.m in Sources */ = {isa = PBXBuildFile; fileRef = 88C00E491988047600AF869A /* NSString+MD5.m */; };
		88C00E7D1988047600AF869A /* TimelineView.m in Sources */ = {isa = PBXBuildFile; fileRef = 88C00E4B1988047600AF869A /* TimelineView.m */; };
		88C00E7F1988047600AF869A /* UIView+XYWidthHeight.m in Sources */ = {isa = PBXBuildFile; fileRef = 88C00E4F1988047600AF869A /* UIView+XYWidthHeight.m */; };
		88C00E801988047600AF869A /* UIViewController+Additions.m in Sources */ = {isa = PBXBuildFile; fileRef = 88C00E511988047600AF869A /* UIViewController+Additions.m */; };
		88C00E831988056A00AF869A /* Images.xcassets in Resources */ = {isa = PBXBuildFile; fileRef = 88C00E821988056A00AF869A /* Images.xcassets */; };
		88C00E851988063000AF869A /* launch@2x.png in Resources */ = {isa = PBXBuildFile; fileRef = 88C00E841988063000AF869A /* launch@2x.png */; };
		88C00E8E1988486300AF869A /* frontpage-button-speakers@2x.png in Resources */ = {isa = PBXBuildFile; fileRef = 88C00E8C1988486300AF869A /* frontpage-button-speakers@2x.png */; };
		88C00E8F1988486300AF869A /* frontpage-label-schedule@2x.png in Resources */ = {isa = PBXBuildFile; fileRef = 88C00E8D1988486300AF869A /* frontpage-label-schedule@2x.png */; };
		88C00E9219884D9D00AF869A /* turing.jpg in Resources */ = {isa = PBXBuildFile; fileRef = 88C00E9119884D9D00AF869A /* turing.jpg */; };
		88C00E9B1988E1F400AF869A /* church.jpg in Resources */ = {isa = PBXBuildFile; fileRef = 88C00E941988E1F400AF869A /* church.jpg */; };
		88C00E9C1988E1F400AF869A /* coquand.jpg in Resources */ = {isa = PBXBuildFile; fileRef = 88C00E951988E1F400AF869A /* coquand.jpg */; };
		88C00E9D1988E1F400AF869A /* curry.jpg in Resources */ = {isa = PBXBuildFile; fileRef = 88C00E961988E1F400AF869A /* curry.jpg */; };
		88C00E9E1988E1F400AF869A /* gentzen.jpg in Resources */ = {isa = PBXBuildFile; fileRef = 88C00E971988E1F400AF869A /* gentzen.jpg */; };
		88C00E9F1988E1F400AF869A /* godel.jpg in Resources */ = {isa = PBXBuildFile; fileRef = 88C00E981988E1F400AF869A /* godel.jpg */; };
		88C00EA01988E1F400AF869A /* martin-lof.jpg in Resources */ = {isa = PBXBuildFile; fileRef = 88C00E991988E1F400AF869A /* martin-lof.jpg */; };
		88C00EA11988E1F400AF869A /* tarski.jpg in Resources */ = {isa = PBXBuildFile; fileRef = 88C00E9A1988E1F400AF869A /* tarski.jpg */; };
		88C00EA91988E21200AF869A /* artist-placeholder@2x.jpg in Resources */ = {isa = PBXBuildFile; fileRef = 88C00EA81988E21200AF869A /* artist-placeholder@2x.jpg */; };
		88C1835F18DDC89C0014495D /* Security.framework in Frameworks */ = {isa = PBXBuildFile; fileRef = 88C1835E18DDC89C0014495D /* Security.framework */; };
		CD7852321378AD2500711F11 /* CoreLocation.framework in Frameworks */ = {isa = PBXBuildFile; fileRef = CD7852311378AD2500711F11 /* CoreLocation.framework */; };
/* End PBXBuildFile section */

/* Begin PBXContainerItemProxy section */
		7449289E18F8595D00924012 /* PBXContainerItemProxy */ = {
			isa = PBXContainerItemProxy;
			containerPortal = 29B97313FDCFA39411CA2CEA /* Project object */;
			proxyType = 1;
			remoteGlobalIDString = 1D6058900D05DD3D006BFB54;
			remoteInfo = FestApp;
		};
/* End PBXContainerItemProxy section */

/* Begin PBXFileReference section */
		1D30AB110D05D00D00671497 /* Foundation.framework */ = {isa = PBXFileReference; lastKnownFileType = wrapper.framework; name = Foundation.framework; path = System/Library/Frameworks/Foundation.framework; sourceTree = SDKROOT; };
		1D6058910D05DD3D006BFB54 /* FestApp.app */ = {isa = PBXFileReference; explicitFileType = wrapper.application; includeInIndex = 0; path = FestApp.app; sourceTree = BUILT_PRODUCTS_DIR; };
		1DF5F4DF0D08C38300B7A737 /* UIKit.framework */ = {isa = PBXFileReference; lastKnownFileType = wrapper.framework; name = UIKit.framework; path = System/Library/Frameworks/UIKit.framework; sourceTree = SDKROOT; };
		288765070DF74369002DB57D /* CoreGraphics.framework */ = {isa = PBXFileReference; lastKnownFileType = wrapper.framework; name = CoreGraphics.framework; path = System/Library/Frameworks/CoreGraphics.framework; sourceTree = SDKROOT; };
		28A0AB4B0D9B1048005BE974 /* FestApp_Prefix.pch */ = {isa = PBXFileReference; fileEncoding = 4; lastKnownFileType = sourcecode.c.h; path = FestApp_Prefix.pch; sourceTree = "<group>"; };
		29B97316FDCFA39411CA2CEA /* main.m */ = {isa = PBXFileReference; fileEncoding = 4; lastKnownFileType = sourcecode.c.objc; path = main.m; sourceTree = "<group>"; };
		48EE8C3E158B719D00C5345E /* CFNetwork.framework */ = {isa = PBXFileReference; lastKnownFileType = wrapper.framework; name = CFNetwork.framework; path = System/Library/Frameworks/CFNetwork.framework; sourceTree = SDKROOT; };
		48EE8C40158B721100C5345E /* SystemConfiguration.framework */ = {isa = PBXFileReference; lastKnownFileType = wrapper.framework; name = SystemConfiguration.framework; path = System/Library/Frameworks/SystemConfiguration.framework; sourceTree = SDKROOT; };
		48EE8C42158B724F00C5345E /* libz.dylib */ = {isa = PBXFileReference; lastKnownFileType = "compiled.mach-o.dylib"; name = libz.dylib; path = usr/lib/libz.dylib; sourceTree = SDKROOT; };
		48EE8C44158B725A00C5345E /* MobileCoreServices.framework */ = {isa = PBXFileReference; lastKnownFileType = wrapper.framework; name = MobileCoreServices.framework; path = System/Library/Frameworks/MobileCoreServices.framework; sourceTree = SDKROOT; };
		4D186E691393CCA800CDA3DB /* QuartzCore.framework */ = {isa = PBXFileReference; lastKnownFileType = wrapper.framework; name = QuartzCore.framework; path = System/Library/Frameworks/QuartzCore.framework; sourceTree = SDKROOT; };
		4D1ED38C139CBB7600BB1D47 /* AudioToolbox.framework */ = {isa = PBXFileReference; lastKnownFileType = wrapper.framework; name = AudioToolbox.framework; path = System/Library/Frameworks/AudioToolbox.framework; sourceTree = SDKROOT; };
		4D30E8401396CBA9007E9D0B /* AVFoundation.framework */ = {isa = PBXFileReference; lastKnownFileType = wrapper.framework; name = AVFoundation.framework; path = System/Library/Frameworks/AVFoundation.framework; sourceTree = SDKROOT; };
		4D587127138C13A700B0A0BC /* MapKit.framework */ = {isa = PBXFileReference; lastKnownFileType = wrapper.framework; name = MapKit.framework; path = System/Library/Frameworks/MapKit.framework; sourceTree = SDKROOT; };
		6FD6DCC01C5A6B2C00AC088C /* AFNetworking.framework */ = {isa = PBXFileReference; lastKnownFileType = wrapper.framework; name = AFNetworking.framework; path = Carthage/Build/iOS/AFNetworking.framework; sourceTree = "<group>"; };
		7449289018F8595C00924012 /* FestApp Tests.xctest */ = {isa = PBXFileReference; explicitFileType = wrapper.cfbundle; includeInIndex = 0; path = "FestApp Tests.xctest"; sourceTree = BUILT_PRODUCTS_DIR; };
		7449289718F8595C00924012 /* FestApp Tests-Info.plist */ = {isa = PBXFileReference; lastKnownFileType = text.plist.xml; path = "FestApp Tests-Info.plist"; sourceTree = "<group>"; };
		7449289918F8595D00924012 /* en */ = {isa = PBXFileReference; lastKnownFileType = text.plist.strings; name = en; path = en.lproj/InfoPlist.strings; sourceTree = "<group>"; };
		7449289B18F8595D00924012 /* FestApp_Tests.m */ = {isa = PBXFileReference; lastKnownFileType = sourcecode.c.objc; path = FestApp_Tests.m; sourceTree = "<group>"; };
		7449289D18F8595D00924012 /* FestApp Tests-Prefix.pch */ = {isa = PBXFileReference; lastKnownFileType = sourcecode.c.h; path = "FestApp Tests-Prefix.pch"; sourceTree = "<group>"; };
		88A78C8619890CB7005F4D70 /* info */ = {isa = PBXFileReference; fileEncoding = 4; lastKnownFileType = text; path = info; sourceTree = "<group>"; };
		88A78C8E19891660005F4D70 /* map.jpg */ = {isa = PBXFileReference; lastKnownFileType = image.jpeg; path = map.jpg; sourceTree = "<group>"; };
		88B472011AF0CA350059CC8A /* ReactiveCocoa.framework */ = {isa = PBXFileReference; lastKnownFileType = wrapper.framework; name = ReactiveCocoa.framework; path = Carthage/Build/iOS/ReactiveCocoa.framework; sourceTree = "<group>"; };
		88C00DCE1988046900AF869A /* festival */ = {isa = PBXFileReference; fileEncoding = 4; lastKnownFileType = text; path = festival; sourceTree = "<group>"; };
		88C00DCF1988046900AF869A /* gigs */ = {isa = PBXFileReference; fileEncoding = 4; lastKnownFileType = text; path = gigs; sourceTree = "<group>"; };
		88C00DD01988046900AF869A /* news */ = {isa = PBXFileReference; fileEncoding = 4; lastKnownFileType = text; path = news; sourceTree = "<group>"; };
		88C00DD21988046900AF869A /* icon1024.png */ = {isa = PBXFileReference; lastKnownFileType = image.png; path = icon1024.png; sourceTree = "<group>"; };
		88C00DD31988046900AF869A /* icon120.png */ = {isa = PBXFileReference; lastKnownFileType = image.png; path = icon120.png; sourceTree = "<group>"; };
		88C00DD41988046900AF869A /* icon58.png */ = {isa = PBXFileReference; lastKnownFileType = image.png; path = icon58.png; sourceTree = "<group>"; };
		88C00DD51988046900AF869A /* icon80.png */ = {isa = PBXFileReference; lastKnownFileType = image.png; path = icon80.png; sourceTree = "<group>"; };
		88C00DD71988046900AF869A /* background@2x.png */ = {isa = PBXFileReference; lastKnownFileType = image.png; path = "background@2x.png"; sourceTree = "<group>"; };
		88C00DD81988046900AF869A /* daychooser-selected@2x.png */ = {isa = PBXFileReference; lastKnownFileType = image.png; path = "daychooser-selected@2x.png"; sourceTree = "<group>"; };
		88C00DD91988046900AF869A /* daychooser@2x.png */ = {isa = PBXFileReference; lastKnownFileType = image.png; path = "daychooser@2x.png"; sourceTree = "<group>"; };
		88C00DDB1988046900AF869A /* frontpage-button-info@2x.png */ = {isa = PBXFileReference; lastKnownFileType = image.png; path = "frontpage-button-info@2x.png"; sourceTree = "<group>"; };
		88C00DDC1988046900AF869A /* frontpage-button-lc@2x.png */ = {isa = PBXFileReference; lastKnownFileType = image.png; path = "frontpage-button-lc@2x.png"; sourceTree = "<group>"; };
		88C00DDD1988046900AF869A /* frontpage-button-map@2x.png */ = {isa = PBXFileReference; lastKnownFileType = image.png; path = "frontpage-button-map@2x.png"; sourceTree = "<group>"; };
		88C00DDE1988046900AF869A /* frontpage-label-news@2x.png */ = {isa = PBXFileReference; lastKnownFileType = image.png; path = "frontpage-label-news@2x.png"; sourceTree = "<group>"; };
		88C00DE01988046900AF869A /* launch-h548@2x.png */ = {isa = PBXFileReference; lastKnownFileType = image.png; path = "launch-h548@2x.png"; sourceTree = "<group>"; };
		88C00DE11988046900AF869A /* navigation-bar@2x.png */ = {isa = PBXFileReference; lastKnownFileType = image.png; path = "navigation-bar@2x.png"; sourceTree = "<group>"; };
		88C00DE21988046900AF869A /* schedule-bg@2x.png */ = {isa = PBXFileReference; lastKnownFileType = image.png; path = "schedule-bg@2x.png"; sourceTree = "<group>"; };
		88C00DE31988046900AF869A /* schedule-hoursep@2x.png */ = {isa = PBXFileReference; lastKnownFileType = image.png; path = "schedule-hoursep@2x.png"; sourceTree = "<group>"; };
		88C00DE41988046900AF869A /* schedule-stages@2x.png */ = {isa = PBXFileReference; lastKnownFileType = image.png; path = "schedule-stages@2x.png"; sourceTree = "<group>"; };
		88C00DE51988046900AF869A /* star-selected-yellow@2x.png */ = {isa = PBXFileReference; lastKnownFileType = image.png; path = "star-selected-yellow@2x.png"; sourceTree = "<group>"; };
		88C00DE61988046900AF869A /* star-selected@2x.png */ = {isa = PBXFileReference; lastKnownFileType = image.png; path = "star-selected@2x.png"; sourceTree = "<group>"; };
		88C00DE71988046900AF869A /* star@2x.png */ = {isa = PBXFileReference; lastKnownFileType = image.png; path = "star@2x.png"; sourceTree = "<group>"; };
		88C00DE81988046900AF869A /* wikipedia@2x.png */ = {isa = PBXFileReference; lastKnownFileType = image.png; path = "wikipedia@2x.png"; sourceTree = "<group>"; };
		88C00E021988047500AF869A /* Gig.h */ = {isa = PBXFileReference; fileEncoding = 4; lastKnownFileType = sourcecode.c.h; path = Gig.h; sourceTree = "<group>"; };
		88C00E031988047500AF869A /* Gig.m */ = {isa = PBXFileReference; fileEncoding = 4; lastKnownFileType = sourcecode.c.objc; path = Gig.m; sourceTree = "<group>"; };
		88C00E081988047500AF869A /* DayChooser.h */ = {isa = PBXFileReference; fileEncoding = 4; lastKnownFileType = sourcecode.c.h; path = DayChooser.h; sourceTree = "<group>"; };
		88C00E091988047500AF869A /* DayChooser.m */ = {isa = PBXFileReference; fileEncoding = 4; lastKnownFileType = sourcecode.c.objc; path = DayChooser.m; sourceTree = "<group>"; };
		88C00E0C1988047500AF869A /* FestAppDelegate.h */ = {isa = PBXFileReference; fileEncoding = 4; lastKnownFileType = sourcecode.c.h; path = FestAppDelegate.h; sourceTree = "<group>"; };
		88C00E0D1988047500AF869A /* FestAppDelegate.m */ = {isa = PBXFileReference; fileEncoding = 4; lastKnownFileType = sourcecode.c.objc; path = FestAppDelegate.m; sourceTree = "<group>"; };
		88C00E0E1988047500AF869A /* FestArtistCell.h */ = {isa = PBXFileReference; fileEncoding = 4; lastKnownFileType = sourcecode.c.h; path = FestArtistCell.h; sourceTree = "<group>"; };
		88C00E0F1988047500AF869A /* FestArtistCell.m */ = {isa = PBXFileReference; fileEncoding = 4; lastKnownFileType = sourcecode.c.objc; path = FestArtistCell.m; sourceTree = "<group>"; };
		88C00E101988047500AF869A /* FestArtistCell.xib */ = {isa = PBXFileReference; fileEncoding = 4; lastKnownFileType = file.xib; path = FestArtistCell.xib; sourceTree = "<group>"; };
		88C00E111988047500AF869A /* FestArtistsViewController.h */ = {isa = PBXFileReference; fileEncoding = 4; lastKnownFileType = sourcecode.c.h; path = FestArtistsViewController.h; sourceTree = "<group>"; };
		88C00E121988047500AF869A /* FestArtistsViewController.m */ = {isa = PBXFileReference; fileEncoding = 4; lastKnownFileType = sourcecode.c.objc; path = FestArtistsViewController.m; sourceTree = "<group>"; };
		88C00E131988047500AF869A /* FestArtistsViewController.xib */ = {isa = PBXFileReference; fileEncoding = 4; lastKnownFileType = file.xib; path = FestArtistsViewController.xib; sourceTree = "<group>"; };
		88C00E141988047500AF869A /* FestArtistViewController.h */ = {isa = PBXFileReference; fileEncoding = 4; lastKnownFileType = sourcecode.c.h; path = FestArtistViewController.h; sourceTree = "<group>"; };
		88C00E151988047500AF869A /* FestArtistViewController.m */ = {isa = PBXFileReference; fileEncoding = 4; lastKnownFileType = sourcecode.c.objc; path = FestArtistViewController.m; sourceTree = "<group>"; };
		88C00E161988047500AF869A /* FestArtistViewController.xib */ = {isa = PBXFileReference; fileEncoding = 4; lastKnownFileType = file.xib; path = FestArtistViewController.xib; sourceTree = "<group>"; };
		88C00E171988047500AF869A /* FestDataManager.h */ = {isa = PBXFileReference; fileEncoding = 4; lastKnownFileType = sourcecode.c.h; path = FestDataManager.h; sourceTree = "<group>"; };
		88C00E181988047500AF869A /* FestDataManager.m */ = {isa = PBXFileReference; fileEncoding = 4; lastKnownFileType = sourcecode.c.objc; path = FestDataManager.m; sourceTree = "<group>"; };
		88C00E191988047500AF869A /* FestFavouritesManager.h */ = {isa = PBXFileReference; fileEncoding = 4; lastKnownFileType = sourcecode.c.h; path = FestFavouritesManager.h; sourceTree = "<group>"; };
		88C00E1A1988047500AF869A /* FestFavouritesManager.m */ = {isa = PBXFileReference; fileEncoding = 4; lastKnownFileType = sourcecode.c.objc; path = FestFavouritesManager.m; sourceTree = "<group>"; };
		88C00E1B1988047500AF869A /* FestInfoViewController.h */ = {isa = PBXFileReference; fileEncoding = 4; lastKnownFileType = sourcecode.c.h; path = FestInfoViewController.h; sourceTree = "<group>"; };
		88C00E1C1988047500AF869A /* FestInfoViewController.m */ = {isa = PBXFileReference; fileEncoding = 4; lastKnownFileType = sourcecode.c.objc; path = FestInfoViewController.m; sourceTree = "<group>"; };
		88C00E1D1988047500AF869A /* FestInfoViewController.xib */ = {isa = PBXFileReference; fileEncoding = 4; lastKnownFileType = file.xib; path = FestInfoViewController.xib; sourceTree = "<group>"; };
		88C00E1E1988047500AF869A /* FestHTTPSessionManager.h */ = {isa = PBXFileReference; fileEncoding = 4; lastKnownFileType = sourcecode.c.h; path = FestHTTPSessionManager.h; sourceTree = "<group>"; };
		88C00E1F1988047500AF869A /* FestHTTPSessionManager.m */ = {isa = PBXFileReference; fileEncoding = 4; lastKnownFileType = sourcecode.c.objc; path = FestHTTPSessionManager.m; sourceTree = "<group>"; };
		88C00E201988047500AF869A /* FestImageManager.h */ = {isa = PBXFileReference; fileEncoding = 4; lastKnownFileType = sourcecode.c.h; path = FestImageManager.h; sourceTree = "<group>"; };
		88C00E211988047500AF869A /* FestImageManager.m */ = {isa = PBXFileReference; fileEncoding = 4; lastKnownFileType = sourcecode.c.objc; path = FestImageManager.m; sourceTree = "<group>"; };
		88C00E221988047500AF869A /* FestMainViewController.h */ = {isa = PBXFileReference; fileEncoding = 4; lastKnownFileType = sourcecode.c.h; path = FestMainViewController.h; sourceTree = "<group>"; };
		88C00E231988047500AF869A /* FestMainViewController.m */ = {isa = PBXFileReference; fileEncoding = 4; lastKnownFileType = sourcecode.c.objc; path = FestMainViewController.m; sourceTree = "<group>"; };
		88C00E241988047500AF869A /* FestMainViewController.xib */ = {isa = PBXFileReference; fileEncoding = 4; lastKnownFileType = file.xib; path = FestMainViewController.xib; sourceTree = "<group>"; };
		88C00E251988047500AF869A /* FestMapViewController.h */ = {isa = PBXFileReference; fileEncoding = 4; lastKnownFileType = sourcecode.c.h; path = FestMapViewController.h; sourceTree = "<group>"; };
		88C00E261988047500AF869A /* FestMapViewController.m */ = {isa = PBXFileReference; fileEncoding = 4; lastKnownFileType = sourcecode.c.objc; path = FestMapViewController.m; sourceTree = "<group>"; };
		88C00E271988047500AF869A /* FestMapViewController.xib */ = {isa = PBXFileReference; fileEncoding = 4; lastKnownFileType = file.xib; path = FestMapViewController.xib; sourceTree = "<group>"; };
		88C00E281988047500AF869A /* FestNewsItemViewController.h */ = {isa = PBXFileReference; fileEncoding = 4; lastKnownFileType = sourcecode.c.h; path = FestNewsItemViewController.h; sourceTree = "<group>"; };
		88C00E291988047500AF869A /* FestNewsItemViewController.m */ = {isa = PBXFileReference; fileEncoding = 4; lastKnownFileType = sourcecode.c.objc; path = FestNewsItemViewController.m; sourceTree = "<group>"; };
		88C00E2A1988047500AF869A /* FestNewsViewController.h */ = {isa = PBXFileReference; fileEncoding = 4; lastKnownFileType = sourcecode.c.h; path = FestNewsViewController.h; sourceTree = "<group>"; };
		88C00E2B1988047500AF869A /* FestNewsViewController.m */ = {isa = PBXFileReference; fileEncoding = 4; lastKnownFileType = sourcecode.c.objc; path = FestNewsViewController.m; sourceTree = "<group>"; };
		88C00E2C1988047500AF869A /* FestNewsViewController.xib */ = {isa = PBXFileReference; fileEncoding = 4; lastKnownFileType = file.xib; path = FestNewsViewController.xib; sourceTree = "<group>"; };
		88C00E2D1988047500AF869A /* FestScheduleViewController.h */ = {isa = PBXFileReference; fileEncoding = 4; lastKnownFileType = sourcecode.c.h; path = FestScheduleViewController.h; sourceTree = "<group>"; };
		88C00E2E1988047500AF869A /* FestScheduleViewController.m */ = {isa = PBXFileReference; fileEncoding = 4; lastKnownFileType = sourcecode.c.objc; path = FestScheduleViewController.m; sourceTree = "<group>"; };
		88C00E2F1988047500AF869A /* FestScheduleViewController.xib */ = {isa = PBXFileReference; fileEncoding = 4; lastKnownFileType = file.xib; path = FestScheduleViewController.xib; sourceTree = "<group>"; };
		88C00E301988047500AF869A /* FestWebContentViewController.h */ = {isa = PBXFileReference; fileEncoding = 4; lastKnownFileType = sourcecode.c.h; path = FestWebContentViewController.h; sourceTree = "<group>"; };
		88C00E311988047500AF869A /* FestWebContentViewController.m */ = {isa = PBXFileReference; fileEncoding = 4; lastKnownFileType = sourcecode.c.objc; path = FestWebContentViewController.m; sourceTree = "<group>"; };
		88C00E321988047500AF869A /* FestWebContentViewController.xib */ = {isa = PBXFileReference; fileEncoding = 4; lastKnownFileType = file.xib; path = FestWebContentViewController.xib; sourceTree = "<group>"; };
		88C00E331988047500AF869A /* FestWindow.xib */ = {isa = PBXFileReference; fileEncoding = 4; lastKnownFileType = file.xib; path = FestWindow.xib; sourceTree = "<group>"; };
		88C00E381988047500AF869A /* InfoItem.h */ = {isa = PBXFileReference; fileEncoding = 4; lastKnownFileType = sourcecode.c.h; path = InfoItem.h; sourceTree = "<group>"; };
		88C00E391988047500AF869A /* InfoItem.m */ = {isa = PBXFileReference; fileEncoding = 4; lastKnownFileType = sourcecode.c.objc; path = InfoItem.m; sourceTree = "<group>"; };
		88C00E401988047600AF869A /* NewsItem.h */ = {isa = PBXFileReference; fileEncoding = 4; lastKnownFileType = sourcecode.c.h; path = NewsItem.h; sourceTree = "<group>"; };
		88C00E411988047600AF869A /* NewsItem.m */ = {isa = PBXFileReference; fileEncoding = 4; lastKnownFileType = sourcecode.c.objc; path = NewsItem.m; sourceTree = "<group>"; };
		88C00E441988047600AF869A /* NSDate+Additions.h */ = {isa = PBXFileReference; fileEncoding = 4; lastKnownFileType = sourcecode.c.h; path = "NSDate+Additions.h"; sourceTree = "<group>"; };
		88C00E451988047600AF869A /* NSDate+Additions.m */ = {isa = PBXFileReference; fileEncoding = 4; lastKnownFileType = sourcecode.c.objc; path = "NSDate+Additions.m"; sourceTree = "<group>"; };
		88C00E461988047600AF869A /* NSString+Additions.h */ = {isa = PBXFileReference; fileEncoding = 4; lastKnownFileType = sourcecode.c.h; path = "NSString+Additions.h"; sourceTree = "<group>"; };
		88C00E471988047600AF869A /* NSString+Additions.m */ = {isa = PBXFileReference; fileEncoding = 4; lastKnownFileType = sourcecode.c.objc; path = "NSString+Additions.m"; sourceTree = "<group>"; };
		88C00E481988047600AF869A /* NSString+MD5.h */ = {isa = PBXFileReference; fileEncoding = 4; lastKnownFileType = sourcecode.c.h; path = "NSString+MD5.h"; sourceTree = "<group>"; };
		88C00E491988047600AF869A /* NSString+MD5.m */ = {isa = PBXFileReference; fileEncoding = 4; lastKnownFileType = sourcecode.c.objc; path = "NSString+MD5.m"; sourceTree = "<group>"; };
		88C00E4A1988047600AF869A /* TimelineView.h */ = {isa = PBXFileReference; fileEncoding = 4; lastKnownFileType = sourcecode.c.h; path = TimelineView.h; sourceTree = "<group>"; };
		88C00E4B1988047600AF869A /* TimelineView.m */ = {isa = PBXFileReference; fileEncoding = 4; lastKnownFileType = sourcecode.c.objc; path = TimelineView.m; sourceTree = "<group>"; };
		88C00E4E1988047600AF869A /* UIView+XYWidthHeight.h */ = {isa = PBXFileReference; fileEncoding = 4; lastKnownFileType = sourcecode.c.h; path = "UIView+XYWidthHeight.h"; sourceTree = "<group>"; };
		88C00E4F1988047600AF869A /* UIView+XYWidthHeight.m */ = {isa = PBXFileReference; fileEncoding = 4; lastKnownFileType = sourcecode.c.objc; path = "UIView+XYWidthHeight.m"; sourceTree = "<group>"; };
		88C00E501988047600AF869A /* UIViewController+Additions.h */ = {isa = PBXFileReference; fileEncoding = 4; lastKnownFileType = sourcecode.c.h; path = "UIViewController+Additions.h"; sourceTree = "<group>"; };
		88C00E511988047600AF869A /* UIViewController+Additions.m */ = {isa = PBXFileReference; fileEncoding = 4; lastKnownFileType = sourcecode.c.objc; path = "UIViewController+Additions.m"; sourceTree = "<group>"; };
		88C00E821988056A00AF869A /* Images.xcassets */ = {isa = PBXFileReference; lastKnownFileType = folder.assetcatalog; name = Images.xcassets; path = FestApp/Images.xcassets; sourceTree = "<group>"; };
		88C00E841988063000AF869A /* launch@2x.png */ = {isa = PBXFileReference; lastKnownFileType = image.png; path = "launch@2x.png"; sourceTree = "<group>"; };
		88C00E8B19880E3600AF869A /* FestApp.h */ = {isa = PBXFileReference; fileEncoding = 4; lastKnownFileType = sourcecode.c.h; path = FestApp.h; sourceTree = "<group>"; };
		88C00E8C1988486300AF869A /* frontpage-button-speakers@2x.png */ = {isa = PBXFileReference; lastKnownFileType = image.png; path = "frontpage-button-speakers@2x.png"; sourceTree = "<group>"; };
		88C00E8D1988486300AF869A /* frontpage-label-schedule@2x.png */ = {isa = PBXFileReference; lastKnownFileType = image.png; path = "frontpage-label-schedule@2x.png"; sourceTree = "<group>"; };
		88C00E9119884D9D00AF869A /* turing.jpg */ = {isa = PBXFileReference; lastKnownFileType = image.jpeg; path = turing.jpg; sourceTree = "<group>"; };
		88C00E941988E1F400AF869A /* church.jpg */ = {isa = PBXFileReference; lastKnownFileType = image.jpeg; path = church.jpg; sourceTree = "<group>"; };
		88C00E951988E1F400AF869A /* coquand.jpg */ = {isa = PBXFileReference; lastKnownFileType = image.jpeg; path = coquand.jpg; sourceTree = "<group>"; };
		88C00E961988E1F400AF869A /* curry.jpg */ = {isa = PBXFileReference; lastKnownFileType = image.jpeg; path = curry.jpg; sourceTree = "<group>"; };
		88C00E971988E1F400AF869A /* gentzen.jpg */ = {isa = PBXFileReference; lastKnownFileType = image.jpeg; path = gentzen.jpg; sourceTree = "<group>"; };
		88C00E981988E1F400AF869A /* godel.jpg */ = {isa = PBXFileReference; lastKnownFileType = image.jpeg; path = godel.jpg; sourceTree = "<group>"; };
		88C00E991988E1F400AF869A /* martin-lof.jpg */ = {isa = PBXFileReference; lastKnownFileType = image.jpeg; path = "martin-lof.jpg"; sourceTree = "<group>"; };
		88C00E9A1988E1F400AF869A /* tarski.jpg */ = {isa = PBXFileReference; lastKnownFileType = image.jpeg; path = tarski.jpg; sourceTree = "<group>"; };
		88C00EA81988E21200AF869A /* artist-placeholder@2x.jpg */ = {isa = PBXFileReference; lastKnownFileType = image.jpeg; path = "artist-placeholder@2x.jpg"; sourceTree = "<group>"; };
		88C1835E18DDC89C0014495D /* Security.framework */ = {isa = PBXFileReference; lastKnownFileType = wrapper.framework; name = Security.framework; path = System/Library/Frameworks/Security.framework; sourceTree = SDKROOT; };
		CD7852311378AD2500711F11 /* CoreLocation.framework */ = {isa = PBXFileReference; lastKnownFileType = wrapper.framework; name = CoreLocation.framework; path = System/Library/Frameworks/CoreLocation.framework; sourceTree = SDKROOT; };
/* End PBXFileReference section */

/* Begin PBXFrameworksBuildPhase section */
		1D60588F0D05DD3D006BFB54 /* Frameworks */ = {
			isa = PBXFrameworksBuildPhase;
			buildActionMask = 2147483647;
			files = (
				6FD6DCC21C5A6B4800AC088C /* AFNetworking.framework in Frameworks */,
				88C1835F18DDC89C0014495D /* Security.framework in Frameworks */,
				1D60589F0D05DD5A006BFB54 /* Foundation.framework in Frameworks */,
				1DF5F4E00D08C38300B7A737 /* UIKit.framework in Frameworks */,
				4D1ED38D139CBB7600BB1D47 /* AudioToolbox.framework in Frameworks */,
				88B472471AF0D2600059CC8A /* ReactiveCocoa.framework in Frameworks */,
				4D30E8411396CBAB007E9D0B /* AVFoundation.framework in Frameworks */,
				48EE8C3F158B719E00C5345E /* CFNetwork.framework in Frameworks */,
				288765080DF74369002DB57D /* CoreGraphics.framework in Frameworks */,
				CD7852321378AD2500711F11 /* CoreLocation.framework in Frameworks */,
				4D587128138C13A700B0A0BC /* MapKit.framework in Frameworks */,
				4D186E6A1393CCA900CDA3DB /* QuartzCore.framework in Frameworks */,
				48EE8C45158B725B00C5345E /* MobileCoreServices.framework in Frameworks */,
				48EE8C41158B721200C5345E /* SystemConfiguration.framework in Frameworks */,
				48EE8C43158B725000C5345E /* libz.dylib in Frameworks */,
			);
			runOnlyForDeploymentPostprocessing = 0;
		};
		7449288D18F8595C00924012 /* Frameworks */ = {
			isa = PBXFrameworksBuildPhase;
			buildActionMask = 2147483647;
			files = (
				7449289418F8595C00924012 /* UIKit.framework in Frameworks */,
				7449289318F8595C00924012 /* Foundation.framework in Frameworks */,
			);
			runOnlyForDeploymentPostprocessing = 0;
		};
/* End PBXFrameworksBuildPhase section */

/* Begin PBXGroup section */
		080E96DDFE201D6D7F000001 /* Classes */ = {
			isa = PBXGroup;
			children = (
				88C00E8A19880E2C00AF869A /* Config */,
				88C00E891988091800AF869A /* Extensions */,
				88C00E86198808BD00AF869A /* Models */,
				88C00E87198808D700AF869A /* UI */,
				88C00E88198808EC00AF869A /* Singletons */,
			);
			path = Classes;
			sourceTree = "<group>";
		};
		19C28FACFE9D520D11CA2CBB /* Products */ = {
			isa = PBXGroup;
			children = (
				1D6058910D05DD3D006BFB54 /* FestApp.app */,
				7449289018F8595C00924012 /* FestApp Tests.xctest */,
			);
			name = Products;
			sourceTree = "<group>";
		};
		29B97314FDCFA39411CA2CEA /* Ruisrock */ = {
			isa = PBXGroup;
			children = (
				080E96DDFE201D6D7F000001 /* Classes */,
				29B97315FDCFA39411CA2CEA /* Other Sources */,
				29B97317FDCFA39411CA2CEA /* Resources */,
				7449289518F8595C00924012 /* FestApp Tests */,
				29B97323FDCFA39411CA2CEA /* Frameworks */,
				19C28FACFE9D520D11CA2CBB /* Products */,
			);
			name = Ruisrock;
			sourceTree = "<group>";
		};
		29B97315FDCFA39411CA2CEA /* Other Sources */ = {
			isa = PBXGroup;
			children = (
				28A0AB4B0D9B1048005BE974 /* FestApp_Prefix.pch */,
				29B97316FDCFA39411CA2CEA /* main.m */,
			);
			name = "Other Sources";
			sourceTree = "<group>";
		};
		29B97317FDCFA39411CA2CEA /* Resources */ = {
			isa = PBXGroup;
			children = (
				88C00E9019884D9D00AF869A /* ArtistImages */,
				88C00DCD1988046900AF869A /* Content */,
				88C00DD11988046900AF869A /* Icons */,
				88C00DD61988046900AF869A /* Images */,
				88C00E821988056A00AF869A /* Images.xcassets */,
			);
			name = Resources;
			sourceTree = "<group>";
		};
		29B97323FDCFA39411CA2CEA /* Frameworks */ = {
			isa = PBXGroup;
			children = (
				88B471FF1AF0CA0C0059CC8A /* Carthage */,
				88C1835E18DDC89C0014495D /* Security.framework */,
				1D30AB110D05D00D00671497 /* Foundation.framework */,
				1DF5F4DF0D08C38300B7A737 /* UIKit.framework */,
				4D1ED38C139CBB7600BB1D47 /* AudioToolbox.framework */,
				4D30E8401396CBA9007E9D0B /* AVFoundation.framework */,
				48EE8C3E158B719D00C5345E /* CFNetwork.framework */,
				288765070DF74369002DB57D /* CoreGraphics.framework */,
				CD7852311378AD2500711F11 /* CoreLocation.framework */,
				4D587127138C13A700B0A0BC /* MapKit.framework */,
				48EE8C44158B725A00C5345E /* MobileCoreServices.framework */,
				4D186E691393CCA800CDA3DB /* QuartzCore.framework */,
				48EE8C40158B721100C5345E /* SystemConfiguration.framework */,
				48EE8C42158B724F00C5345E /* libz.dylib */,
			);
			name = Frameworks;
			sourceTree = "<group>";
		};
		7449289518F8595C00924012 /* FestApp Tests */ = {
			isa = PBXGroup;
			children = (
				7449289B18F8595D00924012 /* FestApp_Tests.m */,
				7449289618F8595C00924012 /* Supporting Files */,
			);
			path = "FestApp Tests";
			sourceTree = "<group>";
		};
		7449289618F8595C00924012 /* Supporting Files */ = {
			isa = PBXGroup;
			children = (
				7449289718F8595C00924012 /* FestApp Tests-Info.plist */,
				7449289818F8595D00924012 /* InfoPlist.strings */,
				7449289D18F8595D00924012 /* FestApp Tests-Prefix.pch */,
			);
			name = "Supporting Files";
			sourceTree = "<group>";
		};
		88B471FF1AF0CA0C0059CC8A /* Carthage */ = {
			isa = PBXGroup;
			children = (
				6FD6DCC01C5A6B2C00AC088C /* AFNetworking.framework */,
				88B472011AF0CA350059CC8A /* ReactiveCocoa.framework */,
			);
			name = Carthage;
			sourceTree = "<group>";
		};
		88C00DCD1988046900AF869A /* Content */ = {
			isa = PBXGroup;
			children = (
				88A78C8E19891660005F4D70 /* map.jpg */,
				88A78C8619890CB7005F4D70 /* info */,
				88C00DCE1988046900AF869A /* festival */,
				88C00DCF1988046900AF869A /* gigs */,
				88C00DD01988046900AF869A /* news */,
			);
			name = Content;
			path = Resources/Content;
			sourceTree = "<group>";
		};
		88C00DD11988046900AF869A /* Icons */ = {
			isa = PBXGroup;
			children = (
				88C00DD21988046900AF869A /* icon1024.png */,
				88C00DD31988046900AF869A /* icon120.png */,
				88C00DD41988046900AF869A /* icon58.png */,
				88C00DD51988046900AF869A /* icon80.png */,
			);
			name = Icons;
			path = Resources/Icons;
			sourceTree = "<group>";
		};
		88C00DD61988046900AF869A /* Images */ = {
			isa = PBXGroup;
			children = (
				88C00EA81988E21200AF869A /* artist-placeholder@2x.jpg */,
				88C00DD71988046900AF869A /* background@2x.png */,
				88C00DD81988046900AF869A /* daychooser-selected@2x.png */,
				88C00DD91988046900AF869A /* daychooser@2x.png */,
				88C00DDB1988046900AF869A /* frontpage-button-info@2x.png */,
				88C00DDC1988046900AF869A /* frontpage-button-lc@2x.png */,
				88C00DDD1988046900AF869A /* frontpage-button-map@2x.png */,
				88C00E8C1988486300AF869A /* frontpage-button-speakers@2x.png */,
				88C00DDE1988046900AF869A /* frontpage-label-news@2x.png */,
				88C00E8D1988486300AF869A /* frontpage-label-schedule@2x.png */,
				88C00DE01988046900AF869A /* launch-h548@2x.png */,
				88C00E841988063000AF869A /* launch@2x.png */,
				88C00DE11988046900AF869A /* navigation-bar@2x.png */,
				88C00DE21988046900AF869A /* schedule-bg@2x.png */,
				88C00DE31988046900AF869A /* schedule-hoursep@2x.png */,
				88C00DE41988046900AF869A /* schedule-stages@2x.png */,
				88C00DE51988046900AF869A /* star-selected-yellow@2x.png */,
				88C00DE61988046900AF869A /* star-selected@2x.png */,
				88C00DE71988046900AF869A /* star@2x.png */,
				88C00DE81988046900AF869A /* wikipedia@2x.png */,
			);
			name = Images;
			path = Resources/Images;
			sourceTree = "<group>";
		};
		88C00E86198808BD00AF869A /* Models */ = {
			isa = PBXGroup;
			children = (
				88C00E021988047500AF869A /* Gig.h */,
				88C00E031988047500AF869A /* Gig.m */,
				88C00E381988047500AF869A /* InfoItem.h */,
				88C00E391988047500AF869A /* InfoItem.m */,
				88C00E401988047600AF869A /* NewsItem.h */,
				88C00E411988047600AF869A /* NewsItem.m */,
			);
			name = Models;
			sourceTree = "<group>";
		};
		88C00E87198808D700AF869A /* UI */ = {
			isa = PBXGroup;
			children = (
				88C00E081988047500AF869A /* DayChooser.h */,
				88C00E091988047500AF869A /* DayChooser.m */,
				88C00E0E1988047500AF869A /* FestArtistCell.h */,
				88C00E0F1988047500AF869A /* FestArtistCell.m */,
				88C00E101988047500AF869A /* FestArtistCell.xib */,
				88C00E111988047500AF869A /* FestArtistsViewController.h */,
				88C00E121988047500AF869A /* FestArtistsViewController.m */,
				88C00E131988047500AF869A /* FestArtistsViewController.xib */,
				88C00E141988047500AF869A /* FestArtistViewController.h */,
				88C00E151988047500AF869A /* FestArtistViewController.m */,
				88C00E161988047500AF869A /* FestArtistViewController.xib */,
				88C00E1B1988047500AF869A /* FestInfoViewController.h */,
				88C00E1C1988047500AF869A /* FestInfoViewController.m */,
				88C00E1D1988047500AF869A /* FestInfoViewController.xib */,
				88C00E221988047500AF869A /* FestMainViewController.h */,
				88C00E231988047500AF869A /* FestMainViewController.m */,
				88C00E241988047500AF869A /* FestMainViewController.xib */,
				88C00E251988047500AF869A /* FestMapViewController.h */,
				88C00E261988047500AF869A /* FestMapViewController.m */,
				88C00E271988047500AF869A /* FestMapViewController.xib */,
				88C00E281988047500AF869A /* FestNewsItemViewController.h */,
				88C00E291988047500AF869A /* FestNewsItemViewController.m */,
				88C00E2A1988047500AF869A /* FestNewsViewController.h */,
				88C00E2B1988047500AF869A /* FestNewsViewController.m */,
				88C00E2C1988047500AF869A /* FestNewsViewController.xib */,
				88C00E2D1988047500AF869A /* FestScheduleViewController.h */,
				88C00E2E1988047500AF869A /* FestScheduleViewController.m */,
				88C00E2F1988047500AF869A /* FestScheduleViewController.xib */,
				88C00E301988047500AF869A /* FestWebContentViewController.h */,
				88C00E311988047500AF869A /* FestWebContentViewController.m */,
				88C00E321988047500AF869A /* FestWebContentViewController.xib */,
				88C00E331988047500AF869A /* FestWindow.xib */,
				88C00E4A1988047600AF869A /* TimelineView.h */,
				88C00E4B1988047600AF869A /* TimelineView.m */,
			);
			name = UI;
			sourceTree = "<group>";
		};
		88C00E88198808EC00AF869A /* Singletons */ = {
			isa = PBXGroup;
			children = (
				88C00E0C1988047500AF869A /* FestAppDelegate.h */,
				88C00E0D1988047500AF869A /* FestAppDelegate.m */,
				88C00E171988047500AF869A /* FestDataManager.h */,
				88C00E181988047500AF869A /* FestDataManager.m */,
				88C00E191988047500AF869A /* FestFavouritesManager.h */,
				88C00E1A1988047500AF869A /* FestFavouritesManager.m */,
				88C00E1E1988047500AF869A /* FestHTTPSessionManager.h */,
				88C00E1F1988047500AF869A /* FestHTTPSessionManager.m */,
				88C00E201988047500AF869A /* FestImageManager.h */,
				88C00E211988047500AF869A /* FestImageManager.m */,
			);
			name = Singletons;
			sourceTree = "<group>";
		};
		88C00E891988091800AF869A /* Extensions */ = {
			isa = PBXGroup;
			children = (
				88C00E441988047600AF869A /* NSDate+Additions.h */,
				88C00E451988047600AF869A /* NSDate+Additions.m */,
				88C00E461988047600AF869A /* NSString+Additions.h */,
				88C00E471988047600AF869A /* NSString+Additions.m */,
				88C00E481988047600AF869A /* NSString+MD5.h */,
				88C00E491988047600AF869A /* NSString+MD5.m */,
				88C00E4E1988047600AF869A /* UIView+XYWidthHeight.h */,
				88C00E4F1988047600AF869A /* UIView+XYWidthHeight.m */,
				88C00E501988047600AF869A /* UIViewController+Additions.h */,
				88C00E511988047600AF869A /* UIViewController+Additions.m */,
			);
			name = Extensions;
			sourceTree = "<group>";
		};
		88C00E8A19880E2C00AF869A /* Config */ = {
			isa = PBXGroup;
			children = (
				88C00E8B19880E3600AF869A /* FestApp.h */,
			);
			name = Config;
			sourceTree = "<group>";
		};
		88C00E9019884D9D00AF869A /* ArtistImages */ = {
			isa = PBXGroup;
			children = (
				88C00E941988E1F400AF869A /* church.jpg */,
				88C00E951988E1F400AF869A /* coquand.jpg */,
				88C00E961988E1F400AF869A /* curry.jpg */,
				88C00E971988E1F400AF869A /* gentzen.jpg */,
				88C00E981988E1F400AF869A /* godel.jpg */,
				88C00E991988E1F400AF869A /* martin-lof.jpg */,
				88C00E9A1988E1F400AF869A /* tarski.jpg */,
				88C00E9119884D9D00AF869A /* turing.jpg */,
			);
			name = ArtistImages;
			path = Resources/ArtistImages;
			sourceTree = "<group>";
		};
/* End PBXGroup section */

/* Begin PBXNativeTarget section */
		1D6058900D05DD3D006BFB54 /* FestApp */ = {
			isa = PBXNativeTarget;
			buildConfigurationList = 1D6058960D05DD3E006BFB54 /* Build configuration list for PBXNativeTarget "FestApp" */;
			buildPhases = (
				1D60588D0D05DD3D006BFB54 /* Resources */,
				1D60588E0D05DD3D006BFB54 /* Sources */,
				1D60588F0D05DD3D006BFB54 /* Frameworks */,
				88B472431AF0CFA20059CC8A /* ShellScript */,
			);
			buildRules = (
			);
			dependencies = (
			);
			name = FestApp;
			productName = Ruisrock;
			productReference = 1D6058910D05DD3D006BFB54 /* FestApp.app */;
			productType = "com.apple.product-type.application";
		};
		7449288F18F8595C00924012 /* FestApp Tests */ = {
			isa = PBXNativeTarget;
			buildConfigurationList = 744928A818F8595D00924012 /* Build configuration list for PBXNativeTarget "FestApp Tests" */;
			buildPhases = (
				7449288C18F8595C00924012 /* Sources */,
				7449288D18F8595C00924012 /* Frameworks */,
				7449288E18F8595C00924012 /* Resources */,
			);
			buildRules = (
			);
			dependencies = (
				7449289F18F8595D00924012 /* PBXTargetDependency */,
			);
			name = "FestApp Tests";
			productName = "FestApp Tests";
			productReference = 7449289018F8595C00924012 /* FestApp Tests.xctest */;
			productType = "com.apple.product-type.bundle.unit-test";
		};
/* End PBXNativeTarget section */

/* Begin PBXProject section */
		29B97313FDCFA39411CA2CEA /* Project object */ = {
			isa = PBXProject;
			attributes = {
				CLASSPREFIX = Fest;
				LastUpgradeCheck = 0720;
				ORGANIZATIONNAME = "Futurice Oy";
				TargetAttributes = {
					1D6058900D05DD3D006BFB54 = {
						DevelopmentTeam = WM3L2RVJ7C;
						SystemCapabilities = {
							com.apple.BackgroundModes = {
								enabled = 0;
							};
							com.apple.iOS = {
								enabled = 0;
							};
						};
					};
					7449288F18F8595C00924012 = {
						TestTargetID = 1D6058900D05DD3D006BFB54;
					};
				};
			};
			buildConfigurationList = C01FCF4E08A954540054247B /* Build configuration list for PBXProject "FestApp" */;
			compatibilityVersion = "Xcode 3.2";
			developmentRegion = English;
			hasScannedForEncodings = 1;
			knownRegions = (
				English,
				Japanese,
				French,
				German,
				fi,
				en,
			);
			mainGroup = 29B97314FDCFA39411CA2CEA /* Ruisrock */;
			projectDirPath = "";
			projectRoot = "";
			targets = (
				1D6058900D05DD3D006BFB54 /* FestApp */,
				7449288F18F8595C00924012 /* FestApp Tests */,
			);
		};
/* End PBXProject section */

/* Begin PBXResourcesBuildPhase section */
		1D60588D0D05DD3D006BFB54 /* Resources */ = {
			isa = PBXResourcesBuildPhase;
			buildActionMask = 2147483647;
			files = (
				88C00DFC1988046900AF869A /* schedule-hoursep@2x.png in Resources */,
				88C00DEF1988046900AF869A /* icon80.png in Resources */,
				88C00DFB1988046900AF869A /* schedule-bg@2x.png in Resources */,
				88C00DFE1988046900AF869A /* star-selected-yellow@2x.png in Resources */,
				88A78C8719890CB7005F4D70 /* info in Resources */,
				88C00E691988047600AF869A /* FestMapViewController.xib in Resources */,
				88C00DF51988046900AF869A /* frontpage-button-lc@2x.png in Resources */,
				88C00DFF1988046900AF869A /* star-selected@2x.png in Resources */,
				88C00DF91988046900AF869A /* launch-h548@2x.png in Resources */,
				88C00DEB1988046900AF869A /* news in Resources */,
				88C00E9E1988E1F400AF869A /* gentzen.jpg in Resources */,
				88C00E831988056A00AF869A /* Images.xcassets in Resources */,
				88C00E711988047600AF869A /* FestWindow.xib in Resources */,
				88C00E5B1988047600AF869A /* FestArtistCell.xib in Resources */,
				88C00E9B1988E1F400AF869A /* church.jpg in Resources */,
				88C00E5F1988047600AF869A /* FestArtistViewController.xib in Resources */,
				88C00DF11988046900AF869A /* daychooser-selected@2x.png in Resources */,
				88C00DED1988046900AF869A /* icon120.png in Resources */,
				88C00E011988046900AF869A /* wikipedia@2x.png in Resources */,
				88C00E8F1988486300AF869A /* frontpage-label-schedule@2x.png in Resources */,
				88C00DFA1988046900AF869A /* navigation-bar@2x.png in Resources */,
				88C00DE91988046900AF869A /* festival in Resources */,
				88C00E701988047600AF869A /* FestWebContentViewController.xib in Resources */,
				88C00E671988047600AF869A /* FestMainViewController.xib in Resources */,
				88C00DF41988046900AF869A /* frontpage-button-info@2x.png in Resources */,
				88C00EA11988E1F400AF869A /* tarski.jpg in Resources */,
				88C00E851988063000AF869A /* launch@2x.png in Resources */,
				88C00E6E1988047600AF869A /* FestScheduleViewController.xib in Resources */,
				88C00E5D1988047600AF869A /* FestArtistsViewController.xib in Resources */,
				88C00E9D1988E1F400AF869A /* curry.jpg in Resources */,
				88C00DF21988046900AF869A /* daychooser@2x.png in Resources */,
				88C00DEE1988046900AF869A /* icon58.png in Resources */,
				88C00DEA1988046900AF869A /* gigs in Resources */,
				88C00E001988046900AF869A /* star@2x.png in Resources */,
				88C00E6C1988047600AF869A /* FestNewsViewController.xib in Resources */,
				88C00DF01988046900AF869A /* background@2x.png in Resources */,
				88A78C8F19891660005F4D70 /* map.jpg in Resources */,
				88C00EA01988E1F400AF869A /* martin-lof.jpg in Resources */,
				88C00E9F1988E1F400AF869A /* godel.jpg in Resources */,
				88C00DFD1988046900AF869A /* schedule-stages@2x.png in Resources */,
				88C00DF61988046900AF869A /* frontpage-button-map@2x.png in Resources */,
				88C00DF71988046900AF869A /* frontpage-label-news@2x.png in Resources */,
				88C00DEC1988046900AF869A /* icon1024.png in Resources */,
				88C00E8E1988486300AF869A /* frontpage-button-speakers@2x.png in Resources */,
				88C00E9C1988E1F400AF869A /* coquand.jpg in Resources */,
				88C00EA91988E21200AF869A /* artist-placeholder@2x.jpg in Resources */,
				88C00E9219884D9D00AF869A /* turing.jpg in Resources */,
				88C00E631988047600AF869A /* FestInfoViewController.xib in Resources */,
			);
			runOnlyForDeploymentPostprocessing = 0;
		};
		7449288E18F8595C00924012 /* Resources */ = {
			isa = PBXResourcesBuildPhase;
			buildActionMask = 2147483647;
			files = (
				7449289A18F8595D00924012 /* InfoPlist.strings in Resources */,
			);
			runOnlyForDeploymentPostprocessing = 0;
		};
/* End PBXResourcesBuildPhase section */

/* Begin PBXShellScriptBuildPhase section */
		88B472431AF0CFA20059CC8A /* ShellScript */ = {
			isa = PBXShellScriptBuildPhase;
			buildActionMask = 2147483647;
			files = (
			);
			inputPaths = (
				"$(SRCROOT)/Carthage/Build/iOS/ReactiveCocoa.framework",
				"$(SRCROOT)/Carthage/Build/iOS/AFNetworking.framework",
			);
			outputPaths = (
			);
			runOnlyForDeploymentPostprocessing = 0;
			shellPath = /bin/sh;
			shellScript = "/usr/local/bin/carthage copy-frameworks";
		};
/* End PBXShellScriptBuildPhase section */

/* Begin PBXSourcesBuildPhase section */
		1D60588E0D05DD3D006BFB54 /* Sources */ = {
			isa = PBXSourcesBuildPhase;
			buildActionMask = 2147483647;
			files = (
				88C00E801988047600AF869A /* UIViewController+Additions.m in Sources */,
				1D60589B0D05DD56006BFB54 /* main.m in Sources */,
				88C00E661988047600AF869A /* FestMainViewController.m in Sources */,
				6FD6DCBF1C5A69F300AC088C /* FestDataManager.m in Sources */,
				88C00E5E1988047600AF869A /* FestArtistViewController.m in Sources */,
				88C00E591988047600AF869A /* FestAppDelegate.m in Sources */,
				88C00E6B1988047600AF869A /* FestNewsViewController.m in Sources */,
				88C00E6D1988047600AF869A /* FestScheduleViewController.m in Sources */,
				88C00E611988047600AF869A /* FestFavouritesManager.m in Sources */,
				88C00E5A1988047600AF869A /* FestArtistCell.m in Sources */,
				88C00E621988047600AF869A /* FestInfoViewController.m in Sources */,
				88C00E6F1988047600AF869A /* FestWebContentViewController.m in Sources */,
				88C00E7D1988047600AF869A /* TimelineView.m in Sources */,
				88C00E7C1988047600AF869A /* NSString+MD5.m in Sources */,
				88C00E541988047600AF869A /* Gig.m in Sources */,
				88C00E7A1988047600AF869A /* NSDate+Additions.m in Sources */,
				88C00E741988047600AF869A /* InfoItem.m in Sources */,
				88C00E641988047600AF869A /* FestHTTPSessionManager.m in Sources */,
				88C00E7B1988047600AF869A /* NSString+Additions.m in Sources */,
				88C00E7F1988047600AF869A /* UIView+XYWidthHeight.m in Sources */,
				88C00E681988047600AF869A /* FestMapViewController.m in Sources */,
				88C00E5C1988047600AF869A /* FestArtistsViewController.m in Sources */,
				88C00E571988047600AF869A /* DayChooser.m in Sources */,
				88C00E781988047600AF869A /* NewsItem.m in Sources */,
				88C00E6A1988047600AF869A /* FestNewsItemViewController.m in Sources */,
				88C00E651988047600AF869A /* FestImageManager.m in Sources */,
			);
			runOnlyForDeploymentPostprocessing = 0;
		};
		7449288C18F8595C00924012 /* Sources */ = {
			isa = PBXSourcesBuildPhase;
			buildActionMask = 2147483647;
			files = (
				7449289C18F8595D00924012 /* FestApp_Tests.m in Sources */,
			);
			runOnlyForDeploymentPostprocessing = 0;
		};
/* End PBXSourcesBuildPhase section */

/* Begin PBXTargetDependency section */
		7449289F18F8595D00924012 /* PBXTargetDependency */ = {
			isa = PBXTargetDependency;
			target = 1D6058900D05DD3D006BFB54 /* FestApp */;
			targetProxy = 7449289E18F8595D00924012 /* PBXContainerItemProxy */;
		};
/* End PBXTargetDependency section */

/* Begin PBXVariantGroup section */
		7449289818F8595D00924012 /* InfoPlist.strings */ = {
			isa = PBXVariantGroup;
			children = (
				7449289918F8595D00924012 /* en */,
			);
			name = InfoPlist.strings;
			sourceTree = "<group>";
		};
/* End PBXVariantGroup section */

/* Begin XCBuildConfiguration section */
		1D6058940D05DD3E006BFB54 /* Debug */ = {
			isa = XCBuildConfiguration;
			buildSettings = {
				ALWAYS_SEARCH_USER_PATHS = NO;
				ASSETCATALOG_COMPILER_APPICON_NAME = AppIcon;
				ASSETCATALOG_COMPILER_LAUNCHIMAGE_NAME = LaunchImage;
				CLANG_ENABLE_OBJC_ARC = YES;
				CODE_SIGN_IDENTITY = "iPhone Developer";
				"CODE_SIGN_IDENTITY[sdk=iphoneos*]" = "iPhone Developer";
				COPY_PHASE_STRIP = NO;
				FRAMEWORK_SEARCH_PATHS = (
					"$(inherited)",
					"$(PROJECT_DIR)/Carthage/Build/iOS",
				);
				GCC_DYNAMIC_NO_PIC = NO;
				GCC_OPTIMIZATION_LEVEL = 0;
				GCC_VERSION = com.apple.compilers.llvm.clang.1_0;
				HEADER_SEARCH_PATHS = "$(SRCROOT)/Carthage/Build/iOS/**";
				INFOPLIST_FILE = "FestApp-Info.plist";
				IPHONEOS_DEPLOYMENT_TARGET = 8.0;
				LD_RUNPATH_SEARCH_PATHS = "$(inherited) @executable_path/Frameworks";
				OTHER_CFLAGS = (
					"$(inherited)",
					"-Wall",
					"-Wextra",
					"-Wno-unused-parameter",
					"-Wdeprecated-implementations",
					"-Wempty-body",
					"-Wfloat-equal",
					"-Wshadow",
					"-Wsign-compare",
					"-Wundef",
					"-Wreturn-type",
					"-Wnewline-eof",
					"-Wconversion",
					"-Wimplicit-retain-self",
				);
				PRODUCT_NAME = FestApp;
				PROVISIONING_PROFILE = "";
				"PROVISIONING_PROFILE[sdk=iphoneos*]" = "";
			};
			name = Debug;
		};
		1D6058950D05DD3E006BFB54 /* Release */ = {
			isa = XCBuildConfiguration;
			buildSettings = {
				ALWAYS_SEARCH_USER_PATHS = NO;
				ASSETCATALOG_COMPILER_APPICON_NAME = AppIcon;
				ASSETCATALOG_COMPILER_LAUNCHIMAGE_NAME = LaunchImage;
				CLANG_ENABLE_OBJC_ARC = YES;
				CODE_SIGN_IDENTITY = "iPhone Developer";
				"CODE_SIGN_IDENTITY[sdk=iphoneos*]" = "iPhone Developer";
				COPY_PHASE_STRIP = YES;
				FRAMEWORK_SEARCH_PATHS = (
					"$(inherited)",
					"$(PROJECT_DIR)/Carthage/Build/iOS",
				);
				GCC_VERSION = com.apple.compilers.llvm.clang.1_0;
				HEADER_SEARCH_PATHS = "$(SRCROOT)/Carthage/Build/iOS/**";
				INFOPLIST_FILE = "FestApp-Info.plist";
				IPHONEOS_DEPLOYMENT_TARGET = 8.0;
				LD_RUNPATH_SEARCH_PATHS = "$(inherited) @executable_path/Frameworks";
				OTHER_CFLAGS = (
					"$(inherited)",
					"-Wall",
					"-Wextra",
					"-Wno-unused-parameter",
					"-Wdeprecated-implementations",
					"-Wempty-body",
					"-Wfloat-equal",
					"-Wshadow",
					"-Wsign-compare",
					"-Wundef",
					"-Wreturn-type",
					"-Wnewline-eof",
					"-Wconversion",
					"-Wimplicit-retain-self",
				);
				PRODUCT_NAME = FestApp;
				PROVISIONING_PROFILE = "";
				"PROVISIONING_PROFILE[sdk=iphoneos*]" = "";
				VALIDATE_PRODUCT = YES;
			};
			name = Release;
		};
		744928A018F8595D00924012 /* Debug */ = {
			isa = XCBuildConfiguration;
			buildSettings = {
				ALWAYS_SEARCH_USER_PATHS = NO;
				BUNDLE_LOADER = "$(BUILT_PRODUCTS_DIR)/FestApp.app/FestApp";
				CLANG_CXX_LANGUAGE_STANDARD = "gnu++0x";
				CLANG_CXX_LIBRARY = "libc++";
				CLANG_ENABLE_MODULES = YES;
				CLANG_ENABLE_OBJC_ARC = YES;
				CLANG_WARN_BOOL_CONVERSION = YES;
				CLANG_WARN_CONSTANT_CONVERSION = YES;
				CLANG_WARN_DIRECT_OBJC_ISA_USAGE = YES_ERROR;
				CLANG_WARN_EMPTY_BODY = YES;
				CLANG_WARN_ENUM_CONVERSION = YES;
				CLANG_WARN_INT_CONVERSION = YES;
				CLANG_WARN_OBJC_ROOT_CLASS = YES_ERROR;
				CLANG_WARN__DUPLICATE_METHOD_MATCH = YES;
				COPY_PHASE_STRIP = NO;
				FRAMEWORK_SEARCH_PATHS = (
					"$(SDKROOT)/Developer/Library/Frameworks",
					"$(inherited)",
					"$(DEVELOPER_FRAMEWORKS_DIR)",
				);
				GCC_C_LANGUAGE_STANDARD = gnu99;
				GCC_DYNAMIC_NO_PIC = NO;
				GCC_OPTIMIZATION_LEVEL = 0;
				GCC_PRECOMPILE_PREFIX_HEADER = YES;
				GCC_PREFIX_HEADER = "FestApp Tests/FestApp Tests-Prefix.pch";
				GCC_PREPROCESSOR_DEFINITIONS = (
					"DEBUG=1",
					"$(inherited)",
				);
				GCC_SYMBOLS_PRIVATE_EXTERN = NO;
				GCC_WARN_64_TO_32_BIT_CONVERSION = YES;
				GCC_WARN_ABOUT_RETURN_TYPE = YES_ERROR;
				GCC_WARN_UNDECLARED_SELECTOR = YES;
				GCC_WARN_UNINITIALIZED_AUTOS = YES_AGGRESSIVE;
				GCC_WARN_UNUSED_FUNCTION = YES;
				INFOPLIST_FILE = "FestApp Tests/FestApp Tests-Info.plist";
				IPHONEOS_DEPLOYMENT_TARGET = 7.1;
				PRODUCT_NAME = "$(TARGET_NAME)";
				TEST_HOST = "$(BUNDLE_LOADER)";
				WRAPPER_EXTENSION = xctest;
			};
			name = Debug;
		};
		744928A118F8595D00924012 /* Release */ = {
			isa = XCBuildConfiguration;
			buildSettings = {
				ALWAYS_SEARCH_USER_PATHS = NO;
				BUNDLE_LOADER = "$(BUILT_PRODUCTS_DIR)/FestApp.app/FestApp";
				CLANG_CXX_LANGUAGE_STANDARD = "gnu++0x";
				CLANG_CXX_LIBRARY = "libc++";
				CLANG_ENABLE_MODULES = YES;
				CLANG_ENABLE_OBJC_ARC = YES;
				CLANG_WARN_BOOL_CONVERSION = YES;
				CLANG_WARN_CONSTANT_CONVERSION = YES;
				CLANG_WARN_DIRECT_OBJC_ISA_USAGE = YES_ERROR;
				CLANG_WARN_EMPTY_BODY = YES;
				CLANG_WARN_ENUM_CONVERSION = YES;
				CLANG_WARN_INT_CONVERSION = YES;
				CLANG_WARN_OBJC_ROOT_CLASS = YES_ERROR;
				CLANG_WARN__DUPLICATE_METHOD_MATCH = YES;
				COPY_PHASE_STRIP = YES;
				ENABLE_NS_ASSERTIONS = NO;
				FRAMEWORK_SEARCH_PATHS = (
					"$(SDKROOT)/Developer/Library/Frameworks",
					"$(inherited)",
					"$(DEVELOPER_FRAMEWORKS_DIR)",
				);
				GCC_C_LANGUAGE_STANDARD = gnu99;
				GCC_PRECOMPILE_PREFIX_HEADER = YES;
				GCC_PREFIX_HEADER = "FestApp Tests/FestApp Tests-Prefix.pch";
				GCC_WARN_64_TO_32_BIT_CONVERSION = YES;
				GCC_WARN_ABOUT_RETURN_TYPE = YES_ERROR;
				GCC_WARN_UNDECLARED_SELECTOR = YES;
				GCC_WARN_UNINITIALIZED_AUTOS = YES_AGGRESSIVE;
				GCC_WARN_UNUSED_FUNCTION = YES;
				INFOPLIST_FILE = "FestApp Tests/FestApp Tests-Info.plist";
				IPHONEOS_DEPLOYMENT_TARGET = 7.1;
				PRODUCT_NAME = "$(TARGET_NAME)";
				TEST_HOST = "$(BUNDLE_LOADER)";
				VALIDATE_PRODUCT = YES;
				WRAPPER_EXTENSION = xctest;
			};
			name = Release;
		};
		C01FCF4F08A954540054247B /* Debug */ = {
			isa = XCBuildConfiguration;
			buildSettings = {
				"CODE_SIGN_IDENTITY[sdk=iphoneos*]" = "iPhone Developer";
				GCC_C_LANGUAGE_STANDARD = c99;
				GCC_PREFIX_HEADER = "$(SRCROOT)/FestApp_Prefix.pch";
				GCC_PREPROCESSOR_DEFINITIONS = (
					"DEBUG=1",
					"$(inherited)",
				);
				GCC_WARN_ABOUT_MISSING_PROTOTYPES = YES;
				GCC_WARN_ABOUT_RETURN_TYPE = YES;
				GCC_WARN_UNUSED_VARIABLE = YES;
				IPHONEOS_DEPLOYMENT_TARGET = 8.0;
				ONLY_ACTIVE_ARCH = YES;
				"PROVISIONING_PROFILE[sdk=iphoneos*]" = "";
				SDKROOT = iphoneos;
			};
			name = Debug;
		};
		C01FCF5008A954540054247B /* Release */ = {
			isa = XCBuildConfiguration;
			buildSettings = {
				"CODE_SIGN_IDENTITY[sdk=iphoneos*]" = "iPhone Distribution";
				GCC_C_LANGUAGE_STANDARD = c99;
				GCC_PREFIX_HEADER = "$(SRCROOT)/FestApp_Prefix.pch";
				GCC_WARN_ABOUT_MISSING_PROTOTYPES = YES;
				GCC_WARN_ABOUT_RETURN_TYPE = YES;
				GCC_WARN_UNUSED_VARIABLE = YES;
				IPHONEOS_DEPLOYMENT_TARGET = 8.0;
				ONLY_ACTIVE_ARCH = NO;
				OTHER_CFLAGS = (
					"$(inherited)",
					"-DNS_BLOCK_ASSERTIONS=1",
				);
				"PROVISIONING_PROFILE[sdk=iphoneos*]" = "";
				SDKROOT = iphoneos;
			};
			name = Release;
		};
/* End XCBuildConfiguration section */

/* Begin XCConfigurationList section */
		1D6058960D05DD3E006BFB54 /* Build configuration list for PBXNativeTarget "FestApp" */ = {
			isa = XCConfigurationList;
			buildConfigurations = (
				1D6058940D05DD3E006BFB54 /* Debug */,
				1D6058950D05DD3E006BFB54 /* Release */,
			);
			defaultConfigurationIsVisible = 0;
			defaultConfigurationName = Release;
		};
		744928A818F8595D00924012 /* Build configuration list for PBXNativeTarget "FestApp Tests" */ = {
			isa = XCConfigurationList;
			buildConfigurations = (
				744928A018F8595D00924012 /* Debug */,
				744928A118F8595D00924012 /* Release */,
			);
			defaultConfigurationIsVisible = 0;
			defaultConfigurationName = Release;
		};
		C01FCF4E08A954540054247B /* Build configuration list for PBXProject "FestApp" */ = {
			isa = XCConfigurationList;
			buildConfigurations = (
				C01FCF4F08A954540054247B /* Debug */,
				C01FCF5008A954540054247B /* Release */,
			);
			defaultConfigurationIsVisible = 0;
			defaultConfigurationName = Release;
		};
/* End XCConfigurationList section */
	};
	rootObject = 29B97313FDCFA39411CA2CEA /* Project object */;
}
