// !$*UTF8*$!
{
	archiveVersion = 1;
	classes = {
	};
	objectVersion = 46;
	objects = {

/* Begin PBXBuildFile section */
		1D3623260D0F684500981E51 /* FestAppDelegate.m in Sources */ = {isa = PBXBuildFile; fileRef = 1D3623250D0F684500981E51 /* FestAppDelegate.m */; };
		1D60589B0D05DD56006BFB54 /* main.m in Sources */ = {isa = PBXBuildFile; fileRef = 29B97316FDCFA39411CA2CEA /* main.m */; };
		1D60589F0D05DD5A006BFB54 /* Foundation.framework in Frameworks */ = {isa = PBXBuildFile; fileRef = 1D30AB110D05D00D00671497 /* Foundation.framework */; };
		1DF5F4E00D08C38300B7A737 /* UIKit.framework in Frameworks */ = {isa = PBXBuildFile; fileRef = 1DF5F4DF0D08C38300B7A737 /* UIKit.framework */; };
		288765080DF74369002DB57D /* CoreGraphics.framework in Frameworks */ = {isa = PBXBuildFile; fileRef = 288765070DF74369002DB57D /* CoreGraphics.framework */; };
		48AD03AD158A493F00546602 /* UIView+XYWidthHeight.m in Sources */ = {isa = PBXBuildFile; fileRef = 48AD03AC158A493F00546602 /* UIView+XYWidthHeight.m */; };
		48AD03B1158A52F700546602 /* Localizable.strings in Resources */ = {isa = PBXBuildFile; fileRef = 48AD03B3158A52F700546602 /* Localizable.strings */; };
		48EE8C3F158B719E00C5345E /* CFNetwork.framework in Frameworks */ = {isa = PBXBuildFile; fileRef = 48EE8C3E158B719D00C5345E /* CFNetwork.framework */; };
		48EE8C41158B721200C5345E /* SystemConfiguration.framework in Frameworks */ = {isa = PBXBuildFile; fileRef = 48EE8C40158B721100C5345E /* SystemConfiguration.framework */; };
		48EE8C43158B725000C5345E /* libz.dylib in Frameworks */ = {isa = PBXBuildFile; fileRef = 48EE8C42158B724F00C5345E /* libz.dylib */; };
		48EE8C45158B725B00C5345E /* MobileCoreServices.framework in Frameworks */ = {isa = PBXBuildFile; fileRef = 48EE8C44158B725A00C5345E /* MobileCoreServices.framework */; };
		48FFC5271784D065003F532F /* NSString+Additions.m in Sources */ = {isa = PBXBuildFile; fileRef = 48FFC5261784D065003F532F /* NSString+Additions.m */; };
		4D186E681393CC5200CDA3DB /* UIViewController+Additions.m in Sources */ = {isa = PBXBuildFile; fileRef = 4D186E671393CC5100CDA3DB /* UIViewController+Additions.m */; };
		4D186E6A1393CCA900CDA3DB /* QuartzCore.framework in Frameworks */ = {isa = PBXBuildFile; fileRef = 4D186E691393CCA800CDA3DB /* QuartzCore.framework */; };
		4D1ED386139C36B400BB1D47 /* Riff2.aif in Resources */ = {isa = PBXBuildFile; fileRef = 4D1ED385139C36B400BB1D47 /* Riff2.aif */; };
		4D1ED38B139CB81500BB1D47 /* Riff1.aif in Resources */ = {isa = PBXBuildFile; fileRef = 4D1ED38A139CB81500BB1D47 /* Riff1.aif */; };
		4D1ED38D139CBB7600BB1D47 /* AudioToolbox.framework in Frameworks */ = {isa = PBXBuildFile; fileRef = 4D1ED38C139CBB7600BB1D47 /* AudioToolbox.framework */; };
		4D2FA5F1139ACC5C00F03209 /* Stages.plist in Resources */ = {isa = PBXBuildFile; fileRef = 4D2FA5F0139ACC5C00F03209 /* Stages.plist */; };
		4D30E8411396CBAB007E9D0B /* AVFoundation.framework in Frameworks */ = {isa = PBXBuildFile; fileRef = 4D30E8401396CBA9007E9D0B /* AVFoundation.framework */; };
		4D587128138C13A700B0A0BC /* MapKit.framework in Frameworks */ = {isa = PBXBuildFile; fileRef = 4D587127138C13A700B0A0BC /* MapKit.framework */; };
		4D587155138C854500B0A0BC /* DayChooser.m in Sources */ = {isa = PBXBuildFile; fileRef = 4D587154138C854500B0A0BC /* DayChooser.m */; };
		7449289218F8595C00924012 /* XCTest.framework in Frameworks */ = {isa = PBXBuildFile; fileRef = 7449289118F8595C00924012 /* XCTest.framework */; };
		7449289318F8595C00924012 /* Foundation.framework in Frameworks */ = {isa = PBXBuildFile; fileRef = 1D30AB110D05D00D00671497 /* Foundation.framework */; };
		7449289418F8595C00924012 /* UIKit.framework in Frameworks */ = {isa = PBXBuildFile; fileRef = 1DF5F4DF0D08C38300B7A737 /* UIKit.framework */; };
		7449289A18F8595D00924012 /* InfoPlist.strings in Resources */ = {isa = PBXBuildFile; fileRef = 7449289818F8595D00924012 /* InfoPlist.strings */; };
		7449289C18F8595D00924012 /* FestApp_Tests.m in Sources */ = {isa = PBXBuildFile; fileRef = 7449289B18F8595D00924012 /* FestApp_Tests.m */; };
		882045421946B15A006D8DB8 /* default@2x.png in Resources */ = {isa = PBXBuildFile; fileRef = 882045411946B15A006D8DB8 /* default@2x.png */; };
		882045651946D735006D8DB8 /* RR14ScheduleViewController.m in Sources */ = {isa = PBXBuildFile; fileRef = 882045631946D735006D8DB8 /* RR14ScheduleViewController.m */; };
		882045661946D735006D8DB8 /* RR14ScheduleViewController.xib in Resources */ = {isa = PBXBuildFile; fileRef = 882045641946D735006D8DB8 /* RR14ScheduleViewController.xib */; };
		882045681946DADD006D8DB8 /* navigation-bar@2x.png in Resources */ = {isa = PBXBuildFile; fileRef = 882045671946DADD006D8DB8 /* navigation-bar@2x.png */; };
		8820456A1946DB6D006D8DB8 /* back_arrow@2x.png in Resources */ = {isa = PBXBuildFile; fileRef = 882045691946DB6D006D8DB8 /* back_arrow@2x.png */; };
		8820456E1946EA39006D8DB8 /* RR14NewsViewController.m in Sources */ = {isa = PBXBuildFile; fileRef = 8820456C1946EA39006D8DB8 /* RR14NewsViewController.m */; };
		8820456F1946EA39006D8DB8 /* RR14NewsViewController.xib in Resources */ = {isa = PBXBuildFile; fileRef = 8820456D1946EA39006D8DB8 /* RR14NewsViewController.xib */; };
		882045761946EAAD006D8DB8 /* RR14NewsItemViewController.m in Sources */ = {isa = PBXBuildFile; fileRef = 882045741946EAAD006D8DB8 /* RR14NewsItemViewController.m */; };
		8820457B1946EAFE006D8DB8 /* RR14ArtistViewController.m in Sources */ = {isa = PBXBuildFile; fileRef = 882045791946EAFE006D8DB8 /* RR14ArtistViewController.m */; };
		8820457C1946EAFE006D8DB8 /* RR14ArtistViewController.xib in Resources */ = {isa = PBXBuildFile; fileRef = 8820457A1946EAFE006D8DB8 /* RR14ArtistViewController.xib */; };
		882045801946EB6F006D8DB8 /* RR14ArtistsViewController.m in Sources */ = {isa = PBXBuildFile; fileRef = 8820457E1946EB6F006D8DB8 /* RR14ArtistsViewController.m */; };
		882045811946EB6F006D8DB8 /* RR14ArtistsViewController.xib in Resources */ = {isa = PBXBuildFile; fileRef = 8820457F1946EB6F006D8DB8 /* RR14ArtistsViewController.xib */; };
		88204585194711C8006D8DB8 /* frontpage-menu-ribbon@2x.png in Resources */ = {isa = PBXBuildFile; fileRef = 88204584194711C8006D8DB8 /* frontpage-menu-ribbon@2x.png */; };
		88355E7E19460719003E2F90 /* RR14Window.xib in Resources */ = {isa = PBXBuildFile; fileRef = 88355E7D19460719003E2F90 /* RR14Window.xib */; };
		88355E82194609E7003E2F90 /* RR14MainViewController.m in Sources */ = {isa = PBXBuildFile; fileRef = 88355E80194609E7003E2F90 /* RR14MainViewController.m */; };
		88355E83194609E7003E2F90 /* RR14MainViewController.xib in Resources */ = {isa = PBXBuildFile; fileRef = 88355E81194609E7003E2F90 /* RR14MainViewController.xib */; };
		88355E8619460C46003E2F90 /* ruisrock_logo_w_date@2x.png in Resources */ = {isa = PBXBuildFile; fileRef = 88355E8519460C46003E2F90 /* ruisrock_logo_w_date@2x.png */; };
		88902DB1194F46F100A81879 /* artist-placeholder@2x.png in Resources */ = {isa = PBXBuildFile; fileRef = 88902DB0194F46F100A81879 /* artist-placeholder@2x.png */; };
		88902DB9194F4DED00A81879 /* favourited-artist@2x.png in Resources */ = {isa = PBXBuildFile; fileRef = 88902DB8194F4DED00A81879 /* favourited-artist@2x.png */; };
		88902DBB194F5B5500A81879 /* schedule_bottom_deco_r4@2x.png in Resources */ = {isa = PBXBuildFile; fileRef = 88902DBA194F5B5500A81879 /* schedule_bottom_deco_r4@2x.png */; };
		8894AE3118DDF00000991593 /* FestDataManager.m in Sources */ = {isa = PBXBuildFile; fileRef = 8894AE3018DDF00000991593 /* FestDataManager.m */; };
		8894AE4018DDF7C000991593 /* libReactiveCocoa-iOS.a in Frameworks */ = {isa = PBXBuildFile; fileRef = 8894AE1918DDE68F00991593 /* libReactiveCocoa-iOS.a */; };
		88989F611949C0470016BD15 /* RR14ArtistViewCell.xib in Resources */ = {isa = PBXBuildFile; fileRef = 88989F601949C0470016BD15 /* RR14ArtistViewCell.xib */; };
		88989F641949C0EF0016BD15 /* RR14ArtistViewCell.m in Sources */ = {isa = PBXBuildFile; fileRef = 88989F631949C0EF0016BD15 /* RR14ArtistViewCell.m */; };
		88989F67194AE5A10016BD15 /* FestFavouritesManager.m in Sources */ = {isa = PBXBuildFile; fileRef = 88989F66194AE5A10016BD15 /* FestFavouritesManager.m */; };
		88989F6A194B57320016BD15 /* daychooser-selected@2x.png in Resources */ = {isa = PBXBuildFile; fileRef = 88989F68194B57320016BD15 /* daychooser-selected@2x.png */; };
		88989F6B194B57320016BD15 /* daychooser@2x.png in Resources */ = {isa = PBXBuildFile; fileRef = 88989F69194B57320016BD15 /* daychooser@2x.png */; };
		88989F6D194B8E3D0016BD15 /* map.png in Resources */ = {isa = PBXBuildFile; fileRef = 88989F6C194B8E3D0016BD15 /* map.png */; };
		88989F70194B9EDC0016BD15 /* InfoItem.m in Sources */ = {isa = PBXBuildFile; fileRef = 88989F6F194B9EDC0016BD15 /* InfoItem.m */; };
		88989F74194BA2BB0016BD15 /* RR14InfoViewController.m in Sources */ = {isa = PBXBuildFile; fileRef = 88989F72194BA2BB0016BD15 /* RR14InfoViewController.m */; };
		88989F75194BA2BB0016BD15 /* RR14InfoViewController.xib in Resources */ = {isa = PBXBuildFile; fileRef = 88989F73194BA2BB0016BD15 /* RR14InfoViewController.xib */; };
		88989F7A194EC72A0016BD15 /* spotify@2x.png in Resources */ = {isa = PBXBuildFile; fileRef = 88989F77194EC72A0016BD15 /* spotify@2x.png */; };
		88989F7B194EC72A0016BD15 /* youtube@2x.png in Resources */ = {isa = PBXBuildFile; fileRef = 88989F78194EC72A0016BD15 /* youtube@2x.png */; };
		88989F7D194ECF9E0016BD15 /* web-bg@2x.png in Resources */ = {isa = PBXBuildFile; fileRef = 88989F7C194ECF9E0016BD15 /* web-bg@2x.png */; };
		88989F81194ED0E30016BD15 /* RR14NewsViewCell.m in Sources */ = {isa = PBXBuildFile; fileRef = 88989F7F194ED0E30016BD15 /* RR14NewsViewCell.m */; };
		88989F82194ED0E30016BD15 /* RR14NewsViewCell.xib in Resources */ = {isa = PBXBuildFile; fileRef = 88989F80194ED0E30016BD15 /* RR14NewsViewCell.xib */; };
		88989F84194ED5AA0016BD15 /* news-item-bg@2x.png in Resources */ = {isa = PBXBuildFile; fileRef = 88989F83194ED5AA0016BD15 /* news-item-bg@2x.png */; };
		88989F8E194F33A80016BD15 /* artist_diagonal_stripe@2x.png in Resources */ = {isa = PBXBuildFile; fileRef = 88989F8C194F33A80016BD15 /* artist_diagonal_stripe@2x.png */; };
		88989F8F194F33A80016BD15 /* news_anchor@2x.png in Resources */ = {isa = PBXBuildFile; fileRef = 88989F8D194F33A80016BD15 /* news_anchor@2x.png */; };
		88B431911947185200589A83 /* RR14WebContentViewController.m in Sources */ = {isa = PBXBuildFile; fileRef = 88B4318F1947185100589A83 /* RR14WebContentViewController.m */; };
		88B431921947185200589A83 /* RR14WebContentViewController.xib in Resources */ = {isa = PBXBuildFile; fileRef = 88B431901947185100589A83 /* RR14WebContentViewController.xib */; };
		88B4319C19471C2B00589A83 /* RR14MapViewController.m in Sources */ = {isa = PBXBuildFile; fileRef = 88B4319A19471C2B00589A83 /* RR14MapViewController.m */; };
		88B4319D19471C2B00589A83 /* RR14MapViewController.xib in Resources */ = {isa = PBXBuildFile; fileRef = 88B4319B19471C2B00589A83 /* RR14MapViewController.xib */; };
		88B431A019473C4200589A83 /* NewsItem.m in Sources */ = {isa = PBXBuildFile; fileRef = 88B4319F19473C4200589A83 /* NewsItem.m */; };
		88B431A519473FC200589A83 /* artistit in Resources */ = {isa = PBXBuildFile; fileRef = 88B431A119473FC200589A83 /* artistit */; };
		88B431A619473FC200589A83 /* info in Resources */ = {isa = PBXBuildFile; fileRef = 88B431A219473FC200589A83 /* info */; };
		88B431A719473FC200589A83 /* ohjelma in Resources */ = {isa = PBXBuildFile; fileRef = 88B431A319473FC200589A83 /* ohjelma */; };
		88B431A819473FC200589A83 /* uutiset in Resources */ = {isa = PBXBuildFile; fileRef = 88B431A419473FC200589A83 /* uutiset */; };
		88B431BE1948347600589A83 /* ruisrock_iTunesArtwork.png in Resources */ = {isa = PBXBuildFile; fileRef = 88B431B31948347600589A83 /* ruisrock_iTunesArtwork.png */; };
		88B431BF1948347600589A83 /* ruisrock_iTunesArtwork@2x.png in Resources */ = {isa = PBXBuildFile; fileRef = 88B431B41948347600589A83 /* ruisrock_iTunesArtwork@2x.png */; };
		88B431C7194963DB00589A83 /* ruisrock_Icon@2x.png in Resources */ = {isa = PBXBuildFile; fileRef = 88B431C3194963DB00589A83 /* ruisrock_Icon@2x.png */; };
		88B431C9194963DB00589A83 /* ruisrock-80.png in Resources */ = {isa = PBXBuildFile; fileRef = 88B431C5194963DB00589A83 /* ruisrock-80.png */; };
		88B431CC19496FBE00589A83 /* FestImageManager.m in Sources */ = {isa = PBXBuildFile; fileRef = 88B431CB19496FBE00589A83 /* FestImageManager.m */; };
		88B431CF194974C600589A83 /* NSString+MD5.m in Sources */ = {isa = PBXBuildFile; fileRef = 88B431CE194974C600589A83 /* NSString+MD5.m */; };
		88BCA3CE18DEEFC800654E64 /* AFNetworkActivityIndicatorManager.m in Sources */ = {isa = PBXBuildFile; fileRef = 88BCA3BE18DEEFC800654E64 /* AFNetworkActivityIndicatorManager.m */; };
		88BCA3CF18DEEFC800654E64 /* UIActivityIndicatorView+AFNetworking.m in Sources */ = {isa = PBXBuildFile; fileRef = 88BCA3C018DEEFC800654E64 /* UIActivityIndicatorView+AFNetworking.m */; };
		88BCA3D018DEEFC800654E64 /* UIAlertView+AFNetworking.m in Sources */ = {isa = PBXBuildFile; fileRef = 88BCA3C218DEEFC800654E64 /* UIAlertView+AFNetworking.m */; };
		88BCA3D118DEEFC800654E64 /* UIButton+AFNetworking.m in Sources */ = {isa = PBXBuildFile; fileRef = 88BCA3C418DEEFC800654E64 /* UIButton+AFNetworking.m */; };
		88BCA3D218DEEFC800654E64 /* UIImageView+AFNetworking.m in Sources */ = {isa = PBXBuildFile; fileRef = 88BCA3C618DEEFC800654E64 /* UIImageView+AFNetworking.m */; };
		88BCA3D318DEEFC800654E64 /* UIProgressView+AFNetworking.m in Sources */ = {isa = PBXBuildFile; fileRef = 88BCA3C918DEEFC800654E64 /* UIProgressView+AFNetworking.m */; };
		88BCA3D418DEEFC800654E64 /* UIRefreshControl+AFNetworking.m in Sources */ = {isa = PBXBuildFile; fileRef = 88BCA3CB18DEEFC800654E64 /* UIRefreshControl+AFNetworking.m */; };
		88BCA3D518DEEFC800654E64 /* UIWebView+AFNetworking.m in Sources */ = {isa = PBXBuildFile; fileRef = 88BCA3CD18DEEFC800654E64 /* UIWebView+AFNetworking.m */; };
		88C1835F18DDC89C0014495D /* Security.framework in Frameworks */ = {isa = PBXBuildFile; fileRef = 88C1835E18DDC89C0014495D /* Security.framework */; };
		88C1839118DDCAAA0014495D /* AFHTTPRequestOperation.m in Sources */ = {isa = PBXBuildFile; fileRef = 88C1837F18DDCAAA0014495D /* AFHTTPRequestOperation.m */; };
		88C1839218DDCAAA0014495D /* AFHTTPRequestOperationManager.m in Sources */ = {isa = PBXBuildFile; fileRef = 88C1838118DDCAAA0014495D /* AFHTTPRequestOperationManager.m */; };
		88C1839318DDCAAA0014495D /* AFHTTPSessionManager.m in Sources */ = {isa = PBXBuildFile; fileRef = 88C1838318DDCAAA0014495D /* AFHTTPSessionManager.m */; };
		88C1839418DDCAAA0014495D /* AFNetworkReachabilityManager.m in Sources */ = {isa = PBXBuildFile; fileRef = 88C1838618DDCAAA0014495D /* AFNetworkReachabilityManager.m */; };
		88C1839518DDCAAA0014495D /* AFSecurityPolicy.m in Sources */ = {isa = PBXBuildFile; fileRef = 88C1838818DDCAAA0014495D /* AFSecurityPolicy.m */; };
		88C1839618DDCAAA0014495D /* AFURLConnectionOperation.m in Sources */ = {isa = PBXBuildFile; fileRef = 88C1838A18DDCAAA0014495D /* AFURLConnectionOperation.m */; };
		88C1839718DDCAAA0014495D /* AFURLRequestSerialization.m in Sources */ = {isa = PBXBuildFile; fileRef = 88C1838C18DDCAAA0014495D /* AFURLRequestSerialization.m */; };
		88C1839818DDCAAA0014495D /* AFURLResponseSerialization.m in Sources */ = {isa = PBXBuildFile; fileRef = 88C1838E18DDCAAA0014495D /* AFURLResponseSerialization.m */; };
		88C1839918DDCAAA0014495D /* AFURLSessionManager.m in Sources */ = {isa = PBXBuildFile; fileRef = 88C1839018DDCAAA0014495D /* AFURLSessionManager.m */; };
		88EE0F4418DDC06300592E51 /* FestHTTPSessionManager.m in Sources */ = {isa = PBXBuildFile; fileRef = 88EE0F4318DDC06300592E51 /* FestHTTPSessionManager.m */; };
		AD14D21918F97F47006890E7 /* (null) in Resources */ = {isa = PBXBuildFile; };
		AD68824819462C140015F409 /* fret@2x.png in Resources */ = {isa = PBXBuildFile; fileRef = AD68823F19462C140015F409 /* fret@2x.png */; };
		AD68824919462C140015F409 /* fretboard_bg@2x.png in Resources */ = {isa = PBXBuildFile; fileRef = AD68824019462C140015F409 /* fretboard_bg@2x.png */; };
		AD68824A19462C140015F409 /* fretboard_strings@2x.png in Resources */ = {isa = PBXBuildFile; fileRef = AD68824119462C140015F409 /* fretboard_strings@2x.png */; };
		AD68824B19462C140015F409 /* frontpage_bottom_deco@2x.png in Resources */ = {isa = PBXBuildFile; fileRef = AD68824219462C140015F409 /* frontpage_bottom_deco@2x.png */; };
		AD68824C19462C140015F409 /* ruisrock_logo_header@2x.png in Resources */ = {isa = PBXBuildFile; fileRef = AD68824319462C140015F409 /* ruisrock_logo_header@2x.png */; };
		AD68824D19462C140015F409 /* schedule_bottom_deco@2x.png in Resources */ = {isa = PBXBuildFile; fileRef = AD68824419462C140015F409 /* schedule_bottom_deco@2x.png */; };
		AD68824E19462C140015F409 /* schedule_favourite_selected@2x.png in Resources */ = {isa = PBXBuildFile; fileRef = AD68824519462C140015F409 /* schedule_favourite_selected@2x.png */; };
		AD68825019462C140015F409 /* schedule_favourite@2x.png in Resources */ = {isa = PBXBuildFile; fileRef = AD68824719462C140015F409 /* schedule_favourite@2x.png */; };
		ADE7A206194617A00073C4D8 /* bg_pattern_green@2x.png in Resources */ = {isa = PBXBuildFile; fileRef = ADE7A200194617A00073C4D8 /* bg_pattern_green@2x.png */; };
		ADE7A207194617A00073C4D8 /* bg_pattern_light@2x.png in Resources */ = {isa = PBXBuildFile; fileRef = ADE7A201194617A00073C4D8 /* bg_pattern_light@2x.png */; };
		ADE7A208194617A00073C4D8 /* default-568h@2x.png in Resources */ = {isa = PBXBuildFile; fileRef = ADE7A202194617A00073C4D8 /* default-568h@2x.png */; };
		ADE7A209194617A00073C4D8 /* frontpage_header_tree@2x.png in Resources */ = {isa = PBXBuildFile; fileRef = ADE7A203194617A00073C4D8 /* frontpage_header_tree@2x.png */; };
		ADE7A20A194617A00073C4D8 /* news_bg_flowers@2x.png in Resources */ = {isa = PBXBuildFile; fileRef = ADE7A204194617A00073C4D8 /* news_bg_flowers@2x.png */; };
		ADE7A20B194617A00073C4D8 /* water_line@2x.png in Resources */ = {isa = PBXBuildFile; fileRef = ADE7A205194617A00073C4D8 /* water_line@2x.png */; };
		ADE7A21719461EA80073C4D8 /* Images.xcassets in Resources */ = {isa = PBXBuildFile; fileRef = ADE7A21619461EA80073C4D8 /* Images.xcassets */; };
		CD7852321378AD2500711F11 /* CoreLocation.framework in Frameworks */ = {isa = PBXBuildFile; fileRef = CD7852311378AD2500711F11 /* CoreLocation.framework */; };
		CD7852501378B2D900711F11 /* Artist.m in Sources */ = {isa = PBXBuildFile; fileRef = CD78524F1378B2D900711F11 /* Artist.m */; };
		CD7852AC1378BD6C00711F11 /* NSDate+Additions.m in Sources */ = {isa = PBXBuildFile; fileRef = CD7852AB1378BD6C00711F11 /* NSDate+Additions.m */; };
		CD7853E7137AA39F00711F11 /* TimelineView.m in Sources */ = {isa = PBXBuildFile; fileRef = CD7853E6137AA39F00711F11 /* TimelineView.m */; };
/* End PBXBuildFile section */

/* Begin PBXContainerItemProxy section */
		7449289E18F8595D00924012 /* PBXContainerItemProxy */ = {
			isa = PBXContainerItemProxy;
			containerPortal = 29B97313FDCFA39411CA2CEA /* Project object */;
			proxyType = 1;
			remoteGlobalIDString = 1D6058900D05DD3D006BFB54;
			remoteInfo = FestApp;
		};
		8894AE1618DDE68F00991593 /* PBXContainerItemProxy */ = {
			isa = PBXContainerItemProxy;
			containerPortal = 8894AE0A18DDE68E00991593 /* ReactiveCocoa.xcodeproj */;
			proxyType = 2;
			remoteGlobalIDString = 88037F8315056328001A5B19;
			remoteInfo = ReactiveCocoa;
		};
		8894AE1818DDE68F00991593 /* PBXContainerItemProxy */ = {
			isa = PBXContainerItemProxy;
			containerPortal = 8894AE0A18DDE68E00991593 /* ReactiveCocoa.xcodeproj */;
			proxyType = 2;
			remoteGlobalIDString = 88F440AB153DAC820097B4C3;
			remoteInfo = "ReactiveCocoa-iOS";
		};
		8894AE1A18DDE68F00991593 /* PBXContainerItemProxy */ = {
			isa = PBXContainerItemProxy;
			containerPortal = 8894AE0A18DDE68E00991593 /* ReactiveCocoa.xcodeproj */;
			proxyType = 2;
			remoteGlobalIDString = 88CDF7DC15000FCF00163A9F;
			remoteInfo = ReactiveCocoaTests;
		};
		8894AE1C18DDE68F00991593 /* PBXContainerItemProxy */ = {
			isa = PBXContainerItemProxy;
			containerPortal = 8894AE0A18DDE68E00991593 /* ReactiveCocoa.xcodeproj */;
			proxyType = 2;
			remoteGlobalIDString = 5FAF5223174D4C2000CAC810;
			remoteInfo = "ReactiveCocoaTests-iOS";
		};
		8894AE1E18DDE68F00991593 /* PBXContainerItemProxy */ = {
			isa = PBXContainerItemProxy;
			containerPortal = 8894AE0A18DDE68E00991593 /* ReactiveCocoa.xcodeproj */;
			proxyType = 2;
			remoteGlobalIDString = 1860F412177C91B500C7B3C9;
			remoteInfo = "ReactiveCocoa-iOS-UIKitTestHost";
		};
		8894AE2018DDE68F00991593 /* PBXContainerItemProxy */ = {
			isa = PBXContainerItemProxy;
			containerPortal = 8894AE0A18DDE68E00991593 /* ReactiveCocoa.xcodeproj */;
			proxyType = 2;
			remoteGlobalIDString = 1860F430177C91B500C7B3C9;
			remoteInfo = "ReactiveCocoa-iOS-UIKitTestHostTests";
		};
		8894AE2218DDE68F00991593 /* PBXContainerItemProxy */ = {
			isa = PBXContainerItemProxy;
			containerPortal = 8894AE0A18DDE68E00991593 /* ReactiveCocoa.xcodeproj */;
			proxyType = 2;
			remoteGlobalIDString = D05AD39417F2D56F0080895B;
			remoteInfo = "ReactiveCocoa-Mac";
		};
		8894AE2418DDE71300991593 /* PBXContainerItemProxy */ = {
			isa = PBXContainerItemProxy;
			containerPortal = 8894AE0A18DDE68E00991593 /* ReactiveCocoa.xcodeproj */;
			proxyType = 1;
			remoteGlobalIDString = 88F440AA153DAC820097B4C3;
			remoteInfo = "ReactiveCocoa-iOS";
		};
/* End PBXContainerItemProxy section */

/* Begin PBXFileReference section */
		1D30AB110D05D00D00671497 /* Foundation.framework */ = {isa = PBXFileReference; lastKnownFileType = wrapper.framework; name = Foundation.framework; path = System/Library/Frameworks/Foundation.framework; sourceTree = SDKROOT; };
		1D3623240D0F684500981E51 /* FestAppDelegate.h */ = {isa = PBXFileReference; fileEncoding = 4; lastKnownFileType = sourcecode.c.h; lineEnding = 0; path = FestAppDelegate.h; sourceTree = "<group>"; xcLanguageSpecificationIdentifier = xcode.lang.objcpp; };
		1D3623250D0F684500981E51 /* FestAppDelegate.m */ = {isa = PBXFileReference; fileEncoding = 4; lastKnownFileType = sourcecode.c.objc; lineEnding = 0; path = FestAppDelegate.m; sourceTree = "<group>"; xcLanguageSpecificationIdentifier = xcode.lang.objc; };
		1D6058910D05DD3D006BFB54 /* FestApp.app */ = {isa = PBXFileReference; explicitFileType = wrapper.application; includeInIndex = 0; path = FestApp.app; sourceTree = BUILT_PRODUCTS_DIR; };
		1DF5F4DF0D08C38300B7A737 /* UIKit.framework */ = {isa = PBXFileReference; lastKnownFileType = wrapper.framework; name = UIKit.framework; path = System/Library/Frameworks/UIKit.framework; sourceTree = SDKROOT; };
		288765070DF74369002DB57D /* CoreGraphics.framework */ = {isa = PBXFileReference; lastKnownFileType = wrapper.framework; name = CoreGraphics.framework; path = System/Library/Frameworks/CoreGraphics.framework; sourceTree = SDKROOT; };
		28A0AB4B0D9B1048005BE974 /* FestApp_Prefix.pch */ = {isa = PBXFileReference; fileEncoding = 4; lastKnownFileType = sourcecode.c.h; path = FestApp_Prefix.pch; sourceTree = "<group>"; };
		29B97316FDCFA39411CA2CEA /* main.m */ = {isa = PBXFileReference; fileEncoding = 4; lastKnownFileType = sourcecode.c.objc; path = main.m; sourceTree = "<group>"; };
		489769AC158A56C40075DD04 /* fi */ = {isa = PBXFileReference; lastKnownFileType = text.plist.strings; lineEnding = 0; name = fi; path = fi.lproj/Localizable.strings; sourceTree = "<group>"; xcLanguageSpecificationIdentifier = xcode.lang.simpleColoring; };
		48AD03AB158A493F00546602 /* UIView+XYWidthHeight.h */ = {isa = PBXFileReference; fileEncoding = 4; lastKnownFileType = sourcecode.c.h; path = "UIView+XYWidthHeight.h"; sourceTree = "<group>"; };
		48AD03AC158A493F00546602 /* UIView+XYWidthHeight.m */ = {isa = PBXFileReference; fileEncoding = 4; lastKnownFileType = sourcecode.c.objc; path = "UIView+XYWidthHeight.m"; sourceTree = "<group>"; };
		48AD03B2158A52F700546602 /* en */ = {isa = PBXFileReference; lastKnownFileType = text.plist.strings; name = en; path = en.lproj/Localizable.strings; sourceTree = "<group>"; };
		48EE8C3E158B719D00C5345E /* CFNetwork.framework */ = {isa = PBXFileReference; lastKnownFileType = wrapper.framework; name = CFNetwork.framework; path = System/Library/Frameworks/CFNetwork.framework; sourceTree = SDKROOT; };
		48EE8C40158B721100C5345E /* SystemConfiguration.framework */ = {isa = PBXFileReference; lastKnownFileType = wrapper.framework; name = SystemConfiguration.framework; path = System/Library/Frameworks/SystemConfiguration.framework; sourceTree = SDKROOT; };
		48EE8C42158B724F00C5345E /* libz.dylib */ = {isa = PBXFileReference; lastKnownFileType = "compiled.mach-o.dylib"; name = libz.dylib; path = usr/lib/libz.dylib; sourceTree = SDKROOT; };
		48EE8C44158B725A00C5345E /* MobileCoreServices.framework */ = {isa = PBXFileReference; lastKnownFileType = wrapper.framework; name = MobileCoreServices.framework; path = System/Library/Frameworks/MobileCoreServices.framework; sourceTree = SDKROOT; };
		48FFC5251784D065003F532F /* NSString+Additions.h */ = {isa = PBXFileReference; fileEncoding = 4; lastKnownFileType = sourcecode.c.h; path = "NSString+Additions.h"; sourceTree = "<group>"; };
		48FFC5261784D065003F532F /* NSString+Additions.m */ = {isa = PBXFileReference; fileEncoding = 4; lastKnownFileType = sourcecode.c.objc; path = "NSString+Additions.m"; sourceTree = "<group>"; };
		4D186E661393CC5100CDA3DB /* UIViewController+Additions.h */ = {isa = PBXFileReference; fileEncoding = 4; lastKnownFileType = sourcecode.c.h; path = "UIViewController+Additions.h"; sourceTree = "<group>"; };
		4D186E671393CC5100CDA3DB /* UIViewController+Additions.m */ = {isa = PBXFileReference; fileEncoding = 4; lastKnownFileType = sourcecode.c.objc; path = "UIViewController+Additions.m"; sourceTree = "<group>"; };
		4D186E691393CCA800CDA3DB /* QuartzCore.framework */ = {isa = PBXFileReference; lastKnownFileType = wrapper.framework; name = QuartzCore.framework; path = System/Library/Frameworks/QuartzCore.framework; sourceTree = SDKROOT; };
		4D1ED385139C36B400BB1D47 /* Riff2.aif */ = {isa = PBXFileReference; lastKnownFileType = file; name = Riff2.aif; path = Resources/Riff2.aif; sourceTree = "<group>"; };
		4D1ED38A139CB81500BB1D47 /* Riff1.aif */ = {isa = PBXFileReference; lastKnownFileType = file; name = Riff1.aif; path = Resources/Riff1.aif; sourceTree = "<group>"; };
		4D1ED38C139CBB7600BB1D47 /* AudioToolbox.framework */ = {isa = PBXFileReference; lastKnownFileType = wrapper.framework; name = AudioToolbox.framework; path = System/Library/Frameworks/AudioToolbox.framework; sourceTree = SDKROOT; };
		4D2FA5F0139ACC5C00F03209 /* Stages.plist */ = {isa = PBXFileReference; fileEncoding = 4; lastKnownFileType = text.plist.xml; name = Stages.plist; path = Resources/Content/Stages.plist; sourceTree = "<group>"; };
		4D2FA5F2139BE6E500F03209 /* FestApp.h */ = {isa = PBXFileReference; fileEncoding = 4; lastKnownFileType = sourcecode.c.h; name = FestApp.h; path = ../FestApp.h; sourceTree = "<group>"; };
		4D30E8401396CBA9007E9D0B /* AVFoundation.framework */ = {isa = PBXFileReference; lastKnownFileType = wrapper.framework; name = AVFoundation.framework; path = System/Library/Frameworks/AVFoundation.framework; sourceTree = SDKROOT; };
		4D587127138C13A700B0A0BC /* MapKit.framework */ = {isa = PBXFileReference; lastKnownFileType = wrapper.framework; name = MapKit.framework; path = System/Library/Frameworks/MapKit.framework; sourceTree = SDKROOT; };
		4D587153138C854500B0A0BC /* DayChooser.h */ = {isa = PBXFileReference; fileEncoding = 4; lastKnownFileType = sourcecode.c.h; path = DayChooser.h; sourceTree = "<group>"; };
		4D587154138C854500B0A0BC /* DayChooser.m */ = {isa = PBXFileReference; fileEncoding = 4; lastKnownFileType = sourcecode.c.objc; path = DayChooser.m; sourceTree = "<group>"; };
		7449289018F8595C00924012 /* FestApp Tests.xctest */ = {isa = PBXFileReference; explicitFileType = wrapper.cfbundle; includeInIndex = 0; path = "FestApp Tests.xctest"; sourceTree = BUILT_PRODUCTS_DIR; };
		7449289118F8595C00924012 /* XCTest.framework */ = {isa = PBXFileReference; lastKnownFileType = wrapper.framework; name = XCTest.framework; path = Library/Frameworks/XCTest.framework; sourceTree = DEVELOPER_DIR; };
		7449289718F8595C00924012 /* FestApp Tests-Info.plist */ = {isa = PBXFileReference; lastKnownFileType = text.plist.xml; path = "FestApp Tests-Info.plist"; sourceTree = "<group>"; };
		7449289918F8595D00924012 /* en */ = {isa = PBXFileReference; lastKnownFileType = text.plist.strings; name = en; path = en.lproj/InfoPlist.strings; sourceTree = "<group>"; };
		7449289B18F8595D00924012 /* FestApp_Tests.m */ = {isa = PBXFileReference; lastKnownFileType = sourcecode.c.objc; path = FestApp_Tests.m; sourceTree = "<group>"; };
		7449289D18F8595D00924012 /* FestApp Tests-Prefix.pch */ = {isa = PBXFileReference; lastKnownFileType = sourcecode.c.h; path = "FestApp Tests-Prefix.pch"; sourceTree = "<group>"; };
		882045411946B15A006D8DB8 /* default@2x.png */ = {isa = PBXFileReference; lastKnownFileType = image.png; name = "default@2x.png"; path = "Resources/Ruisrock2014/default@2x.png"; sourceTree = "<group>"; };
		882045621946D735006D8DB8 /* RR14ScheduleViewController.h */ = {isa = PBXFileReference; fileEncoding = 4; lastKnownFileType = sourcecode.c.h; name = RR14ScheduleViewController.h; path = Ruisrock2014/RR14ScheduleViewController.h; sourceTree = "<group>"; };
		882045631946D735006D8DB8 /* RR14ScheduleViewController.m */ = {isa = PBXFileReference; fileEncoding = 4; lastKnownFileType = sourcecode.c.objc; name = RR14ScheduleViewController.m; path = Ruisrock2014/RR14ScheduleViewController.m; sourceTree = "<group>"; };
		882045641946D735006D8DB8 /* RR14ScheduleViewController.xib */ = {isa = PBXFileReference; fileEncoding = 4; lastKnownFileType = file.xib; name = RR14ScheduleViewController.xib; path = Ruisrock2014/RR14ScheduleViewController.xib; sourceTree = "<group>"; };
		882045671946DADD006D8DB8 /* navigation-bar@2x.png */ = {isa = PBXFileReference; lastKnownFileType = image.png; name = "navigation-bar@2x.png"; path = "Resources/Ruisrock2014/navigation-bar@2x.png"; sourceTree = "<group>"; };
		882045691946DB6D006D8DB8 /* back_arrow@2x.png */ = {isa = PBXFileReference; lastKnownFileType = image.png; name = "back_arrow@2x.png"; path = "Resources/Ruisrock2014/back_arrow@2x.png"; sourceTree = "<group>"; };
		8820456B1946EA39006D8DB8 /* RR14NewsViewController.h */ = {isa = PBXFileReference; fileEncoding = 4; lastKnownFileType = sourcecode.c.h; name = RR14NewsViewController.h; path = Ruisrock2014/RR14NewsViewController.h; sourceTree = "<group>"; };
		8820456C1946EA39006D8DB8 /* RR14NewsViewController.m */ = {isa = PBXFileReference; fileEncoding = 4; lastKnownFileType = sourcecode.c.objc; name = RR14NewsViewController.m; path = Ruisrock2014/RR14NewsViewController.m; sourceTree = "<group>"; };
		8820456D1946EA39006D8DB8 /* RR14NewsViewController.xib */ = {isa = PBXFileReference; fileEncoding = 4; lastKnownFileType = file.xib; name = RR14NewsViewController.xib; path = Ruisrock2014/RR14NewsViewController.xib; sourceTree = "<group>"; };
		882045731946EAAD006D8DB8 /* RR14NewsItemViewController.h */ = {isa = PBXFileReference; fileEncoding = 4; lastKnownFileType = sourcecode.c.h; name = RR14NewsItemViewController.h; path = Ruisrock2014/RR14NewsItemViewController.h; sourceTree = "<group>"; };
		882045741946EAAD006D8DB8 /* RR14NewsItemViewController.m */ = {isa = PBXFileReference; fileEncoding = 4; lastKnownFileType = sourcecode.c.objc; name = RR14NewsItemViewController.m; path = Ruisrock2014/RR14NewsItemViewController.m; sourceTree = "<group>"; };
		882045781946EAFE006D8DB8 /* RR14ArtistViewController.h */ = {isa = PBXFileReference; fileEncoding = 4; lastKnownFileType = sourcecode.c.h; name = RR14ArtistViewController.h; path = Ruisrock2014/RR14ArtistViewController.h; sourceTree = "<group>"; };
		882045791946EAFE006D8DB8 /* RR14ArtistViewController.m */ = {isa = PBXFileReference; fileEncoding = 4; lastKnownFileType = sourcecode.c.objc; name = RR14ArtistViewController.m; path = Ruisrock2014/RR14ArtistViewController.m; sourceTree = "<group>"; };
		8820457A1946EAFE006D8DB8 /* RR14ArtistViewController.xib */ = {isa = PBXFileReference; fileEncoding = 4; lastKnownFileType = file.xib; name = RR14ArtistViewController.xib; path = Ruisrock2014/RR14ArtistViewController.xib; sourceTree = "<group>"; };
		8820457D1946EB6F006D8DB8 /* RR14ArtistsViewController.h */ = {isa = PBXFileReference; fileEncoding = 4; lastKnownFileType = sourcecode.c.h; name = RR14ArtistsViewController.h; path = Ruisrock2014/RR14ArtistsViewController.h; sourceTree = "<group>"; };
		8820457E1946EB6F006D8DB8 /* RR14ArtistsViewController.m */ = {isa = PBXFileReference; fileEncoding = 4; lastKnownFileType = sourcecode.c.objc; name = RR14ArtistsViewController.m; path = Ruisrock2014/RR14ArtistsViewController.m; sourceTree = "<group>"; };
		8820457F1946EB6F006D8DB8 /* RR14ArtistsViewController.xib */ = {isa = PBXFileReference; fileEncoding = 4; lastKnownFileType = file.xib; name = RR14ArtistsViewController.xib; path = Ruisrock2014/RR14ArtistsViewController.xib; sourceTree = "<group>"; };
		88204584194711C8006D8DB8 /* frontpage-menu-ribbon@2x.png */ = {isa = PBXFileReference; lastKnownFileType = image.png; name = "frontpage-menu-ribbon@2x.png"; path = "Resources/Ruisrock2014/frontpage-menu-ribbon@2x.png"; sourceTree = "<group>"; };
		88355E7D19460719003E2F90 /* RR14Window.xib */ = {isa = PBXFileReference; fileEncoding = 4; lastKnownFileType = file.xib; name = RR14Window.xib; path = Ruisrock2014/RR14Window.xib; sourceTree = "<group>"; };
		88355E7F194609E7003E2F90 /* RR14MainViewController.h */ = {isa = PBXFileReference; fileEncoding = 4; lastKnownFileType = sourcecode.c.h; name = RR14MainViewController.h; path = Ruisrock2014/RR14MainViewController.h; sourceTree = "<group>"; };
		88355E80194609E7003E2F90 /* RR14MainViewController.m */ = {isa = PBXFileReference; fileEncoding = 4; lastKnownFileType = sourcecode.c.objc; name = RR14MainViewController.m; path = Ruisrock2014/RR14MainViewController.m; sourceTree = "<group>"; };
		88355E81194609E7003E2F90 /* RR14MainViewController.xib */ = {isa = PBXFileReference; fileEncoding = 4; lastKnownFileType = file.xib; name = RR14MainViewController.xib; path = Ruisrock2014/RR14MainViewController.xib; sourceTree = "<group>"; };
		88355E8519460C46003E2F90 /* ruisrock_logo_w_date@2x.png */ = {isa = PBXFileReference; lastKnownFileType = image.png; name = "ruisrock_logo_w_date@2x.png"; path = "Resources/Ruisrock2014/ruisrock_logo_w_date@2x.png"; sourceTree = "<group>"; };
		88902DB0194F46F100A81879 /* artist-placeholder@2x.png */ = {isa = PBXFileReference; lastKnownFileType = image.png; name = "artist-placeholder@2x.png"; path = "Resources/Ruisrock2014/artist-placeholder@2x.png"; sourceTree = "<group>"; };
		88902DB8194F4DED00A81879 /* favourited-artist@2x.png */ = {isa = PBXFileReference; lastKnownFileType = image.png; name = "favourited-artist@2x.png"; path = "Resources/Ruisrock2014/favourited-artist@2x.png"; sourceTree = "<group>"; };
		88902DBA194F5B5500A81879 /* schedule_bottom_deco_r4@2x.png */ = {isa = PBXFileReference; lastKnownFileType = image.png; name = "schedule_bottom_deco_r4@2x.png"; path = "Resources/Ruisrock2014/schedule_bottom_deco_r4@2x.png"; sourceTree = "<group>"; };
		8894AE0A18DDE68E00991593 /* ReactiveCocoa.xcodeproj */ = {isa = PBXFileReference; lastKnownFileType = "wrapper.pb-project"; name = ReactiveCocoa.xcodeproj; path = ReactiveCocoa/ReactiveCocoaFramework/ReactiveCocoa.xcodeproj; sourceTree = "<group>"; };
		8894AE2F18DDF00000991593 /* FestDataManager.h */ = {isa = PBXFileReference; fileEncoding = 4; lastKnownFileType = sourcecode.c.h; path = FestDataManager.h; sourceTree = "<group>"; };
		8894AE3018DDF00000991593 /* FestDataManager.m */ = {isa = PBXFileReference; fileEncoding = 4; lastKnownFileType = sourcecode.c.objc; path = FestDataManager.m; sourceTree = "<group>"; };
		88989F601949C0470016BD15 /* RR14ArtistViewCell.xib */ = {isa = PBXFileReference; fileEncoding = 4; lastKnownFileType = file.xib; name = RR14ArtistViewCell.xib; path = Ruisrock2014/RR14ArtistViewCell.xib; sourceTree = "<group>"; };
		88989F621949C0EF0016BD15 /* RR14ArtistViewCell.h */ = {isa = PBXFileReference; fileEncoding = 4; lastKnownFileType = sourcecode.c.h; name = RR14ArtistViewCell.h; path = Ruisrock2014/RR14ArtistViewCell.h; sourceTree = "<group>"; };
		88989F631949C0EF0016BD15 /* RR14ArtistViewCell.m */ = {isa = PBXFileReference; fileEncoding = 4; lastKnownFileType = sourcecode.c.objc; name = RR14ArtistViewCell.m; path = Ruisrock2014/RR14ArtistViewCell.m; sourceTree = "<group>"; };
		88989F65194AE5A10016BD15 /* FestFavouritesManager.h */ = {isa = PBXFileReference; fileEncoding = 4; lastKnownFileType = sourcecode.c.h; path = FestFavouritesManager.h; sourceTree = "<group>"; };
		88989F66194AE5A10016BD15 /* FestFavouritesManager.m */ = {isa = PBXFileReference; fileEncoding = 4; lastKnownFileType = sourcecode.c.objc; path = FestFavouritesManager.m; sourceTree = "<group>"; };
		88989F68194B57320016BD15 /* daychooser-selected@2x.png */ = {isa = PBXFileReference; lastKnownFileType = image.png; name = "daychooser-selected@2x.png"; path = "Resources/Ruisrock2014/daychooser-selected@2x.png"; sourceTree = "<group>"; };
		88989F69194B57320016BD15 /* daychooser@2x.png */ = {isa = PBXFileReference; lastKnownFileType = image.png; name = "daychooser@2x.png"; path = "Resources/Ruisrock2014/daychooser@2x.png"; sourceTree = "<group>"; };
		88989F6C194B8E3D0016BD15 /* map.png */ = {isa = PBXFileReference; lastKnownFileType = image.png; name = map.png; path = Resources/Ruisrock2014/map.png; sourceTree = "<group>"; };
		88989F6E194B9EDC0016BD15 /* InfoItem.h */ = {isa = PBXFileReference; fileEncoding = 4; lastKnownFileType = sourcecode.c.h; path = InfoItem.h; sourceTree = "<group>"; };
		88989F6F194B9EDC0016BD15 /* InfoItem.m */ = {isa = PBXFileReference; fileEncoding = 4; lastKnownFileType = sourcecode.c.objc; path = InfoItem.m; sourceTree = "<group>"; };
		88989F71194BA2BB0016BD15 /* RR14InfoViewController.h */ = {isa = PBXFileReference; fileEncoding = 4; lastKnownFileType = sourcecode.c.h; name = RR14InfoViewController.h; path = Ruisrock2014/RR14InfoViewController.h; sourceTree = "<group>"; };
		88989F72194BA2BB0016BD15 /* RR14InfoViewController.m */ = {isa = PBXFileReference; fileEncoding = 4; lastKnownFileType = sourcecode.c.objc; name = RR14InfoViewController.m; path = Ruisrock2014/RR14InfoViewController.m; sourceTree = "<group>"; };
		88989F73194BA2BB0016BD15 /* RR14InfoViewController.xib */ = {isa = PBXFileReference; fileEncoding = 4; lastKnownFileType = file.xib; name = RR14InfoViewController.xib; path = Ruisrock2014/RR14InfoViewController.xib; sourceTree = "<group>"; };
		88989F77194EC72A0016BD15 /* spotify@2x.png */ = {isa = PBXFileReference; lastKnownFileType = image.png; name = "spotify@2x.png"; path = "Resources/Ruisrock2014/spotify@2x.png"; sourceTree = "<group>"; };
		88989F78194EC72A0016BD15 /* youtube@2x.png */ = {isa = PBXFileReference; lastKnownFileType = image.png; name = "youtube@2x.png"; path = "Resources/Ruisrock2014/youtube@2x.png"; sourceTree = "<group>"; };
		88989F7C194ECF9E0016BD15 /* web-bg@2x.png */ = {isa = PBXFileReference; lastKnownFileType = image.png; name = "web-bg@2x.png"; path = "Resources/Ruisrock2014/web-bg@2x.png"; sourceTree = "<group>"; };
		88989F7E194ED0E20016BD15 /* RR14NewsViewCell.h */ = {isa = PBXFileReference; fileEncoding = 4; lastKnownFileType = sourcecode.c.h; name = RR14NewsViewCell.h; path = Ruisrock2014/RR14NewsViewCell.h; sourceTree = "<group>"; };
		88989F7F194ED0E30016BD15 /* RR14NewsViewCell.m */ = {isa = PBXFileReference; fileEncoding = 4; lastKnownFileType = sourcecode.c.objc; name = RR14NewsViewCell.m; path = Ruisrock2014/RR14NewsViewCell.m; sourceTree = "<group>"; };
		88989F80194ED0E30016BD15 /* RR14NewsViewCell.xib */ = {isa = PBXFileReference; fileEncoding = 4; lastKnownFileType = file.xib; name = RR14NewsViewCell.xib; path = Ruisrock2014/RR14NewsViewCell.xib; sourceTree = "<group>"; };
		88989F83194ED5AA0016BD15 /* news-item-bg@2x.png */ = {isa = PBXFileReference; lastKnownFileType = image.png; name = "news-item-bg@2x.png"; path = "Resources/Ruisrock2014/news-item-bg@2x.png"; sourceTree = "<group>"; };
		88989F8C194F33A80016BD15 /* artist_diagonal_stripe@2x.png */ = {isa = PBXFileReference; lastKnownFileType = image.png; name = "artist_diagonal_stripe@2x.png"; path = "Resources/Ruisrock2014/artist_diagonal_stripe@2x.png"; sourceTree = "<group>"; };
		88989F8D194F33A80016BD15 /* news_anchor@2x.png */ = {isa = PBXFileReference; lastKnownFileType = image.png; name = "news_anchor@2x.png"; path = "Resources/Ruisrock2014/news_anchor@2x.png"; sourceTree = "<group>"; };
		88B4318E1947185100589A83 /* RR14WebContentViewController.h */ = {isa = PBXFileReference; fileEncoding = 4; lastKnownFileType = sourcecode.c.h; name = RR14WebContentViewController.h; path = Ruisrock2014/RR14WebContentViewController.h; sourceTree = "<group>"; };
		88B4318F1947185100589A83 /* RR14WebContentViewController.m */ = {isa = PBXFileReference; fileEncoding = 4; lastKnownFileType = sourcecode.c.objc; name = RR14WebContentViewController.m; path = Ruisrock2014/RR14WebContentViewController.m; sourceTree = "<group>"; };
		88B431901947185100589A83 /* RR14WebContentViewController.xib */ = {isa = PBXFileReference; fileEncoding = 4; lastKnownFileType = file.xib; name = RR14WebContentViewController.xib; path = Ruisrock2014/RR14WebContentViewController.xib; sourceTree = "<group>"; };
		88B4319919471C2B00589A83 /* RR14MapViewController.h */ = {isa = PBXFileReference; fileEncoding = 4; lastKnownFileType = sourcecode.c.h; name = RR14MapViewController.h; path = Ruisrock2014/RR14MapViewController.h; sourceTree = "<group>"; };
		88B4319A19471C2B00589A83 /* RR14MapViewController.m */ = {isa = PBXFileReference; fileEncoding = 4; lastKnownFileType = sourcecode.c.objc; name = RR14MapViewController.m; path = Ruisrock2014/RR14MapViewController.m; sourceTree = "<group>"; };
		88B4319B19471C2B00589A83 /* RR14MapViewController.xib */ = {isa = PBXFileReference; fileEncoding = 4; lastKnownFileType = file.xib; name = RR14MapViewController.xib; path = Ruisrock2014/RR14MapViewController.xib; sourceTree = "<group>"; };
		88B4319E19473C4200589A83 /* NewsItem.h */ = {isa = PBXFileReference; fileEncoding = 4; lastKnownFileType = sourcecode.c.h; path = NewsItem.h; sourceTree = "<group>"; };
		88B4319F19473C4200589A83 /* NewsItem.m */ = {isa = PBXFileReference; fileEncoding = 4; lastKnownFileType = sourcecode.c.objc; path = NewsItem.m; sourceTree = "<group>"; };
		88B431A119473FC200589A83 /* artistit */ = {isa = PBXFileReference; fileEncoding = 4; lastKnownFileType = text; name = artistit; path = Resources/Content/artistit; sourceTree = "<group>"; };
		88B431A219473FC200589A83 /* info */ = {isa = PBXFileReference; fileEncoding = 4; lastKnownFileType = text; name = info; path = Resources/Content/info; sourceTree = "<group>"; };
		88B431A319473FC200589A83 /* ohjelma */ = {isa = PBXFileReference; fileEncoding = 4; lastKnownFileType = text; name = ohjelma; path = Resources/Content/ohjelma; sourceTree = "<group>"; };
		88B431A419473FC200589A83 /* uutiset */ = {isa = PBXFileReference; fileEncoding = 4; lastKnownFileType = text; name = uutiset; path = Resources/Content/uutiset; sourceTree = "<group>"; };
		88B431B31948347600589A83 /* ruisrock_iTunesArtwork.png */ = {isa = PBXFileReference; lastKnownFileType = image.png; path = ruisrock_iTunesArtwork.png; sourceTree = "<group>"; };
		88B431B41948347600589A83 /* ruisrock_iTunesArtwork@2x.png */ = {isa = PBXFileReference; lastKnownFileType = image.png; path = "ruisrock_iTunesArtwork@2x.png"; sourceTree = "<group>"; };
		88B431C3194963DB00589A83 /* ruisrock_Icon@2x.png */ = {isa = PBXFileReference; lastKnownFileType = image.png; path = "ruisrock_Icon@2x.png"; sourceTree = "<group>"; };
		88B431C5194963DB00589A83 /* ruisrock-80.png */ = {isa = PBXFileReference; lastKnownFileType = image.png; path = "ruisrock-80.png"; sourceTree = "<group>"; };
		88B431CA19496FBE00589A83 /* FestImageManager.h */ = {isa = PBXFileReference; fileEncoding = 4; lastKnownFileType = sourcecode.c.h; path = FestImageManager.h; sourceTree = "<group>"; };
		88B431CB19496FBE00589A83 /* FestImageManager.m */ = {isa = PBXFileReference; fileEncoding = 4; lastKnownFileType = sourcecode.c.objc; path = FestImageManager.m; sourceTree = "<group>"; };
		88B431CD194974C600589A83 /* NSString+MD5.h */ = {isa = PBXFileReference; fileEncoding = 4; lastKnownFileType = sourcecode.c.h; path = "NSString+MD5.h"; sourceTree = "<group>"; };
		88B431CE194974C600589A83 /* NSString+MD5.m */ = {isa = PBXFileReference; fileEncoding = 4; lastKnownFileType = sourcecode.c.objc; path = "NSString+MD5.m"; sourceTree = "<group>"; };
		88BCA3BD18DEEFC800654E64 /* AFNetworkActivityIndicatorManager.h */ = {isa = PBXFileReference; fileEncoding = 4; lastKnownFileType = sourcecode.c.h; path = AFNetworkActivityIndicatorManager.h; sourceTree = "<group>"; };
		88BCA3BE18DEEFC800654E64 /* AFNetworkActivityIndicatorManager.m */ = {isa = PBXFileReference; fileEncoding = 4; lastKnownFileType = sourcecode.c.objc; path = AFNetworkActivityIndicatorManager.m; sourceTree = "<group>"; };
		88BCA3BF18DEEFC800654E64 /* UIActivityIndicatorView+AFNetworking.h */ = {isa = PBXFileReference; fileEncoding = 4; lastKnownFileType = sourcecode.c.h; path = "UIActivityIndicatorView+AFNetworking.h"; sourceTree = "<group>"; };
		88BCA3C018DEEFC800654E64 /* UIActivityIndicatorView+AFNetworking.m */ = {isa = PBXFileReference; fileEncoding = 4; lastKnownFileType = sourcecode.c.objc; path = "UIActivityIndicatorView+AFNetworking.m"; sourceTree = "<group>"; };
		88BCA3C118DEEFC800654E64 /* UIAlertView+AFNetworking.h */ = {isa = PBXFileReference; fileEncoding = 4; lastKnownFileType = sourcecode.c.h; path = "UIAlertView+AFNetworking.h"; sourceTree = "<group>"; };
		88BCA3C218DEEFC800654E64 /* UIAlertView+AFNetworking.m */ = {isa = PBXFileReference; fileEncoding = 4; lastKnownFileType = sourcecode.c.objc; path = "UIAlertView+AFNetworking.m"; sourceTree = "<group>"; };
		88BCA3C318DEEFC800654E64 /* UIButton+AFNetworking.h */ = {isa = PBXFileReference; fileEncoding = 4; lastKnownFileType = sourcecode.c.h; path = "UIButton+AFNetworking.h"; sourceTree = "<group>"; };
		88BCA3C418DEEFC800654E64 /* UIButton+AFNetworking.m */ = {isa = PBXFileReference; fileEncoding = 4; lastKnownFileType = sourcecode.c.objc; path = "UIButton+AFNetworking.m"; sourceTree = "<group>"; };
		88BCA3C518DEEFC800654E64 /* UIImageView+AFNetworking.h */ = {isa = PBXFileReference; fileEncoding = 4; lastKnownFileType = sourcecode.c.h; path = "UIImageView+AFNetworking.h"; sourceTree = "<group>"; };
		88BCA3C618DEEFC800654E64 /* UIImageView+AFNetworking.m */ = {isa = PBXFileReference; fileEncoding = 4; lastKnownFileType = sourcecode.c.objc; path = "UIImageView+AFNetworking.m"; sourceTree = "<group>"; };
		88BCA3C718DEEFC800654E64 /* UIKit+AFNetworking.h */ = {isa = PBXFileReference; fileEncoding = 4; lastKnownFileType = sourcecode.c.h; path = "UIKit+AFNetworking.h"; sourceTree = "<group>"; };
		88BCA3C818DEEFC800654E64 /* UIProgressView+AFNetworking.h */ = {isa = PBXFileReference; fileEncoding = 4; lastKnownFileType = sourcecode.c.h; path = "UIProgressView+AFNetworking.h"; sourceTree = "<group>"; };
		88BCA3C918DEEFC800654E64 /* UIProgressView+AFNetworking.m */ = {isa = PBXFileReference; fileEncoding = 4; lastKnownFileType = sourcecode.c.objc; path = "UIProgressView+AFNetworking.m"; sourceTree = "<group>"; };
		88BCA3CA18DEEFC800654E64 /* UIRefreshControl+AFNetworking.h */ = {isa = PBXFileReference; fileEncoding = 4; lastKnownFileType = sourcecode.c.h; path = "UIRefreshControl+AFNetworking.h"; sourceTree = "<group>"; };
		88BCA3CB18DEEFC800654E64 /* UIRefreshControl+AFNetworking.m */ = {isa = PBXFileReference; fileEncoding = 4; lastKnownFileType = sourcecode.c.objc; path = "UIRefreshControl+AFNetworking.m"; sourceTree = "<group>"; };
		88BCA3CC18DEEFC800654E64 /* UIWebView+AFNetworking.h */ = {isa = PBXFileReference; fileEncoding = 4; lastKnownFileType = sourcecode.c.h; path = "UIWebView+AFNetworking.h"; sourceTree = "<group>"; };
		88BCA3CD18DEEFC800654E64 /* UIWebView+AFNetworking.m */ = {isa = PBXFileReference; fileEncoding = 4; lastKnownFileType = sourcecode.c.objc; path = "UIWebView+AFNetworking.m"; sourceTree = "<group>"; };
		88C1835E18DDC89C0014495D /* Security.framework */ = {isa = PBXFileReference; lastKnownFileType = wrapper.framework; name = Security.framework; path = System/Library/Frameworks/Security.framework; sourceTree = SDKROOT; };
		88C1837E18DDCAAA0014495D /* AFHTTPRequestOperation.h */ = {isa = PBXFileReference; fileEncoding = 4; lastKnownFileType = sourcecode.c.h; path = AFHTTPRequestOperation.h; sourceTree = "<group>"; };
		88C1837F18DDCAAA0014495D /* AFHTTPRequestOperation.m */ = {isa = PBXFileReference; fileEncoding = 4; lastKnownFileType = sourcecode.c.objc; path = AFHTTPRequestOperation.m; sourceTree = "<group>"; };
		88C1838018DDCAAA0014495D /* AFHTTPRequestOperationManager.h */ = {isa = PBXFileReference; fileEncoding = 4; lastKnownFileType = sourcecode.c.h; path = AFHTTPRequestOperationManager.h; sourceTree = "<group>"; };
		88C1838118DDCAAA0014495D /* AFHTTPRequestOperationManager.m */ = {isa = PBXFileReference; fileEncoding = 4; lastKnownFileType = sourcecode.c.objc; path = AFHTTPRequestOperationManager.m; sourceTree = "<group>"; };
		88C1838218DDCAAA0014495D /* AFHTTPSessionManager.h */ = {isa = PBXFileReference; fileEncoding = 4; lastKnownFileType = sourcecode.c.h; path = AFHTTPSessionManager.h; sourceTree = "<group>"; };
		88C1838318DDCAAA0014495D /* AFHTTPSessionManager.m */ = {isa = PBXFileReference; fileEncoding = 4; lastKnownFileType = sourcecode.c.objc; path = AFHTTPSessionManager.m; sourceTree = "<group>"; };
		88C1838418DDCAAA0014495D /* AFNetworking.h */ = {isa = PBXFileReference; fileEncoding = 4; lastKnownFileType = sourcecode.c.h; path = AFNetworking.h; sourceTree = "<group>"; };
		88C1838518DDCAAA0014495D /* AFNetworkReachabilityManager.h */ = {isa = PBXFileReference; fileEncoding = 4; lastKnownFileType = sourcecode.c.h; path = AFNetworkReachabilityManager.h; sourceTree = "<group>"; };
		88C1838618DDCAAA0014495D /* AFNetworkReachabilityManager.m */ = {isa = PBXFileReference; fileEncoding = 4; lastKnownFileType = sourcecode.c.objc; path = AFNetworkReachabilityManager.m; sourceTree = "<group>"; };
		88C1838718DDCAAA0014495D /* AFSecurityPolicy.h */ = {isa = PBXFileReference; fileEncoding = 4; lastKnownFileType = sourcecode.c.h; path = AFSecurityPolicy.h; sourceTree = "<group>"; };
		88C1838818DDCAAA0014495D /* AFSecurityPolicy.m */ = {isa = PBXFileReference; fileEncoding = 4; lastKnownFileType = sourcecode.c.objc; path = AFSecurityPolicy.m; sourceTree = "<group>"; };
		88C1838918DDCAAA0014495D /* AFURLConnectionOperation.h */ = {isa = PBXFileReference; fileEncoding = 4; lastKnownFileType = sourcecode.c.h; path = AFURLConnectionOperation.h; sourceTree = "<group>"; };
		88C1838A18DDCAAA0014495D /* AFURLConnectionOperation.m */ = {isa = PBXFileReference; fileEncoding = 4; lastKnownFileType = sourcecode.c.objc; path = AFURLConnectionOperation.m; sourceTree = "<group>"; };
		88C1838B18DDCAAA0014495D /* AFURLRequestSerialization.h */ = {isa = PBXFileReference; fileEncoding = 4; lastKnownFileType = sourcecode.c.h; path = AFURLRequestSerialization.h; sourceTree = "<group>"; };
		88C1838C18DDCAAA0014495D /* AFURLRequestSerialization.m */ = {isa = PBXFileReference; fileEncoding = 4; lastKnownFileType = sourcecode.c.objc; path = AFURLRequestSerialization.m; sourceTree = "<group>"; };
		88C1838D18DDCAAA0014495D /* AFURLResponseSerialization.h */ = {isa = PBXFileReference; fileEncoding = 4; lastKnownFileType = sourcecode.c.h; path = AFURLResponseSerialization.h; sourceTree = "<group>"; };
		88C1838E18DDCAAA0014495D /* AFURLResponseSerialization.m */ = {isa = PBXFileReference; fileEncoding = 4; lastKnownFileType = sourcecode.c.objc; path = AFURLResponseSerialization.m; sourceTree = "<group>"; };
		88C1838F18DDCAAA0014495D /* AFURLSessionManager.h */ = {isa = PBXFileReference; fileEncoding = 4; lastKnownFileType = sourcecode.c.h; path = AFURLSessionManager.h; sourceTree = "<group>"; };
		88C1839018DDCAAA0014495D /* AFURLSessionManager.m */ = {isa = PBXFileReference; fileEncoding = 4; lastKnownFileType = sourcecode.c.objc; path = AFURLSessionManager.m; sourceTree = "<group>"; };
		88EE0F4218DDC06300592E51 /* FestHTTPSessionManager.h */ = {isa = PBXFileReference; fileEncoding = 4; lastKnownFileType = sourcecode.c.h; path = FestHTTPSessionManager.h; sourceTree = "<group>"; };
		88EE0F4318DDC06300592E51 /* FestHTTPSessionManager.m */ = {isa = PBXFileReference; fileEncoding = 4; lastKnownFileType = sourcecode.c.objc; path = FestHTTPSessionManager.m; sourceTree = "<group>"; };
		8D1107310486CEB800E47090 /* FestApp-Info.plist */ = {isa = PBXFileReference; fileEncoding = 4; lastKnownFileType = text.plist.xml; path = "FestApp-Info.plist"; plistStructureDefinitionIdentifier = "com.apple.xcode.plist.structure-definition.iphone.info-plist"; sourceTree = "<group>"; };
		AD68823F19462C140015F409 /* fret@2x.png */ = {isa = PBXFileReference; lastKnownFileType = image.png; name = "fret@2x.png"; path = "Resources/Ruisrock2014/fret@2x.png"; sourceTree = "<group>"; };
		AD68824019462C140015F409 /* fretboard_bg@2x.png */ = {isa = PBXFileReference; lastKnownFileType = image.png; name = "fretboard_bg@2x.png"; path = "Resources/Ruisrock2014/fretboard_bg@2x.png"; sourceTree = "<group>"; };
		AD68824119462C140015F409 /* fretboard_strings@2x.png */ = {isa = PBXFileReference; lastKnownFileType = image.png; name = "fretboard_strings@2x.png"; path = "Resources/Ruisrock2014/fretboard_strings@2x.png"; sourceTree = "<group>"; };
		AD68824219462C140015F409 /* frontpage_bottom_deco@2x.png */ = {isa = PBXFileReference; lastKnownFileType = image.png; name = "frontpage_bottom_deco@2x.png"; path = "Resources/Ruisrock2014/frontpage_bottom_deco@2x.png"; sourceTree = "<group>"; };
		AD68824319462C140015F409 /* ruisrock_logo_header@2x.png */ = {isa = PBXFileReference; lastKnownFileType = image.png; name = "ruisrock_logo_header@2x.png"; path = "Resources/Ruisrock2014/ruisrock_logo_header@2x.png"; sourceTree = "<group>"; };
		AD68824419462C140015F409 /* schedule_bottom_deco@2x.png */ = {isa = PBXFileReference; lastKnownFileType = image.png; name = "schedule_bottom_deco@2x.png"; path = "Resources/Ruisrock2014/schedule_bottom_deco@2x.png"; sourceTree = "<group>"; };
		AD68824519462C140015F409 /* schedule_favourite_selected@2x.png */ = {isa = PBXFileReference; lastKnownFileType = image.png; name = "schedule_favourite_selected@2x.png"; path = "Resources/Ruisrock2014/schedule_favourite_selected@2x.png"; sourceTree = "<group>"; };
		AD68824719462C140015F409 /* schedule_favourite@2x.png */ = {isa = PBXFileReference; lastKnownFileType = image.png; name = "schedule_favourite@2x.png"; path = "Resources/Ruisrock2014/schedule_favourite@2x.png"; sourceTree = "<group>"; };
		ADE7A200194617A00073C4D8 /* bg_pattern_green@2x.png */ = {isa = PBXFileReference; lastKnownFileType = image.png; name = "bg_pattern_green@2x.png"; path = "Resources/Ruisrock2014/bg_pattern_green@2x.png"; sourceTree = "<group>"; };
		ADE7A201194617A00073C4D8 /* bg_pattern_light@2x.png */ = {isa = PBXFileReference; lastKnownFileType = image.png; name = "bg_pattern_light@2x.png"; path = "Resources/Ruisrock2014/bg_pattern_light@2x.png"; sourceTree = "<group>"; };
		ADE7A202194617A00073C4D8 /* default-568h@2x.png */ = {isa = PBXFileReference; lastKnownFileType = image.png; name = "default-568h@2x.png"; path = "Resources/Ruisrock2014/default-568h@2x.png"; sourceTree = "<group>"; };
		ADE7A203194617A00073C4D8 /* frontpage_header_tree@2x.png */ = {isa = PBXFileReference; lastKnownFileType = image.png; name = "frontpage_header_tree@2x.png"; path = "Resources/Ruisrock2014/frontpage_header_tree@2x.png"; sourceTree = "<group>"; };
		ADE7A204194617A00073C4D8 /* news_bg_flowers@2x.png */ = {isa = PBXFileReference; lastKnownFileType = image.png; name = "news_bg_flowers@2x.png"; path = "Resources/Ruisrock2014/news_bg_flowers@2x.png"; sourceTree = "<group>"; };
		ADE7A205194617A00073C4D8 /* water_line@2x.png */ = {isa = PBXFileReference; lastKnownFileType = image.png; name = "water_line@2x.png"; path = "Resources/Ruisrock2014/water_line@2x.png"; sourceTree = "<group>"; };
		ADE7A21619461EA80073C4D8 /* Images.xcassets */ = {isa = PBXFileReference; lastKnownFileType = folder.assetcatalog; name = Images.xcassets; path = FestApp/Images.xcassets; sourceTree = "<group>"; };
		CD7852311378AD2500711F11 /* CoreLocation.framework */ = {isa = PBXFileReference; lastKnownFileType = wrapper.framework; name = CoreLocation.framework; path = System/Library/Frameworks/CoreLocation.framework; sourceTree = SDKROOT; };
		CD78524E1378B2D900711F11 /* Artist.h */ = {isa = PBXFileReference; fileEncoding = 4; lastKnownFileType = sourcecode.c.h; path = Artist.h; sourceTree = "<group>"; };
		CD78524F1378B2D900711F11 /* Artist.m */ = {isa = PBXFileReference; fileEncoding = 4; lastKnownFileType = sourcecode.c.objc; path = Artist.m; sourceTree = "<group>"; };
		CD7852AA1378BD6C00711F11 /* NSDate+Additions.h */ = {isa = PBXFileReference; fileEncoding = 4; lastKnownFileType = sourcecode.c.h; path = "NSDate+Additions.h"; sourceTree = "<group>"; };
		CD7852AB1378BD6C00711F11 /* NSDate+Additions.m */ = {isa = PBXFileReference; fileEncoding = 4; lastKnownFileType = sourcecode.c.objc; path = "NSDate+Additions.m"; sourceTree = "<group>"; };
		CD7853E5137AA39F00711F11 /* TimelineView.h */ = {isa = PBXFileReference; fileEncoding = 4; lastKnownFileType = sourcecode.c.h; path = TimelineView.h; sourceTree = "<group>"; };
		CD7853E6137AA39F00711F11 /* TimelineView.m */ = {isa = PBXFileReference; fileEncoding = 4; lastKnownFileType = sourcecode.c.objc; path = TimelineView.m; sourceTree = "<group>"; };
/* End PBXFileReference section */

/* Begin PBXFrameworksBuildPhase section */
		1D60588F0D05DD3D006BFB54 /* Frameworks */ = {
			isa = PBXFrameworksBuildPhase;
			buildActionMask = 2147483647;
			files = (
				8894AE4018DDF7C000991593 /* libReactiveCocoa-iOS.a in Frameworks */,
				88C1835F18DDC89C0014495D /* Security.framework in Frameworks */,
				1D60589F0D05DD5A006BFB54 /* Foundation.framework in Frameworks */,
				1DF5F4E00D08C38300B7A737 /* UIKit.framework in Frameworks */,
				4D1ED38D139CBB7600BB1D47 /* AudioToolbox.framework in Frameworks */,
				4D30E8411396CBAB007E9D0B /* AVFoundation.framework in Frameworks */,
				48EE8C3F158B719E00C5345E /* CFNetwork.framework in Frameworks */,
				288765080DF74369002DB57D /* CoreGraphics.framework in Frameworks */,
				CD7852321378AD2500711F11 /* CoreLocation.framework in Frameworks */,
				4D587128138C13A700B0A0BC /* MapKit.framework in Frameworks */,
				4D186E6A1393CCA900CDA3DB /* QuartzCore.framework in Frameworks */,
				48EE8C45158B725B00C5345E /* MobileCoreServices.framework in Frameworks */,
				48EE8C41158B721200C5345E /* SystemConfiguration.framework in Frameworks */,
				48EE8C43158B725000C5345E /* libz.dylib in Frameworks */,
			);
			runOnlyForDeploymentPostprocessing = 0;
		};
		7449288D18F8595C00924012 /* Frameworks */ = {
			isa = PBXFrameworksBuildPhase;
			buildActionMask = 2147483647;
			files = (
				7449289218F8595C00924012 /* XCTest.framework in Frameworks */,
				7449289418F8595C00924012 /* UIKit.framework in Frameworks */,
				7449289318F8595C00924012 /* Foundation.framework in Frameworks */,
			);
			runOnlyForDeploymentPostprocessing = 0;
		};
/* End PBXFrameworksBuildPhase section */

/* Begin PBXGroup section */
		080E96DDFE201D6D7F000001 /* Classes */ = {
			isa = PBXGroup;
			children = (
				CD78524D1378B2CF00711F11 /* Data */,
				4D2FA5F2139BE6E500F03209 /* FestApp.h */,
				1D3623240D0F684500981E51 /* FestAppDelegate.h */,
				1D3623250D0F684500981E51 /* FestAppDelegate.m */,
				8894AE2F18DDF00000991593 /* FestDataManager.h */,
				8894AE3018DDF00000991593 /* FestDataManager.m */,
				88989F65194AE5A10016BD15 /* FestFavouritesManager.h */,
				88989F66194AE5A10016BD15 /* FestFavouritesManager.m */,
				88EE0F4218DDC06300592E51 /* FestHTTPSessionManager.h */,
				88EE0F4318DDC06300592E51 /* FestHTTPSessionManager.m */,
				88B431CA19496FBE00589A83 /* FestImageManager.h */,
				88B431CB19496FBE00589A83 /* FestImageManager.m */,
				88355E6D194600EF003E2F90 /* Ruisrock2014 */,
				CD7852A01378BD1B00711F11 /* Util */,
				88989F591949BE440016BD15 /* Views */,
			);
			path = Classes;
			sourceTree = "<group>";
		};
		19C28FACFE9D520D11CA2CBB /* Products */ = {
			isa = PBXGroup;
			children = (
				1D6058910D05DD3D006BFB54 /* FestApp.app */,
				7449289018F8595C00924012 /* FestApp Tests.xctest */,
			);
			name = Products;
			sourceTree = "<group>";
		};
		29B97314FDCFA39411CA2CEA /* Ruisrock */ = {
			isa = PBXGroup;
			children = (
				88C1837D18DDCAAA0014495D /* AFNetworking */,
				88BCA3BC18DEEFC800654E64 /* UIKit+AFNetworking */,
				080E96DDFE201D6D7F000001 /* Classes */,
				29B97315FDCFA39411CA2CEA /* Other Sources */,
				29B97317FDCFA39411CA2CEA /* Resources */,
				7449289518F8595C00924012 /* FestApp Tests */,
				29B97323FDCFA39411CA2CEA /* Frameworks */,
				19C28FACFE9D520D11CA2CBB /* Products */,
			);
			name = Ruisrock;
			sourceTree = "<group>";
		};
		29B97315FDCFA39411CA2CEA /* Other Sources */ = {
			isa = PBXGroup;
			children = (
				28A0AB4B0D9B1048005BE974 /* FestApp_Prefix.pch */,
				29B97316FDCFA39411CA2CEA /* main.m */,
			);
			name = "Other Sources";
			sourceTree = "<group>";
		};
		29B97317FDCFA39411CA2CEA /* Resources */ = {
			isa = PBXGroup;
			children = (
				ADE7A21619461EA80073C4D8 /* Images.xcassets */,
				88355E8419460B94003E2F90 /* Ruisrock2014 */,
				88B431A91948347600589A83 /* Ruisrock2014Icons */,
				48AD03B3158A52F700546602 /* Localizable.strings */,
				8D1107310486CEB800E47090 /* FestApp-Info.plist */,
				4D1ED38A139CB81500BB1D47 /* Riff1.aif */,
				4D1ED385139C36B400BB1D47 /* Riff2.aif */,
				4D587160138D4B3A00B0A0BC /* Content */,
			);
			name = Resources;
			sourceTree = "<group>";
		};
		29B97323FDCFA39411CA2CEA /* Frameworks */ = {
			isa = PBXGroup;
			children = (
				8894AE0A18DDE68E00991593 /* ReactiveCocoa.xcodeproj */,
				88C1835E18DDC89C0014495D /* Security.framework */,
				1D30AB110D05D00D00671497 /* Foundation.framework */,
				1DF5F4DF0D08C38300B7A737 /* UIKit.framework */,
				4D1ED38C139CBB7600BB1D47 /* AudioToolbox.framework */,
				4D30E8401396CBA9007E9D0B /* AVFoundation.framework */,
				48EE8C3E158B719D00C5345E /* CFNetwork.framework */,
				288765070DF74369002DB57D /* CoreGraphics.framework */,
				CD7852311378AD2500711F11 /* CoreLocation.framework */,
				4D587127138C13A700B0A0BC /* MapKit.framework */,
				48EE8C44158B725A00C5345E /* MobileCoreServices.framework */,
				4D186E691393CCA800CDA3DB /* QuartzCore.framework */,
				48EE8C40158B721100C5345E /* SystemConfiguration.framework */,
				48EE8C42158B724F00C5345E /* libz.dylib */,
				7449289118F8595C00924012 /* XCTest.framework */,
			);
			name = Frameworks;
			sourceTree = "<group>";
		};
		4D587160138D4B3A00B0A0BC /* Content */ = {
			isa = PBXGroup;
			children = (
				88B431A119473FC200589A83 /* artistit */,
				88B431A219473FC200589A83 /* info */,
				88B431A319473FC200589A83 /* ohjelma */,
				88B431A419473FC200589A83 /* uutiset */,
				4D2FA5F0139ACC5C00F03209 /* Stages.plist */,
			);
			name = Content;
			sourceTree = "<group>";
		};
		7449289518F8595C00924012 /* FestApp Tests */ = {
			isa = PBXGroup;
			children = (
				7449289B18F8595D00924012 /* FestApp_Tests.m */,
				7449289618F8595C00924012 /* Supporting Files */,
			);
			path = "FestApp Tests";
			sourceTree = "<group>";
		};
		7449289618F8595C00924012 /* Supporting Files */ = {
			isa = PBXGroup;
			children = (
				7449289718F8595C00924012 /* FestApp Tests-Info.plist */,
				7449289818F8595D00924012 /* InfoPlist.strings */,
				7449289D18F8595D00924012 /* FestApp Tests-Prefix.pch */,
			);
			name = "Supporting Files";
			sourceTree = "<group>";
		};
		88355E6D194600EF003E2F90 /* Ruisrock2014 */ = {
			isa = PBXGroup;
			children = (
				88989F71194BA2BB0016BD15 /* RR14InfoViewController.h */,
				88989F72194BA2BB0016BD15 /* RR14InfoViewController.m */,
				88989F73194BA2BB0016BD15 /* RR14InfoViewController.xib */,
				8820457D1946EB6F006D8DB8 /* RR14ArtistsViewController.h */,
				8820457E1946EB6F006D8DB8 /* RR14ArtistsViewController.m */,
				8820457F1946EB6F006D8DB8 /* RR14ArtistsViewController.xib */,
				882045781946EAFE006D8DB8 /* RR14ArtistViewController.h */,
				882045791946EAFE006D8DB8 /* RR14ArtistViewController.m */,
				8820457A1946EAFE006D8DB8 /* RR14ArtistViewController.xib */,
				88355E7F194609E7003E2F90 /* RR14MainViewController.h */,
				88355E80194609E7003E2F90 /* RR14MainViewController.m */,
				88355E81194609E7003E2F90 /* RR14MainViewController.xib */,
				88B4319919471C2B00589A83 /* RR14MapViewController.h */,
				88B4319A19471C2B00589A83 /* RR14MapViewController.m */,
				88B4319B19471C2B00589A83 /* RR14MapViewController.xib */,
				882045731946EAAD006D8DB8 /* RR14NewsItemViewController.h */,
				882045741946EAAD006D8DB8 /* RR14NewsItemViewController.m */,
				8820456B1946EA39006D8DB8 /* RR14NewsViewController.h */,
				8820456C1946EA39006D8DB8 /* RR14NewsViewController.m */,
				8820456D1946EA39006D8DB8 /* RR14NewsViewController.xib */,
				882045621946D735006D8DB8 /* RR14ScheduleViewController.h */,
				882045631946D735006D8DB8 /* RR14ScheduleViewController.m */,
				882045641946D735006D8DB8 /* RR14ScheduleViewController.xib */,
				88B4318E1947185100589A83 /* RR14WebContentViewController.h */,
				88B4318F1947185100589A83 /* RR14WebContentViewController.m */,
				88B431901947185100589A83 /* RR14WebContentViewController.xib */,
				88355E7D19460719003E2F90 /* RR14Window.xib */,
			);
			name = Ruisrock2014;
			sourceTree = "<group>";
		};
		88355E8419460B94003E2F90 /* Ruisrock2014 */ = {
			isa = PBXGroup;
			children = (
				88902DBA194F5B5500A81879 /* schedule_bottom_deco_r4@2x.png */,
				88902DB8194F4DED00A81879 /* favourited-artist@2x.png */,
				88902DB0194F46F100A81879 /* artist-placeholder@2x.png */,
				88989F8C194F33A80016BD15 /* artist_diagonal_stripe@2x.png */,
				882045691946DB6D006D8DB8 /* back_arrow@2x.png */,
				ADE7A200194617A00073C4D8 /* bg_pattern_green@2x.png */,
				ADE7A201194617A00073C4D8 /* bg_pattern_light@2x.png */,
				88989F68194B57320016BD15 /* daychooser-selected@2x.png */,
				88989F69194B57320016BD15 /* daychooser@2x.png */,
				ADE7A202194617A00073C4D8 /* default-568h@2x.png */,
				882045411946B15A006D8DB8 /* default@2x.png */,
				AD68823F19462C140015F409 /* fret@2x.png */,
				AD68824019462C140015F409 /* fretboard_bg@2x.png */,
				AD68824119462C140015F409 /* fretboard_strings@2x.png */,
				88204584194711C8006D8DB8 /* frontpage-menu-ribbon@2x.png */,
				AD68824219462C140015F409 /* frontpage_bottom_deco@2x.png */,
				ADE7A203194617A00073C4D8 /* frontpage_header_tree@2x.png */,
				88989F6C194B8E3D0016BD15 /* map.png */,
				882045671946DADD006D8DB8 /* navigation-bar@2x.png */,
				88989F83194ED5AA0016BD15 /* news-item-bg@2x.png */,
				88989F8D194F33A80016BD15 /* news_anchor@2x.png */,
				ADE7A204194617A00073C4D8 /* news_bg_flowers@2x.png */,
				AD68824319462C140015F409 /* ruisrock_logo_header@2x.png */,
				88355E8519460C46003E2F90 /* ruisrock_logo_w_date@2x.png */,
				AD68824419462C140015F409 /* schedule_bottom_deco@2x.png */,
				AD68824719462C140015F409 /* schedule_favourite@2x.png */,
				AD68824519462C140015F409 /* schedule_favourite_selected@2x.png */,
				88989F77194EC72A0016BD15 /* spotify@2x.png */,
				ADE7A205194617A00073C4D8 /* water_line@2x.png */,
				88989F7C194ECF9E0016BD15 /* web-bg@2x.png */,
				88989F78194EC72A0016BD15 /* youtube@2x.png */,
			);
			name = Ruisrock2014;
			sourceTree = "<group>";
		};
		8894AE0B18DDE68E00991593 /* Products */ = {
			isa = PBXGroup;
			children = (
				8894AE1718DDE68F00991593 /* ReactiveCocoa.framework */,
				8894AE1918DDE68F00991593 /* libReactiveCocoa-iOS.a */,
				8894AE1B18DDE68F00991593 /* ReactiveCocoaTests.octest */,
				8894AE1D18DDE68F00991593 /* ReactiveCocoaTests-iOS.octest */,
				8894AE1F18DDE68F00991593 /* ReactiveCocoa-iOS-UIKitTestHost.app */,
				8894AE2118DDE68F00991593 /* ReactiveCocoa-iOS-UIKitTestHostTests.octest */,
				8894AE2318DDE68F00991593 /* libReactiveCocoa-Mac.a */,
			);
			name = Products;
			sourceTree = "<group>";
		};
		88989F591949BE440016BD15 /* Views */ = {
			isa = PBXGroup;
			children = (
				4D587153138C854500B0A0BC /* DayChooser.h */,
				4D587154138C854500B0A0BC /* DayChooser.m */,
				88989F621949C0EF0016BD15 /* RR14ArtistViewCell.h */,
				88989F631949C0EF0016BD15 /* RR14ArtistViewCell.m */,
				88989F601949C0470016BD15 /* RR14ArtistViewCell.xib */,
				88989F7E194ED0E20016BD15 /* RR14NewsViewCell.h */,
				88989F7F194ED0E30016BD15 /* RR14NewsViewCell.m */,
				88989F80194ED0E30016BD15 /* RR14NewsViewCell.xib */,
				CD7853E5137AA39F00711F11 /* TimelineView.h */,
				CD7853E6137AA39F00711F11 /* TimelineView.m */,
			);
			name = Views;
			sourceTree = "<group>";
		};
		88B431A91948347600589A83 /* Ruisrock2014Icons */ = {
			isa = PBXGroup;
			children = (
				88B431C3194963DB00589A83 /* ruisrock_Icon@2x.png */,
				88B431C5194963DB00589A83 /* ruisrock-80.png */,
				88B431B31948347600589A83 /* ruisrock_iTunesArtwork.png */,
				88B431B41948347600589A83 /* ruisrock_iTunesArtwork@2x.png */,
			);
			name = Ruisrock2014Icons;
			path = Resources/Ruisrock2014Icons;
			sourceTree = "<group>";
		};
		88BCA3BC18DEEFC800654E64 /* UIKit+AFNetworking */ = {
			isa = PBXGroup;
			children = (
				88BCA3BD18DEEFC800654E64 /* AFNetworkActivityIndicatorManager.h */,
				88BCA3BE18DEEFC800654E64 /* AFNetworkActivityIndicatorManager.m */,
				88BCA3BF18DEEFC800654E64 /* UIActivityIndicatorView+AFNetworking.h */,
				88BCA3C018DEEFC800654E64 /* UIActivityIndicatorView+AFNetworking.m */,
				88BCA3C118DEEFC800654E64 /* UIAlertView+AFNetworking.h */,
				88BCA3C218DEEFC800654E64 /* UIAlertView+AFNetworking.m */,
				88BCA3C318DEEFC800654E64 /* UIButton+AFNetworking.h */,
				88BCA3C418DEEFC800654E64 /* UIButton+AFNetworking.m */,
				88BCA3C518DEEFC800654E64 /* UIImageView+AFNetworking.h */,
				88BCA3C618DEEFC800654E64 /* UIImageView+AFNetworking.m */,
				88BCA3C718DEEFC800654E64 /* UIKit+AFNetworking.h */,
				88BCA3C818DEEFC800654E64 /* UIProgressView+AFNetworking.h */,
				88BCA3C918DEEFC800654E64 /* UIProgressView+AFNetworking.m */,
				88BCA3CA18DEEFC800654E64 /* UIRefreshControl+AFNetworking.h */,
				88BCA3CB18DEEFC800654E64 /* UIRefreshControl+AFNetworking.m */,
				88BCA3CC18DEEFC800654E64 /* UIWebView+AFNetworking.h */,
				88BCA3CD18DEEFC800654E64 /* UIWebView+AFNetworking.m */,
			);
			path = "UIKit+AFNetworking";
			sourceTree = "<group>";
		};
		88C1837D18DDCAAA0014495D /* AFNetworking */ = {
			isa = PBXGroup;
			children = (
				88C1837E18DDCAAA0014495D /* AFHTTPRequestOperation.h */,
				88C1837F18DDCAAA0014495D /* AFHTTPRequestOperation.m */,
				88C1838018DDCAAA0014495D /* AFHTTPRequestOperationManager.h */,
				88C1838118DDCAAA0014495D /* AFHTTPRequestOperationManager.m */,
				88C1838218DDCAAA0014495D /* AFHTTPSessionManager.h */,
				88C1838318DDCAAA0014495D /* AFHTTPSessionManager.m */,
				88C1838418DDCAAA0014495D /* AFNetworking.h */,
				88C1838518DDCAAA0014495D /* AFNetworkReachabilityManager.h */,
				88C1838618DDCAAA0014495D /* AFNetworkReachabilityManager.m */,
				88C1838718DDCAAA0014495D /* AFSecurityPolicy.h */,
				88C1838818DDCAAA0014495D /* AFSecurityPolicy.m */,
				88C1838918DDCAAA0014495D /* AFURLConnectionOperation.h */,
				88C1838A18DDCAAA0014495D /* AFURLConnectionOperation.m */,
				88C1838B18DDCAAA0014495D /* AFURLRequestSerialization.h */,
				88C1838C18DDCAAA0014495D /* AFURLRequestSerialization.m */,
				88C1838D18DDCAAA0014495D /* AFURLResponseSerialization.h */,
				88C1838E18DDCAAA0014495D /* AFURLResponseSerialization.m */,
				88C1838F18DDCAAA0014495D /* AFURLSessionManager.h */,
				88C1839018DDCAAA0014495D /* AFURLSessionManager.m */,
			);
			path = AFNetworking;
			sourceTree = "<group>";
		};
		CD78524D1378B2CF00711F11 /* Data */ = {
			isa = PBXGroup;
			children = (
				CD78524E1378B2D900711F11 /* Artist.h */,
				CD78524F1378B2D900711F11 /* Artist.m */,
				88989F6E194B9EDC0016BD15 /* InfoItem.h */,
				88989F6F194B9EDC0016BD15 /* InfoItem.m */,
				88B4319E19473C4200589A83 /* NewsItem.h */,
				88B4319F19473C4200589A83 /* NewsItem.m */,
			);
			name = Data;
			sourceTree = "<group>";
		};
		CD7852A01378BD1B00711F11 /* Util */ = {
			isa = PBXGroup;
			children = (
				CD7852AA1378BD6C00711F11 /* NSDate+Additions.h */,
				CD7852AB1378BD6C00711F11 /* NSDate+Additions.m */,
				48FFC5251784D065003F532F /* NSString+Additions.h */,
				48FFC5261784D065003F532F /* NSString+Additions.m */,
				48AD03AB158A493F00546602 /* UIView+XYWidthHeight.h */,
				48AD03AC158A493F00546602 /* UIView+XYWidthHeight.m */,
				4D186E661393CC5100CDA3DB /* UIViewController+Additions.h */,
				4D186E671393CC5100CDA3DB /* UIViewController+Additions.m */,
				88B431CD194974C600589A83 /* NSString+MD5.h */,
				88B431CE194974C600589A83 /* NSString+MD5.m */,
			);
			name = Util;
			sourceTree = "<group>";
		};
/* End PBXGroup section */

/* Begin PBXNativeTarget section */
		1D6058900D05DD3D006BFB54 /* FestApp */ = {
			isa = PBXNativeTarget;
			buildConfigurationList = 1D6058960D05DD3E006BFB54 /* Build configuration list for PBXNativeTarget "FestApp" */;
			buildPhases = (
				1D60588D0D05DD3D006BFB54 /* Resources */,
				1D60588E0D05DD3D006BFB54 /* Sources */,
				1D60588F0D05DD3D006BFB54 /* Frameworks */,
			);
			buildRules = (
			);
			dependencies = (
				8894AE2518DDE71300991593 /* PBXTargetDependency */,
			);
			name = FestApp;
			productName = Ruisrock;
			productReference = 1D6058910D05DD3D006BFB54 /* FestApp.app */;
			productType = "com.apple.product-type.application";
		};
		7449288F18F8595C00924012 /* FestApp Tests */ = {
			isa = PBXNativeTarget;
			buildConfigurationList = 744928A818F8595D00924012 /* Build configuration list for PBXNativeTarget "FestApp Tests" */;
			buildPhases = (
				7449288C18F8595C00924012 /* Sources */,
				7449288D18F8595C00924012 /* Frameworks */,
				7449288E18F8595C00924012 /* Resources */,
			);
			buildRules = (
			);
			dependencies = (
				7449289F18F8595D00924012 /* PBXTargetDependency */,
			);
			name = "FestApp Tests";
			productName = "FestApp Tests";
			productReference = 7449289018F8595C00924012 /* FestApp Tests.xctest */;
			productType = "com.apple.product-type.bundle.unit-test";
		};
/* End PBXNativeTarget section */

/* Begin PBXProject section */
		29B97313FDCFA39411CA2CEA /* Project object */ = {
			isa = PBXProject;
			attributes = {
				CLASSPREFIX = Fest;
				LastUpgradeCheck = 0500;
				ORGANIZATIONNAME = "Futurice Oy";
				TargetAttributes = {
					1D6058900D05DD3D006BFB54 = {
						DevelopmentTeam = WM3L2RVJ7C;
						SystemCapabilities = {
							com.apple.BackgroundModes = {
								enabled = 0;
							};
						};
					};
					7449288F18F8595C00924012 = {
						TestTargetID = 1D6058900D05DD3D006BFB54;
					};
				};
			};
			buildConfigurationList = C01FCF4E08A954540054247B /* Build configuration list for PBXProject "FestApp" */;
			compatibilityVersion = "Xcode 3.2";
			developmentRegion = English;
			hasScannedForEncodings = 1;
			knownRegions = (
				English,
				Japanese,
				French,
				German,
				fi,
				en,
			);
			mainGroup = 29B97314FDCFA39411CA2CEA /* Ruisrock */;
			projectDirPath = "";
			projectReferences = (
				{
					ProductGroup = 8894AE0B18DDE68E00991593 /* Products */;
					ProjectRef = 8894AE0A18DDE68E00991593 /* ReactiveCocoa.xcodeproj */;
				},
			);
			projectRoot = "";
			targets = (
				1D6058900D05DD3D006BFB54 /* FestApp */,
				7449288F18F8595C00924012 /* FestApp Tests */,
			);
		};
/* End PBXProject section */

/* Begin PBXReferenceProxy section */
		8894AE1718DDE68F00991593 /* ReactiveCocoa.framework */ = {
			isa = PBXReferenceProxy;
			fileType = wrapper.framework;
			path = ReactiveCocoa.framework;
			remoteRef = 8894AE1618DDE68F00991593 /* PBXContainerItemProxy */;
			sourceTree = BUILT_PRODUCTS_DIR;
		};
		8894AE1918DDE68F00991593 /* libReactiveCocoa-iOS.a */ = {
			isa = PBXReferenceProxy;
			fileType = archive.ar;
			path = "libReactiveCocoa-iOS.a";
			remoteRef = 8894AE1818DDE68F00991593 /* PBXContainerItemProxy */;
			sourceTree = BUILT_PRODUCTS_DIR;
		};
		8894AE1B18DDE68F00991593 /* ReactiveCocoaTests.octest */ = {
			isa = PBXReferenceProxy;
			fileType = wrapper.cfbundle;
			path = ReactiveCocoaTests.octest;
			remoteRef = 8894AE1A18DDE68F00991593 /* PBXContainerItemProxy */;
			sourceTree = BUILT_PRODUCTS_DIR;
		};
		8894AE1D18DDE68F00991593 /* ReactiveCocoaTests-iOS.octest */ = {
			isa = PBXReferenceProxy;
			fileType = wrapper.cfbundle;
			path = "ReactiveCocoaTests-iOS.octest";
			remoteRef = 8894AE1C18DDE68F00991593 /* PBXContainerItemProxy */;
			sourceTree = BUILT_PRODUCTS_DIR;
		};
		8894AE1F18DDE68F00991593 /* ReactiveCocoa-iOS-UIKitTestHost.app */ = {
			isa = PBXReferenceProxy;
			fileType = wrapper.application;
			path = "ReactiveCocoa-iOS-UIKitTestHost.app";
			remoteRef = 8894AE1E18DDE68F00991593 /* PBXContainerItemProxy */;
			sourceTree = BUILT_PRODUCTS_DIR;
		};
		8894AE2118DDE68F00991593 /* ReactiveCocoa-iOS-UIKitTestHostTests.octest */ = {
			isa = PBXReferenceProxy;
			fileType = wrapper.cfbundle;
			path = "ReactiveCocoa-iOS-UIKitTestHostTests.octest";
			remoteRef = 8894AE2018DDE68F00991593 /* PBXContainerItemProxy */;
			sourceTree = BUILT_PRODUCTS_DIR;
		};
		8894AE2318DDE68F00991593 /* libReactiveCocoa-Mac.a */ = {
			isa = PBXReferenceProxy;
			fileType = archive.ar;
			path = "libReactiveCocoa-Mac.a";
			remoteRef = 8894AE2218DDE68F00991593 /* PBXContainerItemProxy */;
			sourceTree = BUILT_PRODUCTS_DIR;
		};
/* End PBXReferenceProxy section */

/* Begin PBXResourcesBuildPhase section */
		1D60588D0D05DD3D006BFB54 /* Resources */ = {
			isa = PBXResourcesBuildPhase;
			buildActionMask = 2147483647;
			files = (
				88989F7B194EC72A0016BD15 /* youtube@2x.png in Resources */,
				ADE7A21719461EA80073C4D8 /* Images.xcassets in Resources */,
				88B431A819473FC200589A83 /* uutiset in Resources */,
				88902DBB194F5B5500A81879 /* schedule_bottom_deco_r4@2x.png in Resources */,
				88989F611949C0470016BD15 /* RR14ArtistViewCell.xib in Resources */,
				882045811946EB6F006D8DB8 /* RR14ArtistsViewController.xib in Resources */,
				88B431C9194963DB00589A83 /* ruisrock-80.png in Resources */,
				ADE7A209194617A00073C4D8 /* frontpage_header_tree@2x.png in Resources */,
				88B4319D19471C2B00589A83 /* RR14MapViewController.xib in Resources */,
				88B431BF1948347600589A83 /* ruisrock_iTunesArtwork@2x.png in Resources */,
				AD68824B19462C140015F409 /* frontpage_bottom_deco@2x.png in Resources */,
				AD68824919462C140015F409 /* fretboard_bg@2x.png in Resources */,
				882045661946D735006D8DB8 /* RR14ScheduleViewController.xib in Resources */,
				AD14D21918F97F47006890E7 /* (null) in Resources */,
				88989F8E194F33A80016BD15 /* artist_diagonal_stripe@2x.png in Resources */,
				88B431C7194963DB00589A83 /* ruisrock_Icon@2x.png in Resources */,
				ADE7A20B194617A00073C4D8 /* water_line@2x.png in Resources */,
				88902DB9194F4DED00A81879 /* favourited-artist@2x.png in Resources */,
				88355E8619460C46003E2F90 /* ruisrock_logo_w_date@2x.png in Resources */,
				88B431BE1948347600589A83 /* ruisrock_iTunesArtwork.png in Resources */,
				88B431921947185200589A83 /* RR14WebContentViewController.xib in Resources */,
				88989F75194BA2BB0016BD15 /* RR14InfoViewController.xib in Resources */,
				4D2FA5F1139ACC5C00F03209 /* Stages.plist in Resources */,
				88989F6A194B57320016BD15 /* daychooser-selected@2x.png in Resources */,
				AD68825019462C140015F409 /* schedule_favourite@2x.png in Resources */,
				88902DB1194F46F100A81879 /* artist-placeholder@2x.png in Resources */,
				ADE7A208194617A00073C4D8 /* default-568h@2x.png in Resources */,
				88989F84194ED5AA0016BD15 /* news-item-bg@2x.png in Resources */,
				88B431A719473FC200589A83 /* ohjelma in Resources */,
				88989F82194ED0E30016BD15 /* RR14NewsViewCell.xib in Resources */,
				4D1ED386139C36B400BB1D47 /* Riff2.aif in Resources */,
				88989F7A194EC72A0016BD15 /* spotify@2x.png in Resources */,
				88204585194711C8006D8DB8 /* frontpage-menu-ribbon@2x.png in Resources */,
				ADE7A206194617A00073C4D8 /* bg_pattern_green@2x.png in Resources */,
				4D1ED38B139CB81500BB1D47 /* Riff1.aif in Resources */,
				48AD03B1158A52F700546602 /* Localizable.strings in Resources */,
				AD68824819462C140015F409 /* fret@2x.png in Resources */,
				88989F8F194F33A80016BD15 /* news_anchor@2x.png in Resources */,
				AD68824D19462C140015F409 /* schedule_bottom_deco@2x.png in Resources */,
				88B431A519473FC200589A83 /* artistit in Resources */,
				88989F6D194B8E3D0016BD15 /* map.png in Resources */,
				8820456A1946DB6D006D8DB8 /* back_arrow@2x.png in Resources */,
				882045681946DADD006D8DB8 /* navigation-bar@2x.png in Resources */,
				88355E83194609E7003E2F90 /* RR14MainViewController.xib in Resources */,
				AD68824C19462C140015F409 /* ruisrock_logo_header@2x.png in Resources */,
				ADE7A20A194617A00073C4D8 /* news_bg_flowers@2x.png in Resources */,
				AD68824E19462C140015F409 /* schedule_favourite_selected@2x.png in Resources */,
				88355E7E19460719003E2F90 /* RR14Window.xib in Resources */,
				AD68824A19462C140015F409 /* fretboard_strings@2x.png in Resources */,
				88B431A619473FC200589A83 /* info in Resources */,
				882045421946B15A006D8DB8 /* default@2x.png in Resources */,
				ADE7A207194617A00073C4D8 /* bg_pattern_light@2x.png in Resources */,
				8820456F1946EA39006D8DB8 /* RR14NewsViewController.xib in Resources */,
				8820457C1946EAFE006D8DB8 /* RR14ArtistViewController.xib in Resources */,
				88989F7D194ECF9E0016BD15 /* web-bg@2x.png in Resources */,
				88989F6B194B57320016BD15 /* daychooser@2x.png in Resources */,
			);
			runOnlyForDeploymentPostprocessing = 0;
		};
		7449288E18F8595C00924012 /* Resources */ = {
			isa = PBXResourcesBuildPhase;
			buildActionMask = 2147483647;
			files = (
				7449289A18F8595D00924012 /* InfoPlist.strings in Resources */,
			);
			runOnlyForDeploymentPostprocessing = 0;
		};
/* End PBXResourcesBuildPhase section */

/* Begin PBXSourcesBuildPhase section */
		1D60588E0D05DD3D006BFB54 /* Sources */ = {
			isa = PBXSourcesBuildPhase;
			buildActionMask = 2147483647;
			files = (
				88989F70194B9EDC0016BD15 /* InfoItem.m in Sources */,
				1D60589B0D05DD56006BFB54 /* main.m in Sources */,
				1D3623260D0F684500981E51 /* FestAppDelegate.m in Sources */,
				88BCA3CF18DEEFC800654E64 /* UIActivityIndicatorView+AFNetworking.m in Sources */,
				CD7852501378B2D900711F11 /* Artist.m in Sources */,
				88C1839618DDCAAA0014495D /* AFURLConnectionOperation.m in Sources */,
				8820456E1946EA39006D8DB8 /* RR14NewsViewController.m in Sources */,
				88BCA3D218DEEFC800654E64 /* UIImageView+AFNetworking.m in Sources */,
				88989F74194BA2BB0016BD15 /* RR14InfoViewController.m in Sources */,
				882045651946D735006D8DB8 /* RR14ScheduleViewController.m in Sources */,
				88BCA3D518DEEFC800654E64 /* UIWebView+AFNetworking.m in Sources */,
				8894AE3118DDF00000991593 /* FestDataManager.m in Sources */,
				CD7852AC1378BD6C00711F11 /* NSDate+Additions.m in Sources */,
				88B431CF194974C600589A83 /* NSString+MD5.m in Sources */,
				88B431CC19496FBE00589A83 /* FestImageManager.m in Sources */,
				CD7853E7137AA39F00711F11 /* TimelineView.m in Sources */,
				88B4319C19471C2B00589A83 /* RR14MapViewController.m in Sources */,
				88355E82194609E7003E2F90 /* RR14MainViewController.m in Sources */,
				88989F67194AE5A10016BD15 /* FestFavouritesManager.m in Sources */,
				4D587155138C854500B0A0BC /* DayChooser.m in Sources */,
				88989F641949C0EF0016BD15 /* RR14ArtistViewCell.m in Sources */,
				88C1839118DDCAAA0014495D /* AFHTTPRequestOperation.m in Sources */,
				4D186E681393CC5200CDA3DB /* UIViewController+Additions.m in Sources */,
				88C1839418DDCAAA0014495D /* AFNetworkReachabilityManager.m in Sources */,
				88BCA3D118DEEFC800654E64 /* UIButton+AFNetworking.m in Sources */,
				882045761946EAAD006D8DB8 /* RR14NewsItemViewController.m in Sources */,
				88B431911947185200589A83 /* RR14WebContentViewController.m in Sources */,
				88C1839918DDCAAA0014495D /* AFURLSessionManager.m in Sources */,
				88C1839218DDCAAA0014495D /* AFHTTPRequestOperationManager.m in Sources */,
				88C1839318DDCAAA0014495D /* AFHTTPSessionManager.m in Sources */,
				88BCA3CE18DEEFC800654E64 /* AFNetworkActivityIndicatorManager.m in Sources */,
				88C1839818DDCAAA0014495D /* AFURLResponseSerialization.m in Sources */,
				88C1839718DDCAAA0014495D /* AFURLRequestSerialization.m in Sources */,
				88989F81194ED0E30016BD15 /* RR14NewsViewCell.m in Sources */,
				88BCA3D018DEEFC800654E64 /* UIAlertView+AFNetworking.m in Sources */,
				88B431A019473C4200589A83 /* NewsItem.m in Sources */,
				88BCA3D418DEEFC800654E64 /* UIRefreshControl+AFNetworking.m in Sources */,
				88BCA3D318DEEFC800654E64 /* UIProgressView+AFNetworking.m in Sources */,
				8820457B1946EAFE006D8DB8 /* RR14ArtistViewController.m in Sources */,
				48AD03AD158A493F00546602 /* UIView+XYWidthHeight.m in Sources */,
				882045801946EB6F006D8DB8 /* RR14ArtistsViewController.m in Sources */,
				88C1839518DDCAAA0014495D /* AFSecurityPolicy.m in Sources */,
				88EE0F4418DDC06300592E51 /* FestHTTPSessionManager.m in Sources */,
				48FFC5271784D065003F532F /* NSString+Additions.m in Sources */,
			);
			runOnlyForDeploymentPostprocessing = 0;
		};
		7449288C18F8595C00924012 /* Sources */ = {
			isa = PBXSourcesBuildPhase;
			buildActionMask = 2147483647;
			files = (
				7449289C18F8595D00924012 /* FestApp_Tests.m in Sources */,
			);
			runOnlyForDeploymentPostprocessing = 0;
		};
/* End PBXSourcesBuildPhase section */

/* Begin PBXTargetDependency section */
		7449289F18F8595D00924012 /* PBXTargetDependency */ = {
			isa = PBXTargetDependency;
			target = 1D6058900D05DD3D006BFB54 /* FestApp */;
			targetProxy = 7449289E18F8595D00924012 /* PBXContainerItemProxy */;
		};
		8894AE2518DDE71300991593 /* PBXTargetDependency */ = {
			isa = PBXTargetDependency;
			name = "ReactiveCocoa-iOS";
			targetProxy = 8894AE2418DDE71300991593 /* PBXContainerItemProxy */;
		};
/* End PBXTargetDependency section */

/* Begin PBXVariantGroup section */
		48AD03B3158A52F700546602 /* Localizable.strings */ = {
			isa = PBXVariantGroup;
			children = (
				48AD03B2158A52F700546602 /* en */,
				489769AC158A56C40075DD04 /* fi */,
			);
			name = Localizable.strings;
			path = Resources;
			sourceTree = "<group>";
		};
		7449289818F8595D00924012 /* InfoPlist.strings */ = {
			isa = PBXVariantGroup;
			children = (
				7449289918F8595D00924012 /* en */,
			);
			name = InfoPlist.strings;
			sourceTree = "<group>";
		};
/* End PBXVariantGroup section */

/* Begin XCBuildConfiguration section */
		1D6058940D05DD3E006BFB54 /* Debug */ = {
			isa = XCBuildConfiguration;
			buildSettings = {
				ALWAYS_SEARCH_USER_PATHS = NO;
				ASSETCATALOG_COMPILER_APPICON_NAME = AppIcon;
				ASSETCATALOG_COMPILER_LAUNCHIMAGE_NAME = LaunchImage;
				CLANG_ENABLE_OBJC_ARC = YES;
				CODE_SIGN_IDENTITY = "iPhone Developer";
				"CODE_SIGN_IDENTITY[sdk=iphoneos*]" = "iPhone Developer";
				COPY_PHASE_STRIP = NO;
				GCC_DYNAMIC_NO_PIC = NO;
				GCC_OPTIMIZATION_LEVEL = 0;
				GCC_PRECOMPILE_PREFIX_HEADER = YES;
				GCC_PREFIX_HEADER = FestApp_Prefix.pch;
				GCC_VERSION = com.apple.compilers.llvm.clang.1_0;
				HEADER_SEARCH_PATHS = (
					"$(inherited)",
					"\"$(BUILD_ROOT)/../IntermediateBuildFilesPath/UninstalledProducts/include\"",
					"$(inherited)",
				);
				INFOPLIST_FILE = "FestApp-Info.plist";
				IPHONEOS_DEPLOYMENT_TARGET = 7.1;
				OTHER_CFLAGS = (
					"-Wall",
					"-Wextra",
					"-Wno-unused-parameter",
					"-Wdeprecated-implementations",
					"-Wempty-body",
					"-Wfloat-equal",
					"-Wshadow",
					"-Wsign-compare",
					"-Wundef",
					"-Wreturn-type",
					"-Wnewline-eof",
					"-Wconversion",
					"-Wimplicit-retain-self",
				);
				OTHER_LDFLAGS = "-ObjC";
				PRODUCT_NAME = FestApp;
				"PROVISIONING_PROFILE[sdk=iphoneos*]" = "";
			};
			name = Debug;
		};
		1D6058950D05DD3E006BFB54 /* Release */ = {
			isa = XCBuildConfiguration;
			buildSettings = {
				ALWAYS_SEARCH_USER_PATHS = NO;
				ASSETCATALOG_COMPILER_APPICON_NAME = AppIcon;
				ASSETCATALOG_COMPILER_LAUNCHIMAGE_NAME = LaunchImage;
				CLANG_ENABLE_OBJC_ARC = YES;
				CODE_SIGN_IDENTITY = "iPhone Developer";
				"CODE_SIGN_IDENTITY[sdk=iphoneos*]" = "iPhone Distribution";
				COPY_PHASE_STRIP = YES;
				GCC_PRECOMPILE_PREFIX_HEADER = YES;
				GCC_PREFIX_HEADER = FestApp_Prefix.pch;
				GCC_PREPROCESSOR_DEFINITIONS = (
					"NS_BLOCK_ASSERTIONS=1",
					NDEBUG,
				);
				GCC_VERSION = com.apple.compilers.llvm.clang.1_0;
				HEADER_SEARCH_PATHS = (
					"$(inherited)",
					"\"$(BUILD_ROOT)/../IntermediateBuildFilesPath/UninstalledProducts/include\"",
					"$(inherited)",
				);
				INFOPLIST_FILE = "FestApp-Info.plist";
				IPHONEOS_DEPLOYMENT_TARGET = 7.1;
				OTHER_CFLAGS = (
					"-Wall",
					"-Wextra",
					"-Wno-unused-parameter",
					"-Wdeprecated-implementations",
					"-Wempty-body",
					"-Wfloat-equal",
					"-Wshadow",
					"-Wsign-compare",
					"-Wundef",
					"-Wreturn-type",
					"-Wnewline-eof",
					"-Wconversion",
					"-Wimplicit-retain-self",
				);
				OTHER_LDFLAGS = "-ObjC";
				PRODUCT_NAME = FestApp;
				"PROVISIONING_PROFILE[sdk=iphoneos*]" = "";
				VALIDATE_PRODUCT = YES;
			};
			name = Release;
		};
		744928A018F8595D00924012 /* Debug */ = {
			isa = XCBuildConfiguration;
			buildSettings = {
				ALWAYS_SEARCH_USER_PATHS = NO;
				BUNDLE_LOADER = "$(BUILT_PRODUCTS_DIR)/FestApp.app/FestApp";
				CLANG_CXX_LANGUAGE_STANDARD = "gnu++0x";
				CLANG_CXX_LIBRARY = "libc++";
				CLANG_ENABLE_MODULES = YES;
				CLANG_ENABLE_OBJC_ARC = YES;
				CLANG_WARN_BOOL_CONVERSION = YES;
				CLANG_WARN_CONSTANT_CONVERSION = YES;
				CLANG_WARN_DIRECT_OBJC_ISA_USAGE = YES_ERROR;
				CLANG_WARN_EMPTY_BODY = YES;
				CLANG_WARN_ENUM_CONVERSION = YES;
				CLANG_WARN_INT_CONVERSION = YES;
				CLANG_WARN_OBJC_ROOT_CLASS = YES_ERROR;
				CLANG_WARN__DUPLICATE_METHOD_MATCH = YES;
				COPY_PHASE_STRIP = NO;
				FRAMEWORK_SEARCH_PATHS = (
					"$(SDKROOT)/Developer/Library/Frameworks",
					"$(inherited)",
					"$(DEVELOPER_FRAMEWORKS_DIR)",
				);
				GCC_C_LANGUAGE_STANDARD = gnu99;
				GCC_DYNAMIC_NO_PIC = NO;
				GCC_OPTIMIZATION_LEVEL = 0;
				GCC_PRECOMPILE_PREFIX_HEADER = YES;
				GCC_PREFIX_HEADER = "FestApp Tests/FestApp Tests-Prefix.pch";
				GCC_PREPROCESSOR_DEFINITIONS = (
					"DEBUG=1",
					"$(inherited)",
				);
				GCC_SYMBOLS_PRIVATE_EXTERN = NO;
				GCC_WARN_64_TO_32_BIT_CONVERSION = YES;
				GCC_WARN_ABOUT_RETURN_TYPE = YES_ERROR;
				GCC_WARN_UNDECLARED_SELECTOR = YES;
				GCC_WARN_UNINITIALIZED_AUTOS = YES_AGGRESSIVE;
				GCC_WARN_UNUSED_FUNCTION = YES;
				INFOPLIST_FILE = "FestApp Tests/FestApp Tests-Info.plist";
				IPHONEOS_DEPLOYMENT_TARGET = 7.1;
				PRODUCT_NAME = "$(TARGET_NAME)";
				TEST_HOST = "$(BUNDLE_LOADER)";
				WRAPPER_EXTENSION = xctest;
			};
			name = Debug;
		};
		744928A118F8595D00924012 /* Release */ = {
			isa = XCBuildConfiguration;
			buildSettings = {
				ALWAYS_SEARCH_USER_PATHS = NO;
				BUNDLE_LOADER = "$(BUILT_PRODUCTS_DIR)/FestApp.app/FestApp";
				CLANG_CXX_LANGUAGE_STANDARD = "gnu++0x";
				CLANG_CXX_LIBRARY = "libc++";
				CLANG_ENABLE_MODULES = YES;
				CLANG_ENABLE_OBJC_ARC = YES;
				CLANG_WARN_BOOL_CONVERSION = YES;
				CLANG_WARN_CONSTANT_CONVERSION = YES;
				CLANG_WARN_DIRECT_OBJC_ISA_USAGE = YES_ERROR;
				CLANG_WARN_EMPTY_BODY = YES;
				CLANG_WARN_ENUM_CONVERSION = YES;
				CLANG_WARN_INT_CONVERSION = YES;
				CLANG_WARN_OBJC_ROOT_CLASS = YES_ERROR;
				CLANG_WARN__DUPLICATE_METHOD_MATCH = YES;
				COPY_PHASE_STRIP = YES;
				ENABLE_NS_ASSERTIONS = NO;
				FRAMEWORK_SEARCH_PATHS = (
					"$(SDKROOT)/Developer/Library/Frameworks",
					"$(inherited)",
					"$(DEVELOPER_FRAMEWORKS_DIR)",
				);
				GCC_C_LANGUAGE_STANDARD = gnu99;
				GCC_PRECOMPILE_PREFIX_HEADER = YES;
				GCC_PREFIX_HEADER = "FestApp Tests/FestApp Tests-Prefix.pch";
				GCC_WARN_64_TO_32_BIT_CONVERSION = YES;
				GCC_WARN_ABOUT_RETURN_TYPE = YES_ERROR;
				GCC_WARN_UNDECLARED_SELECTOR = YES;
				GCC_WARN_UNINITIALIZED_AUTOS = YES_AGGRESSIVE;
				GCC_WARN_UNUSED_FUNCTION = YES;
				INFOPLIST_FILE = "FestApp Tests/FestApp Tests-Info.plist";
				IPHONEOS_DEPLOYMENT_TARGET = 7.1;
				PRODUCT_NAME = "$(TARGET_NAME)";
				TEST_HOST = "$(BUNDLE_LOADER)";
				VALIDATE_PRODUCT = YES;
				WRAPPER_EXTENSION = xctest;
			};
			name = Release;
		};
		C01FCF4F08A954540054247B /* Debug */ = {
			isa = XCBuildConfiguration;
			buildSettings = {
				"CODE_SIGN_IDENTITY[sdk=iphoneos*]" = "iPhone Developer";
				GCC_C_LANGUAGE_STANDARD = c99;
				GCC_WARN_ABOUT_MISSING_PROTOTYPES = YES;
				GCC_WARN_ABOUT_RETURN_TYPE = YES;
				GCC_WARN_UNUSED_VARIABLE = YES;
				IPHONEOS_DEPLOYMENT_TARGET = 6.0;
				ONLY_ACTIVE_ARCH = YES;
				"PROVISIONING_PROFILE[sdk=iphoneos*]" = "";
				SDKROOT = iphoneos;
			};
			name = Debug;
		};
		C01FCF5008A954540054247B /* Release */ = {
			isa = XCBuildConfiguration;
			buildSettings = {
				"CODE_SIGN_IDENTITY[sdk=iphoneos*]" = "iPhone Distribution";
				GCC_C_LANGUAGE_STANDARD = c99;
				GCC_WARN_ABOUT_MISSING_PROTOTYPES = YES;
				GCC_WARN_ABOUT_RETURN_TYPE = YES;
				GCC_WARN_UNUSED_VARIABLE = YES;
				IPHONEOS_DEPLOYMENT_TARGET = 6.0;
				ONLY_ACTIVE_ARCH = NO;
				OTHER_CFLAGS = "-DNS_BLOCK_ASSERTIONS=1";
				"PROVISIONING_PROFILE[sdk=iphoneos*]" = "";
				SDKROOT = iphoneos;
			};
			name = Release;
		};
/* End XCBuildConfiguration section */

/* Begin XCConfigurationList section */
		1D6058960D05DD3E006BFB54 /* Build configuration list for PBXNativeTarget "FestApp" */ = {
			isa = XCConfigurationList;
			buildConfigurations = (
				1D6058940D05DD3E006BFB54 /* Debug */,
				1D6058950D05DD3E006BFB54 /* Release */,
			);
			defaultConfigurationIsVisible = 0;
			defaultConfigurationName = Release;
		};
		744928A818F8595D00924012 /* Build configuration list for PBXNativeTarget "FestApp Tests" */ = {
			isa = XCConfigurationList;
			buildConfigurations = (
				744928A018F8595D00924012 /* Debug */,
				744928A118F8595D00924012 /* Release */,
			);
			defaultConfigurationIsVisible = 0;
			defaultConfigurationName = Release;
		};
		C01FCF4E08A954540054247B /* Build configuration list for PBXProject "FestApp" */ = {
			isa = XCConfigurationList;
			buildConfigurations = (
				C01FCF4F08A954540054247B /* Debug */,
				C01FCF5008A954540054247B /* Release */,
			);
			defaultConfigurationIsVisible = 0;
			defaultConfigurationName = Release;
		};
/* End XCConfigurationList section */
	};
	rootObject = 29B97313FDCFA39411CA2CEA /* Project object */;
}
